PODS:
  - TwilioVoice (5.3.1)
  - ZendeskCoreSDK (2.4.1)
  - ZendeskTalkSDK (1.0.0):
    - TwilioVoice (~> 5.3.1)
    - ZendeskCoreSDK

DEPENDENCIES:
  - ZendeskTalkSDK

SPEC REPOS:
  trunk:
    - TwilioVoice
    - ZendeskCoreSDK
    - ZendeskTalkSDK

SPEC CHECKSUMS:
  TwilioVoice: 524743a779dfbd4b93ebd15cb0aba9fe678a2beb
  ZendeskCoreSDK: 2dc9457ae01d024ca02f60f6134ad1ad90136c29
  ZendeskTalkSDK: 712b89378b158aa547def051040982f67a75f54a

PODFILE CHECKSUM: 114913382b356964728f7167aedd36e7fa74c6c2

COCOAPODS: 1.10.0
