{
  "object": {
    "pins": [
      {
        "package": "ZendeskChatProvidersSDK",
        "repositoryURL": "https://github.com/zendesk/chat_providers_sdk_ios",
        "state": {
          "branch": null,
          "revision": "eb3b54f087d0f21bb7a80f98a4e4680e490c6abf",
          "version": "2.11.1"
        }
      },
      {
        "package": "ZendeskChatSDK",
        "repositoryURL": "https://github.com/zendesk/chat_sdk_ios",
        "state": {
          "branch": null,
          "revision": "92ca0c74e4004b7513cfdad31e3700a0ea7d8f2e",
          "version": "2.11.1"
        }
      },
      {
        "package": "ZendeskCommonUISDK",
        "repositoryURL": "https://github.com/zendesk/commonui_sdk_ios",
        "state": {
          "branch": null,
          "revision": "6a27a10d89379ab120c38758013079518c4b3002",
          "version": "6.1.1"
        }
      },
      {
        "package": "ZendeskCoreSDK",
        "repositoryURL": "https://github.com/zendesk/core_sdk_ios",
        "state": {
          "branch": null,
          "revision": "12b2bbb9c45250d5a2f1aa7f49663f4f9510f5cd",
          "version": "2.5.1"
        }
      },
      {
        "package": "ZendeskMessagingSDK",
        "repositoryURL": "https://github.com/zendesk/messaging_sdk_ios",
        "state": {
          "branch": null,
          "revision": "305f4a3991b355f87e70497616833d0e71f90298",
          "version": "3.8.2"
        }
      },
      {
        "package": "ZendeskMessagingAPISDK",
        "repositoryURL": "https://github.com/zendesk/messagingapi_sdk_ios",
        "state": {
          "branch": null,
          "revision": "97a131367258192800e5b45cc13412224b84d9e8",
          "version": "3.8.2"
        }
      },
      {
        "package": "ZendeskSDKConfigurationsSDK",
        "repositoryURL": "https://github.com/zendesk/sdkconfigurations_sdk_ios",
        "state": {
          "branch": null,
          "revision": "7649c83108cad094cf9cbb68f25f6e8270177099",
          "version": "1.1.8"
        }
      },
      {
        "package": "ZendeskSupportProvidersSDK",
        "repositoryURL": "https://github.com/zendesk/support_providers_sdk_ios",
        "state": {
          "branch": null,
          "revision": "ca790346575ae7953fdfec6437e018ffe9aaf93e",
          "version": "5.3.0"
        }
      },
      {
        "package": "ZendeskSupportSDK",
        "repositoryURL": "https://github.com/zendesk/support_sdk_ios",
        "state": {
          "branch": null,
          "revision": "6e62695a07dc7ebd7f119d028f3145536a91bf1d",
          "version": "5.3.0"
        }
      }
    ]
  },
  "version": 1
}
