{
  "pins" : [
    {
      "identity" : "chat_providers_sdk_ios",
      "kind" : "remoteSourceControl",
      "location" : "https://github.com/zendesk/chat_providers_sdk_ios",
      "state" : {
        "revision" : "06f608888c6f6feef976438d6bdd8b5acafe80e0",
        "version" : "2.11.3"
      }
    },
    {
      "identity" : "chat_sdk_ios",
      "kind" : "remoteSourceControl",
      "location" : "https://github.com/zendesk/chat_sdk_ios",
      "state" : {
        "revision" : "b9a8b034a9168bf5d2b563f6de16fd9f01056114",
        "version" : "2.11.3"
      }
    },
    {
      "identity" : "commonui_sdk_ios",
      "kind" : "remoteSourceControl",
      "location" : "https://github.com/zendesk/commonui_sdk_ios",
      "state" : {
        "revision" : "c7b1eaae04ad234daa72b1235393a23975e4caea",
        "version" : "6.1.3"
      }
    },
    {
      "identity" : "core_sdk_ios",
      "kind" : "remoteSourceControl",
      "location" : "https://github.com/zendesk/core_sdk_ios",
      "state" : {
        "revision" : "6add05d17a9cbba32b69863c1df9c3a2149fa138",
        "version" : "2.6.0"
      }
    },
    {
      "identity" : "messaging_sdk_ios",
      "kind" : "remoteSourceControl",
      "location" : "https://github.com/zendesk/messaging_sdk_ios",
      "state" : {
        "revision" : "a4d855a1b8f4460130d605cfb560f5641727cc88",
        "version" : "3.8.4"
      }
    },
    {
      "identity" : "messagingapi_sdk_ios",
      "kind" : "remoteSourceControl",
      "location" : "https://github.com/zendesk/messagingapi_sdk_ios",
      "state" : {
        "revision" : "4027e34322954f5ef6b1cca90c346475fd251bbd",
        "version" : "3.8.4"
      }
    },
    {
      "identity" : "sdkconfigurations_sdk_ios",
      "kind" : "remoteSourceControl",
      "location" : "https://github.com/zendesk/sdkconfigurations_sdk_ios",
      "state" : {
        "revision" : "9e4768ef3093bd61cbc0b64d75dcdcc92414e1f0",
        "version" : "1.1.10"
      }
    },
    {
      "identity" : "support_providers_sdk_ios",
      "kind" : "remoteSourceControl",
      "location" : "https://github.com/zendesk/support_providers_sdk_ios",
      "state" : {
        "revision" : "77a29ef9b3a2d5f904a2000c43c82f6cef1a0de3",
        "version" : "5.4.1"
      }
    },
    {
      "identity" : "support_sdk_ios",
      "kind" : "remoteSourceControl",
      "location" : "https://github.com/zendesk/support_sdk_ios",
      "state" : {
        "revision" : "58927444e9f30bfdf3a7754d06d64b6631bfe41b",
        "version" : "5.4.1"
      }
    }
  ],
  "version" : 2
}
