// !$*UTF8*$!
{
	archiveVersion = 1;
	classes = {
	};
	objectVersion = 50;
	objects = {

/* Begin PBXBuildFile section */
		21A39998219F2A7E001116B8 /* AppDelegate.swift in Sources */ = {isa = PBXBuildFile; fileRef = 21A39997219F2A7E001116B8 /* AppDelegate.swift */; };
		21A3999A219F2A7E001116B8 /* ViewController.swift in Sources */ = {isa = PBXBuildFile; fileRef = 21A39999219F2A7E001116B8 /* ViewController.swift */; };
		21A3999D219F2A7E001116B8 /* Main.storyboard in Resources */ = {isa = PBXBuildFile; fileRef = 21A3999B219F2A7E001116B8 /* Main.storyboard */; };
		21A3999F219F2A7F001116B8 /* Assets.xcassets in Resources */ = {isa = PBXBuildFile; fileRef = 21A3999E219F2A7F001116B8 /* Assets.xcassets */; };
		21A399A2219F2A7F001116B8 /* LaunchScreen.storyboard in Resources */ = {isa = PBXBuildFile; fileRef = 21A399A0219F2A7F001116B8 /* LaunchScreen.storyboard */; };
		21A399AF219F2B78001116B8 /* ZendeskProviderSDK.framework in Frameworks */ = {isa = PBXBuildFile; fileRef = 21A399AB219F2B76001116B8 /* ZendeskProviderSDK.framework */; };
		21A399B0219F2B78001116B8 /* ZendeskSDKStrings.bundle in Resources */ = {isa = PBXBuildFile; fileRef = 21A399AC219F2B76001116B8 /* ZendeskSDKStrings.bundle */; };
		21A399B1219F2B78001116B8 /* ZendeskCoreSDK.framework in Frameworks */ = {isa = PBXBuildFile; fileRef = 21A399AD219F2B77001116B8 /* ZendeskCoreSDK.framework */; };
		21A399B2219F2B78001116B8 /* ZendeskSDK.framework in Frameworks */ = {isa = PBXBuildFile; fileRef = 21A399AE219F2B78001116B8 /* ZendeskSDK.framework */; };
		21A399B4219F2BBE001116B8 /* ZendeskCoreSDK.framework in Embed Frameworks */ = {isa = PBXBuildFile; fileRef = 21A399AD219F2B77001116B8 /* ZendeskCoreSDK.framework */; settings = {ATTRIBUTES = (CodeSignOnCopy, RemoveHeadersOnCopy, ); }; };
		21A399B5219F2BBE001116B8 /* ZendeskProviderSDK.framework in Embed Frameworks */ = {isa = PBXBuildFile; fileRef = 21A399AB219F2B76001116B8 /* ZendeskProviderSDK.framework */; settings = {ATTRIBUTES = (CodeSignOnCopy, RemoveHeadersOnCopy, ); }; };
		21A399B6219F2BBE001116B8 /* ZendeskSDK.framework in Embed Frameworks */ = {isa = PBXBuildFile; fileRef = 21A399AE219F2B78001116B8 /* ZendeskSDK.framework */; settings = {ATTRIBUTES = (CodeSignOnCopy, RemoveHeadersOnCopy, ); }; };
/* End PBXBuildFile section */

/* Begin PBXCopyFilesBuildPhase section */
		21A399B3219F2BB6001116B8 /* Embed Frameworks */ = {
			isa = PBXCopyFilesBuildPhase;
			buildActionMask = 2147483647;
			dstPath = "";
			dstSubfolderSpec = 10;
			files = (
				21A399B4219F2BBE001116B8 /* ZendeskCoreSDK.framework in Embed Frameworks */,
				21A399B5219F2BBE001116B8 /* ZendeskProviderSDK.framework in Embed Frameworks */,
				21A399B6219F2BBE001116B8 /* ZendeskSDK.framework in Embed Frameworks */,
			);
			name = "Embed Frameworks";
			runOnlyForDeploymentPostprocessing = 0;
		};
/* End PBXCopyFilesBuildPhase section */

/* Begin PBXFileReference section */
		21A39994219F2A7E001116B8 /* Sample.app */ = {isa = PBXFileReference; explicitFileType = wrapper.application; includeInIndex = 0; path = Sample.app; sourceTree = BUILT_PRODUCTS_DIR; };
		21A39997219F2A7E001116B8 /* AppDelegate.swift */ = {isa = PBXFileReference; lastKnownFileType = sourcecode.swift; path = AppDelegate.swift; sourceTree = "<group>"; };
		21A39999219F2A7E001116B8 /* ViewController.swift */ = {isa = PBXFileReference; lastKnownFileType = sourcecode.swift; path = ViewController.swift; sourceTree = "<group>"; };
		21A3999C219F2A7E001116B8 /* Base */ = {isa = PBXFileReference; lastKnownFileType = file.storyboard; name = Base; path = Base.lproj/Main.storyboard; sourceTree = "<group>"; };
		21A3999E219F2A7F001116B8 /* Assets.xcassets */ = {isa = PBXFileReference; lastKnownFileType = folder.assetcatalog; path = Assets.xcassets; sourceTree = "<group>"; };
		21A399A1219F2A7F001116B8 /* Base */ = {isa = PBXFileReference; lastKnownFileType = file.storyboard; name = Base; path = Base.lproj/LaunchScreen.storyboard; sourceTree = "<group>"; };
		21A399A3219F2A7F001116B8 /* Info.plist */ = {isa = PBXFileReference; lastKnownFileType = text.plist.xml; path = Info.plist; sourceTree = "<group>"; };
		21A399AB219F2B76001116B8 /* ZendeskProviderSDK.framework */ = {isa = PBXFileReference; lastKnownFileType = wrapper.framework; path = ZendeskProviderSDK.framework; sourceTree = "<group>"; };
		21A399AC219F2B76001116B8 /* ZendeskSDKStrings.bundle */ = {isa = PBXFileReference; lastKnownFileType = "wrapper.plug-in"; path = ZendeskSDKStrings.bundle; sourceTree = "<group>"; };
		21A399AD219F2B77001116B8 /* ZendeskCoreSDK.framework */ = {isa = PBXFileReference; lastKnownFileType = wrapper.framework; path = ZendeskCoreSDK.framework; sourceTree = "<group>"; };
		21A399AE219F2B78001116B8 /* ZendeskSDK.framework */ = {isa = PBXFileReference; lastKnownFileType = wrapper.framework; path = ZendeskSDK.framework; sourceTree = "<group>"; };
/* End PBXFileReference section */

/* Begin PBXFrameworksBuildPhase section */
		21A39991219F2A7E001116B8 /* Frameworks */ = {
			isa = PBXFrameworksBuildPhase;
			buildActionMask = 2147483647;
			files = (
				21A399B2219F2B78001116B8 /* ZendeskSDK.framework in Frameworks */,
				21A399AF219F2B78001116B8 /* ZendeskProviderSDK.framework in Frameworks */,
				21A399B1219F2B78001116B8 /* ZendeskCoreSDK.framework in Frameworks */,
			);
			runOnlyForDeploymentPostprocessing = 0;
		};
/* End PBXFrameworksBuildPhase section */

/* Begin PBXGroup section */
		21A3998B219F2A7E001116B8 = {
			isa = PBXGroup;
			children = (
				21A39996219F2A7E001116B8 /* Sample */,
				21A39995219F2A7E001116B8 /* Products */,
				21A399AA219F2B64001116B8 /* Frameworks */,
			);
			sourceTree = "<group>";
		};
		21A39995219F2A7E001116B8 /* Products */ = {
			isa = PBXGroup;
			children = (
				21A39994219F2A7E001116B8 /* Sample.app */,
			);
			name = Products;
			sourceTree = "<group>";
		};
		21A39996219F2A7E001116B8 /* Sample */ = {
			isa = PBXGroup;
			children = (
				21A39997219F2A7E001116B8 /* AppDelegate.swift */,
				21A39999219F2A7E001116B8 /* ViewController.swift */,
				21A3999B219F2A7E001116B8 /* Main.storyboard */,
				21A3999E219F2A7F001116B8 /* Assets.xcassets */,
				21A399A0219F2A7F001116B8 /* LaunchScreen.storyboard */,
				21A399A3219F2A7F001116B8 /* Info.plist */,
			);
			path = Sample;
			sourceTree = "<group>";
		};
		21A399AA219F2B64001116B8 /* Frameworks */ = {
			isa = PBXGroup;
			children = (
				21A399AD219F2B77001116B8 /* ZendeskCoreSDK.framework */,
				21A399AB219F2B76001116B8 /* ZendeskProviderSDK.framework */,
				21A399AE219F2B78001116B8 /* ZendeskSDK.framework */,
				21A399AC219F2B76001116B8 /* ZendeskSDKStrings.bundle */,
			);
			path = Frameworks;
			sourceTree = "<group>";
		};
/* End PBXGroup section */

/* Begin PBXNativeTarget section */
		21A39993219F2A7E001116B8 /* Sample */ = {
			isa = PBXNativeTarget;
			buildConfigurationList = 21A399A6219F2A7F001116B8 /* Build configuration list for PBXNativeTarget "Sample" */;
			buildPhases = (
				21A39990219F2A7E001116B8 /* Sources */,
				21A39991219F2A7E001116B8 /* Frameworks */,
				21A39992219F2A7E001116B8 /* Resources */,
				21A399B3219F2BB6001116B8 /* Embed Frameworks */,
				21A399B8219F2CB0001116B8 /* Strip slices from fat frameworks */,
			);
			buildRules = (
			);
			dependencies = (
			);
			name = Sample;
			productName = Sample;
			productReference = 21A39994219F2A7E001116B8 /* Sample.app */;
			productType = "com.apple.product-type.application";
		};
/* End PBXNativeTarget section */

/* Begin PBXProject section */
		21A3998C219F2A7E001116B8 /* Project object */ = {
			isa = PBXProject;
			attributes = {
				LastSwiftUpdateCheck = 1010;
				LastUpgradeCheck = 1010;
				ORGANIZATIONNAME = "Boris Bielik";
				TargetAttributes = {
					21A39993219F2A7E001116B8 = {
						CreatedOnToolsVersion = 10.1;
					};
				};
			};
			buildConfigurationList = 21A3998F219F2A7E001116B8 /* Build configuration list for PBXProject "Sample" */;
			compatibilityVersion = "Xcode 9.3";
			developmentRegion = en;
			hasScannedForEncodings = 0;
			knownRegions = (
				en,
				Base,
			);
			mainGroup = 21A3998B219F2A7E001116B8;
			productRefGroup = 21A39995219F2A7E001116B8 /* Products */;
			projectDirPath = "";
			projectRoot = "";
			targets = (
				21A39993219F2A7E001116B8 /* Sample */,
			);
		};
/* End PBXProject section */

/* Begin PBXResourcesBuildPhase section */
		21A39992219F2A7E001116B8 /* Resources */ = {
			isa = PBXResourcesBuildPhase;
			buildActionMask = 2147483647;
			files = (
				21A399B0219F2B78001116B8 /* ZendeskSDKStrings.bundle in Resources */,
				21A399A2219F2A7F001116B8 /* LaunchScreen.storyboard in Resources */,
				21A3999F219F2A7F001116B8 /* Assets.xcassets in Resources */,
				21A3999D219F2A7E001116B8 /* Main.storyboard in Resources */,
			);
			runOnlyForDeploymentPostprocessing = 0;
		};
/* End PBXResourcesBuildPhase section */

/* Begin PBXShellScriptBuildPhase section */
		21A399B8219F2CB0001116B8 /* Strip slices from fat frameworks */ = {
			isa = PBXShellScriptBuildPhase;
			buildActionMask = 2147483647;
			files = (
			);
			inputFileListPaths = (
			);
			inputPaths = (
			);
			name = "Strip slices from fat frameworks";
			outputFileListPaths = (
			);
			outputPaths = (
			);
			runOnlyForDeploymentPostprocessing = 0;
			shellPath = /bin/sh;
			shellScript = "# Type a script or drag a script file from your workspace to insert its path.\nbash \"${BUILT_PRODUCTS_DIR}/${FRAMEWORKS_FOLDER_PATH}/ZendeskCoreSDK.framework/strip-frameworks.sh\"\n";
		};
/* End PBXShellScriptBuildPhase section */

/* Begin PBXSourcesBuildPhase section */
		21A39990219F2A7E001116B8 /* Sources */ = {
			isa = PBXSourcesBuildPhase;
			buildActionMask = 2147483647;
			files = (
				21A3999A219F2A7E001116B8 /* ViewController.swift in Sources */,
				21A39998219F2A7E001116B8 /* AppDelegate.swift in Sources */,
			);
			runOnlyForDeploymentPostprocessing = 0;
		};
/* End PBXSourcesBuildPhase section */

/* Begin PBXVariantGroup section */
		21A3999B219F2A7E001116B8 /* Main.storyboard */ = {
			isa = PBXVariantGroup;
			children = (
				21A3999C219F2A7E001116B8 /* Base */,
			);
			name = Main.storyboard;
			sourceTree = "<group>";
		};
		21A399A0219F2A7F001116B8 /* LaunchScreen.storyboard */ = {
			isa = PBXVariantGroup;
			children = (
				21A399A1219F2A7F001116B8 /* Base */,
			);
			name = LaunchScreen.storyboard;
			sourceTree = "<group>";
		};
/* End PBXVariantGroup section */

/* Begin XCBuildConfiguration section */
		21A399A4219F2A7F001116B8 /* Debug */ = {
			isa = XCBuildConfiguration;
			buildSettings = {
				ALWAYS_SEARCH_USER_PATHS = NO;
				CLANG_ANALYZER_NONNULL = YES;
				CLANG_ANALYZER_NUMBER_OBJECT_CONVERSION = YES_AGGRESSIVE;
				CLANG_CXX_LANGUAGE_STANDARD = "gnu++14";
				CLANG_CXX_LIBRARY = "libc++";
				CLANG_ENABLE_MODULES = YES;
				CLANG_ENABLE_OBJC_ARC = YES;
				CLANG_ENABLE_OBJC_WEAK = YES;
				CLANG_WARN_BLOCK_CAPTURE_AUTORELEASING = YES;
				CLANG_WARN_BOOL_CONVERSION = YES;
				CLANG_WARN_COMMA = YES;
				CLANG_WARN_CONSTANT_CONVERSION = YES;
				CLANG_WARN_DEPRECATED_OBJC_IMPLEMENTATIONS = YES;
				CLANG_WARN_DIRECT_OBJC_ISA_USAGE = YES_ERROR;
				CLANG_WARN_DOCUMENTATION_COMMENTS = YES;
				CLANG_WARN_EMPTY_BODY = YES;
				CLANG_WARN_ENUM_CONVERSION = YES;
				CLANG_WARN_INFINITE_RECURSION = YES;
				CLANG_WARN_INT_CONVERSION = YES;
				CLANG_WARN_NON_LITERAL_NULL_CONVERSION = YES;
				CLANG_WARN_OBJC_IMPLICIT_RETAIN_SELF = YES;
				CLANG_WARN_OBJC_LITERAL_CONVERSION = YES;
				CLANG_WARN_OBJC_ROOT_CLASS = YES_ERROR;
				CLANG_WARN_RANGE_LOOP_ANALYSIS = YES;
				CLANG_WARN_STRICT_PROTOTYPES = YES;
				CLANG_WARN_SUSPICIOUS_MOVE = YES;
				CLANG_WARN_UNGUARDED_AVAILABILITY = YES_AGGRESSIVE;
				CLANG_WARN_UNREACHABLE_CODE = YES;
				CLANG_WARN__DUPLICATE_METHOD_MATCH = YES;
				CODE_SIGN_IDENTITY = "iPhone Developer";
				COPY_PHASE_STRIP = NO;
				DEBUG_INFORMATION_FORMAT = dwarf;
				ENABLE_STRICT_OBJC_MSGSEND = YES;
				ENABLE_TESTABILITY = YES;
				GCC_C_LANGUAGE_STANDARD = gnu11;
				GCC_DYNAMIC_NO_PIC = NO;
				GCC_NO_COMMON_BLOCKS = YES;
				GCC_OPTIMIZATION_LEVEL = 0;
				GCC_PREPROCESSOR_DEFINITIONS = (
					"DEBUG=1",
					"$(inherited)",
				);
				GCC_WARN_64_TO_32_BIT_CONVERSION = YES;
				GCC_WARN_ABOUT_RETURN_TYPE = YES_ERROR;
				GCC_WARN_UNDECLARED_SELECTOR = YES;
				GCC_WARN_UNINITIALIZED_AUTOS = YES_AGGRESSIVE;
				GCC_WARN_UNUSED_FUNCTION = YES;
				GCC_WARN_UNUSED_VARIABLE = YES;
				IPHONEOS_DEPLOYMENT_TARGET = 12.1;
				MTL_ENABLE_DEBUG_INFO = INCLUDE_SOURCE;
				MTL_FAST_MATH = YES;
				ONLY_ACTIVE_ARCH = YES;
				SDKROOT = iphoneos;
				SWIFT_ACTIVE_COMPILATION_CONDITIONS = DEBUG;
				SWIFT_OPTIMIZATION_LEVEL = "-Onone";
			};
			name = Debug;
		};
		21A399A5219F2A7F001116B8 /* Release */ = {
			isa = XCBuildConfiguration;
			buildSettings = {
				ALWAYS_SEARCH_USER_PATHS = NO;
				CLANG_ANALYZER_NONNULL = YES;
				CLANG_ANALYZER_NUMBER_OBJECT_CONVERSION = YES_AGGRESSIVE;
				CLANG_CXX_LANGUAGE_STANDARD = "gnu++14";
				CLANG_CXX_LIBRARY = "libc++";
				CLANG_ENABLE_MODULES = YES;
				CLANG_ENABLE_OBJC_ARC = YES;
				CLANG_ENABLE_OBJC_WEAK = YES;
				CLANG_WARN_BLOCK_CAPTURE_AUTORELEASING = YES;
				CLANG_WARN_BOOL_CONVERSION = YES;
				CLANG_WARN_COMMA = YES;
				CLANG_WARN_CONSTANT_CONVERSION = YES;
				CLANG_WARN_DEPRECATED_OBJC_IMPLEMENTATIONS = YES;
				CLANG_WARN_DIRECT_OBJC_ISA_USAGE = YES_ERROR;
				CLANG_WARN_DOCUMENTATION_COMMENTS = YES;
				CLANG_WARN_EMPTY_BODY = YES;
				CLANG_WARN_ENUM_CONVERSION = YES;
				CLANG_WARN_INFINITE_RECURSION = YES;
				CLANG_WARN_INT_CONVERSION = YES;
				CLANG_WARN_NON_LITERAL_NULL_CONVERSION = YES;
				CLANG_WARN_OBJC_IMPLICIT_RETAIN_SELF = YES;
				CLANG_WARN_OBJC_LITERAL_CONVERSION = YES;
				CLANG_WARN_OBJC_ROOT_CLASS = YES_ERROR;
				CLANG_WARN_RANGE_LOOP_ANALYSIS = YES;
				CLANG_WARN_STRICT_PROTOTYPES = YES;
				CLANG_WARN_SUSPICIOUS_MOVE = YES;
				CLANG_WARN_UNGUARDED_AVAILABILITY = YES_AGGRESSIVE;
				CLANG_WARN_UNREACHABLE_CODE = YES;
				CLANG_WARN__DUPLICATE_METHOD_MATCH = YES;
				CODE_SIGN_IDENTITY = "iPhone Developer";
				COPY_PHASE_STRIP = NO;
				DEBUG_INFORMATION_FORMAT = "dwarf-with-dsym";
				ENABLE_NS_ASSERTIONS = NO;
				ENABLE_STRICT_OBJC_MSGSEND = YES;
				GCC_C_LANGUAGE_STANDARD = gnu11;
				GCC_NO_COMMON_BLOCKS = YES;
				GCC_WARN_64_TO_32_BIT_CONVERSION = YES;
				GCC_WARN_ABOUT_RETURN_TYPE = YES_ERROR;
				GCC_WARN_UNDECLARED_SELECTOR = YES;
				GCC_WARN_UNINITIALIZED_AUTOS = YES_AGGRESSIVE;
				GCC_WARN_UNUSED_FUNCTION = YES;
				GCC_WARN_UNUSED_VARIABLE = YES;
				IPHONEOS_DEPLOYMENT_TARGET = 12.1;
				MTL_ENABLE_DEBUG_INFO = NO;
				MTL_FAST_MATH = YES;
				SDKROOT = iphoneos;
				SWIFT_COMPILATION_MODE = wholemodule;
				SWIFT_OPTIMIZATION_LEVEL = "-O";
				VALIDATE_PRODUCT = YES;
			};
			name = Release;
		};
		21A399A7219F2A7F001116B8 /* Debug */ = {
			isa = XCBuildConfiguration;
			buildSettings = {
				ASSETCATALOG_COMPILER_APPICON_NAME = AppIcon;
				CODE_SIGN_STYLE = Automatic;
				DEVELOPMENT_TEAM = "";
				FRAMEWORK_SEARCH_PATHS = (
					"$(inherited)",
					"$(PROJECT_DIR)/Frameworks",
				);
				INFOPLIST_FILE = Sample/Info.plist;
				IPHONEOS_DEPLOYMENT_TARGET = 9.0;
				LD_RUNPATH_SEARCH_PATHS = (
					"$(inherited)",
					"@executable_path/Frameworks",
				);
				PRODUCT_BUNDLE_IDENTIFIER = com.zendesk.sampleManualApp;
				PRODUCT_NAME = "$(TARGET_NAME)";
				SWIFT_VERSION = 4.2;
				TARGETED_DEVICE_FAMILY = "1,2";
			};
			name = Debug;
		};
		21A399A8219F2A7F001116B8 /* Release */ = {
			isa = XCBuildConfiguration;
			buildSettings = {
				ASSETCATALOG_COMPILER_APPICON_NAME = AppIcon;
				CODE_SIGN_STYLE = Automatic;
				DEVELOPMENT_TEAM = "";
				FRAMEWORK_SEARCH_PATHS = (
					"$(inherited)",
					"$(PROJECT_DIR)/Frameworks",
				);
				INFOPLIST_FILE = Sample/Info.plist;
				IPHONEOS_DEPLOYMENT_TARGET = 9.0;
				LD_RUNPATH_SEARCH_PATHS = (
					"$(inherited)",
					"@executable_path/Frameworks",
				);
				PRODUCT_BUNDLE_IDENTIFIER = com.zendesk.sampleManualApp;
				PRODUCT_NAME = "$(TARGET_NAME)";
				SWIFT_VERSION = 4.2;
				TARGETED_DEVICE_FAMILY = "1,2";
			};
			name = Release;
		};
/* End XCBuildConfiguration section */

/* Begin XCConfigurationList section */
		21A3998F219F2A7E001116B8 /* Build configuration list for PBXProject "Sample" */ = {
			isa = XCConfigurationList;
			buildConfigurations = (
				21A399A4219F2A7F001116B8 /* Debug */,
				21A399A5219F2A7F001116B8 /* Release */,
			);
			defaultConfigurationIsVisible = 0;
			defaultConfigurationName = Release;
		};
		21A399A6219F2A7F001116B8 /* Build configuration list for PBXNativeTarget "Sample" */ = {
			isa = XCConfigurationList;
			buildConfigurations = (
				21A399A7219F2A7F001116B8 /* Debug */,
				21A399A8219F2A7F001116B8 /* Release */,
			);
			defaultConfigurationIsVisible = 0;
			defaultConfigurationName = Release;
		};
/* End XCConfigurationList section */
	};
	rootObject = 21A3998C219F2A7E001116B8 /* Project object */;
}
