{
  "pins" : [
    {
      "identity" : "answer_bot_providers_sdk_ios",
      "kind" : "remoteSourceControl",
      "location" : "https://github.com/zendesk/answer_bot_providers_sdk_ios",
      "state" : {
        "revision" : "8800c9759c1a68bb91352117bd988c551738b1f6",
        "version" : "3.0.0"
      }
    },
    {
      "identity" : "answer_bot_sdk_ios",
      "kind" : "remoteSourceControl",
      "location" : "https://github.com/zendesk/answer_bot_sdk_ios",
      "state" : {
        "revision" : "2ef0c4befa04fcd2e9dcf7012d1c9e9ff19b5ec0",
        "version" : "3.0.0"
      }
    },
    {
      "identity" : "commonui_sdk_ios",
      "kind" : "remoteSourceControl",
      "location" : "https://github.com/zendesk/commonui_sdk_ios",
      "state" : {
        "revision" : "d6d40302c628bde17251c24553f18b5b47551b6b",
        "version" : "7.0.0"
      }
    },
    {
      "identity" : "core_sdk_ios",
      "kind" : "remoteSourceControl",
      "location" : "https://github.com/zendesk/core_sdk_ios",
      "state" : {
        "revision" : "c4c402fda96e3c21b47c7df34b0bd4e2d0489681",
        "version" : "3.0.0"
      }
    },
    {
      "identity" : "messaging_sdk_ios",
      "kind" : "remoteSourceControl",
      "location" : "https://github.com/zendesk/messaging_sdk_ios",
      "state" : {
        "revision" : "97678c795166b6bf8879ed51e3054ffaa033c883",
        "version" : "4.0.0"
      }
    },
    {
      "identity" : "messagingapi_sdk_ios",
      "kind" : "remoteSourceControl",
      "location" : "https://github.com/zendesk/messagingapi_sdk_ios",
      "state" : {
        "revision" : "503f60e2bfd8bca2b39eb515ef0ac3607bdc4d1d",
        "version" : "4.0.0"
      }
    },
    {
      "identity" : "sdkconfigurations_sdk_ios",
      "kind" : "remoteSourceControl",
      "location" : "https://github.com/zendesk/sdkconfigurations_sdk_ios",
      "state" : {
        "revision" : "a99da4df16e09b89ca6c4b576ca139a7d04efcf5",
        "version" : "2.0.0"
      }
    },
    {
      "identity" : "support_providers_sdk_ios",
      "kind" : "remoteSourceControl",
      "location" : "https://github.com/zendesk/support_providers_sdk_ios",
      "state" : {
        "revision" : "cdcf4704834a6daae4f61b4130cc369bbf10c7bf",
        "version" : "6.0.0"
      }
    },
    {
      "identity" : "support_sdk_ios",
      "kind" : "remoteSourceControl",
      "location" : "https://github.com/zendesk/support_sdk_ios",
      "state" : {
        "revision" : "208ee3a9dc3f94185fb4842a987c7085346b28a0",
        "version" : "6.0.0"
      }
    }
  ],
  "version" : 2
}
