{
  "object": {
    "pins": [
      {
        "package": "ZendeskAnswerBotProvidersSDK",
        "repositoryURL": "https://github.com/zendesk/answer_bot_providers_sdk_ios",
        "state": {
          "branch": null,
          "revision": "c7ea7c67fd88e7b0106d72212825eb366b33d03d",
          "version": "2.1.2"
        }
      },
      {
        "package": "ZendeskAnswerBotSDK",
        "repositoryURL": "https://github.com/zendesk/answer_bot_sdk_ios",
        "state": {
          "branch": null,
          "revision": "7cb94523976884a3fae8be27fe7407d8ccaaa828",
          "version": "2.1.2"
        }
      },
      {
        "package": "ZendeskCommonUISDK",
        "repositoryURL": "https://github.com/zendesk/commonui_sdk_ios",
        "state": {
          "branch": null,
          "revision": "75eb83a6dc426be706c0b86c1e7c343d4003ebc6",
          "version": "6.1.0"
        }
      },
      {
        "package": "ZendeskCoreSDK",
        "repositoryURL": "https://github.com/zendesk/core_sdk_ios",
        "state": {
          "branch": null,
          "revision": "def1b009c68fba5885f986e33ad7b22171b27004",
          "version": "2.5.0"
        }
      },
      {
        "package": "ZendeskMessagingSDK",
        "repositoryURL": "https://github.com/zendesk/messaging_sdk_ios",
        "state": {
          "branch": null,
          "revision": "31a3d560aa5039999ac8afc701de6ce9f2fed9f0",
          "version": "3.8.1"
        }
      },
      {
        "package": "ZendeskMessagingAPISDK",
        "repositoryURL": "https://github.com/zendesk/messagingapi_sdk_ios",
        "state": {
          "branch": null,
          "revision": "f22327a8bbc0fcc05c858d08e3e7878748b02abf",
          "version": "3.8.1"
        }
      },
      {
        "package": "ZendeskSDKConfigurationsSDK",
        "repositoryURL": "https://github.com/zendesk/sdkconfigurations_sdk_ios",
        "state": {
          "branch": null,
          "revision": "92d4dcec7db6ead6c79699b59fd8b8e3821bdbe8",
          "version": "1.1.7"
        }
      },
      {
        "package": "ZendeskSupportProvidersSDK",
        "repositoryURL": "https://github.com/zendesk/support_providers_sdk_ios",
        "state": {
          "branch": null,
          "revision": "1762311da3c8682a446b3aaef4e7b97f50db0882",
          "version": "5.2.0"
        }
      }
    ]
  },
  "version": 1
}
