// !$*UTF8*$!
{
	archiveVersion = 1;
	classes = {
	};
	objectVersion = 52;
	objects = {

/* Begin PBXBuildFile section */
		BCCD3D412655145C00413382 /* AppDelegate.swift in Sources */ = {isa = PBXBuildFile; fileRef = BCCD3D402655145C00413382 /* AppDelegate.swift */; };
		BCCD3D432655145C00413382 /* SceneDelegate.swift in Sources */ = {isa = PBXBuildFile; fileRef = BCCD3D422655145C00413382 /* SceneDelegate.swift */; };
		BCCD3D452655145C00413382 /* ViewController.swift in Sources */ = {isa = PBXBuildFile; fileRef = BCCD3D442655145C00413382 /* ViewController.swift */; };
		BCCD3D482655145C00413382 /* Main.storyboard in Resources */ = {isa = PBXBuildFile; fileRef = BCCD3D462655145C00413382 /* Main.storyboard */; };
		BCCD3D4A2655145F00413382 /* Assets.xcassets in Resources */ = {isa = PBXBuildFile; fileRef = BCCD3D492655145F00413382 /* Assets.xcassets */; };
		BCCD3D4D2655145F00413382 /* LaunchScreen.storyboard in Resources */ = {isa = PBXBuildFile; fileRef = BCCD3D4B2655145F00413382 /* LaunchScreen.storyboard */; };
		BCCD3D5826552BA800413382 /* ZendeskSDKMessaging in Frameworks */ = {isa = PBXBuildFile; productRef = BCCD3D5726552BA800413382 /* ZendeskSDKMessaging */; };
/* End PBXBuildFile section */

/* Begin PBXFileReference section */
		BCCD3D3D2655145C00413382 /* ZendeskSDKMessagingDemo.app */ = {isa = PBXFileReference; explicitFileType = wrapper.application; includeInIndex = 0; path = ZendeskSDKMessagingDemo.app; sourceTree = BUILT_PRODUCTS_DIR; };
		BCCD3D402655145C00413382 /* AppDelegate.swift */ = {isa = PBXFileReference; lastKnownFileType = sourcecode.swift; path = AppDelegate.swift; sourceTree = "<group>"; };
		BCCD3D422655145C00413382 /* SceneDelegate.swift */ = {isa = PBXFileReference; lastKnownFileType = sourcecode.swift; path = SceneDelegate.swift; sourceTree = "<group>"; };
		BCCD3D442655145C00413382 /* ViewController.swift */ = {isa = PBXFileReference; lastKnownFileType = sourcecode.swift; path = ViewController.swift; sourceTree = "<group>"; };
		BCCD3D472655145C00413382 /* Base */ = {isa = PBXFileReference; lastKnownFileType = file.storyboard; name = Base; path = Base.lproj/Main.storyboard; sourceTree = "<group>"; };
		BCCD3D492655145F00413382 /* Assets.xcassets */ = {isa = PBXFileReference; lastKnownFileType = folder.assetcatalog; path = Assets.xcassets; sourceTree = "<group>"; };
		BCCD3D4C2655145F00413382 /* Base */ = {isa = PBXFileReference; lastKnownFileType = file.storyboard; name = Base; path = Base.lproj/LaunchScreen.storyboard; sourceTree = "<group>"; };
		BCCD3D4E2655145F00413382 /* Info.plist */ = {isa = PBXFileReference; lastKnownFileType = text.plist.xml; path = Info.plist; sourceTree = "<group>"; };
/* End PBXFileReference section */

/* Begin PBXFrameworksBuildPhase section */
		BCCD3D3A2655145C00413382 /* Frameworks */ = {
			isa = PBXFrameworksBuildPhase;
			buildActionMask = 2147483647;
			files = (
				BCCD3D5826552BA800413382 /* ZendeskSDKMessaging in Frameworks */,
			);
			runOnlyForDeploymentPostprocessing = 0;
		};
/* End PBXFrameworksBuildPhase section */

/* Begin PBXGroup section */
		BCCD3D342655145C00413382 = {
			isa = PBXGroup;
			children = (
				BCCD3D3F2655145C00413382 /* ZendeskSDKMessagingDemo */,
				BCCD3D3E2655145C00413382 /* Products */,
			);
			sourceTree = "<group>";
		};
		BCCD3D3E2655145C00413382 /* Products */ = {
			isa = PBXGroup;
			children = (
				BCCD3D3D2655145C00413382 /* ZendeskSDKMessagingDemo.app */,
			);
			name = Products;
			sourceTree = "<group>";
		};
		BCCD3D3F2655145C00413382 /* ZendeskSDKMessagingDemo */ = {
			isa = PBXGroup;
			children = (
				BCCD3D402655145C00413382 /* AppDelegate.swift */,
				BCCD3D422655145C00413382 /* SceneDelegate.swift */,
				BCCD3D442655145C00413382 /* ViewController.swift */,
				BCCD3D462655145C00413382 /* Main.storyboard */,
				BCCD3D492655145F00413382 /* Assets.xcassets */,
				BCCD3D4B2655145F00413382 /* LaunchScreen.storyboard */,
				BCCD3D4E2655145F00413382 /* Info.plist */,
			);
			path = ZendeskSDKMessagingDemo;
			sourceTree = "<group>";
		};
/* End PBXGroup section */

/* Begin PBXNativeTarget section */
		BCCD3D3C2655145C00413382 /* ZendeskSDKMessagingDemo */ = {
			isa = PBXNativeTarget;
			buildConfigurationList = BCCD3D512655145F00413382 /* Build configuration list for PBXNativeTarget "ZendeskSDKMessagingDemo" */;
			buildPhases = (
				BCCD3D392655145C00413382 /* Sources */,
				BCCD3D3A2655145C00413382 /* Frameworks */,
				BCCD3D3B2655145C00413382 /* Resources */,
			);
			buildRules = (
			);
			dependencies = (
			);
			name = ZendeskSDKMessagingDemo;
			packageProductDependencies = (
				BCCD3D5726552BA800413382 /* ZendeskSDKMessaging */,
			);
			productName = ZendeskSDKMessagingDemo;
			productReference = BCCD3D3D2655145C00413382 /* ZendeskSDKMessagingDemo.app */;
			productType = "com.apple.product-type.application";
		};
/* End PBXNativeTarget section */

/* Begin PBXProject section */
		BCCD3D352655145C00413382 /* Project object */ = {
			isa = PBXProject;
			attributes = {
				LastSwiftUpdateCheck = 1220;
				LastUpgradeCheck = 1220;
				TargetAttributes = {
					BCCD3D3C2655145C00413382 = {
						CreatedOnToolsVersion = 12.2;
					};
				};
			};
			buildConfigurationList = BCCD3D382655145C00413382 /* Build configuration list for PBXProject "ZendeskSDKMessagingDemo" */;
			compatibilityVersion = "Xcode 9.3";
			developmentRegion = en;
			hasScannedForEncodings = 0;
			knownRegions = (
				en,
				Base,
			);
			mainGroup = BCCD3D342655145C00413382;
			packageReferences = (
				BCCD3D5626552BA800413382 /* XCRemoteSwiftPackageReference "sdk_messaging_ios" */,
			);
			productRefGroup = BCCD3D3E2655145C00413382 /* Products */;
			projectDirPath = "";
			projectRoot = "";
			targets = (
				BCCD3D3C2655145C00413382 /* ZendeskSDKMessagingDemo */,
			);
		};
/* End PBXProject section */

/* Begin PBXResourcesBuildPhase section */
		BCCD3D3B2655145C00413382 /* Resources */ = {
			isa = PBXResourcesBuildPhase;
			buildActionMask = 2147483647;
			files = (
				BCCD3D4D2655145F00413382 /* LaunchScreen.storyboard in Resources */,
				BCCD3D4A2655145F00413382 /* Assets.xcassets in Resources */,
				BCCD3D482655145C00413382 /* Main.storyboard in Resources */,
			);
			runOnlyForDeploymentPostprocessing = 0;
		};
/* End PBXResourcesBuildPhase section */

/* Begin PBXSourcesBuildPhase section */
		BCCD3D392655145C00413382 /* Sources */ = {
			isa = PBXSourcesBuildPhase;
			buildActionMask = 2147483647;
			files = (
				BCCD3D452655145C00413382 /* ViewController.swift in Sources */,
				BCCD3D412655145C00413382 /* AppDelegate.swift in Sources */,
				BCCD3D432655145C00413382 /* SceneDelegate.swift in Sources */,
			);
			runOnlyForDeploymentPostprocessing = 0;
		};
/* End PBXSourcesBuildPhase section */

/* Begin PBXVariantGroup section */
		BCCD3D462655145C00413382 /* Main.storyboard */ = {
			isa = PBXVariantGroup;
			children = (
				BCCD3D472655145C00413382 /* Base */,
			);
			name = Main.storyboard;
			sourceTree = "<group>";
		};
		BCCD3D4B2655145F00413382 /* LaunchScreen.storyboard */ = {
			isa = PBXVariantGroup;
			children = (
				BCCD3D4C2655145F00413382 /* Base */,
			);
			name = LaunchScreen.storyboard;
			sourceTree = "<group>";
		};
/* End PBXVariantGroup section */

/* Begin XCBuildConfiguration section */
		BCCD3D4F2655145F00413382 /* Debug */ = {
			isa = XCBuildConfiguration;
			buildSettings = {
				ALWAYS_SEARCH_USER_PATHS = NO;
				CLANG_ANALYZER_NONNULL = YES;
				CLANG_ANALYZER_NUMBER_OBJECT_CONVERSION = YES_AGGRESSIVE;
				CLANG_CXX_LANGUAGE_STANDARD = "gnu++14";
				CLANG_CXX_LIBRARY = "libc++";
				CLANG_ENABLE_MODULES = YES;
				CLANG_ENABLE_OBJC_ARC = YES;
				CLANG_ENABLE_OBJC_WEAK = YES;
				CLANG_WARN_BLOCK_CAPTURE_AUTORELEASING = YES;
				CLANG_WARN_BOOL_CONVERSION = YES;
				CLANG_WARN_COMMA = YES;
				CLANG_WARN_CONSTANT_CONVERSION = YES;
				CLANG_WARN_DEPRECATED_OBJC_IMPLEMENTATIONS = YES;
				CLANG_WARN_DIRECT_OBJC_ISA_USAGE = YES_ERROR;
				CLANG_WARN_DOCUMENTATION_COMMENTS = YES;
				CLANG_WARN_EMPTY_BODY = YES;
				CLANG_WARN_ENUM_CONVERSION = YES;
				CLANG_WARN_INFINITE_RECURSION = YES;
				CLANG_WARN_INT_CONVERSION = YES;
				CLANG_WARN_NON_LITERAL_NULL_CONVERSION = YES;
				CLANG_WARN_OBJC_IMPLICIT_RETAIN_SELF = YES;
				CLANG_WARN_OBJC_LITERAL_CONVERSION = YES;
				CLANG_WARN_OBJC_ROOT_CLASS = YES_ERROR;
				CLANG_WARN_QUOTED_INCLUDE_IN_FRAMEWORK_HEADER = YES;
				CLANG_WARN_RANGE_LOOP_ANALYSIS = YES;
				CLANG_WARN_STRICT_PROTOTYPES = YES;
				CLANG_WARN_SUSPICIOUS_MOVE = YES;
				CLANG_WARN_UNGUARDED_AVAILABILITY = YES_AGGRESSIVE;
				CLANG_WARN_UNREACHABLE_CODE = YES;
				CLANG_WARN__DUPLICATE_METHOD_MATCH = YES;
				COPY_PHASE_STRIP = NO;
				DEBUG_INFORMATION_FORMAT = dwarf;
				ENABLE_STRICT_OBJC_MSGSEND = YES;
				ENABLE_TESTABILITY = YES;
				GCC_C_LANGUAGE_STANDARD = gnu11;
				GCC_DYNAMIC_NO_PIC = NO;
				GCC_NO_COMMON_BLOCKS = YES;
				GCC_OPTIMIZATION_LEVEL = 0;
				GCC_PREPROCESSOR_DEFINITIONS = (
					"DEBUG=1",
					"$(inherited)",
				);
				GCC_WARN_64_TO_32_BIT_CONVERSION = YES;
				GCC_WARN_ABOUT_RETURN_TYPE = YES_ERROR;
				GCC_WARN_UNDECLARED_SELECTOR = YES;
				GCC_WARN_UNINITIALIZED_AUTOS = YES_AGGRESSIVE;
				GCC_WARN_UNUSED_FUNCTION = YES;
				GCC_WARN_UNUSED_VARIABLE = YES;
				IPHONEOS_DEPLOYMENT_TARGET = 14.2;
				MTL_ENABLE_DEBUG_INFO = INCLUDE_SOURCE;
				MTL_FAST_MATH = YES;
				ONLY_ACTIVE_ARCH = YES;
				SDKROOT = iphoneos;
				SWIFT_ACTIVE_COMPILATION_CONDITIONS = DEBUG;
				SWIFT_OPTIMIZATION_LEVEL = "-Onone";
			};
			name = Debug;
		};
		BCCD3D502655145F00413382 /* Release */ = {
			isa = XCBuildConfiguration;
			buildSettings = {
				ALWAYS_SEARCH_USER_PATHS = NO;
				CLANG_ANALYZER_NONNULL = YES;
				CLANG_ANALYZER_NUMBER_OBJECT_CONVERSION = YES_AGGRESSIVE;
				CLANG_CXX_LANGUAGE_STANDARD = "gnu++14";
				CLANG_CXX_LIBRARY = "libc++";
				CLANG_ENABLE_MODULES = YES;
				CLANG_ENABLE_OBJC_ARC = YES;
				CLANG_ENABLE_OBJC_WEAK = YES;
				CLANG_WARN_BLOCK_CAPTURE_AUTORELEASING = YES;
				CLANG_WARN_BOOL_CONVERSION = YES;
				CLANG_WARN_COMMA = YES;
				CLANG_WARN_CONSTANT_CONVERSION = YES;
				CLANG_WARN_DEPRECATED_OBJC_IMPLEMENTATIONS = YES;
				CLANG_WARN_DIRECT_OBJC_ISA_USAGE = YES_ERROR;
				CLANG_WARN_DOCUMENTATION_COMMENTS = YES;
				CLANG_WARN_EMPTY_BODY = YES;
				CLANG_WARN_ENUM_CONVERSION = YES;
				CLANG_WARN_INFINITE_RECURSION = YES;
				CLANG_WARN_INT_CONVERSION = YES;
				CLANG_WARN_NON_LITERAL_NULL_CONVERSION = YES;
				CLANG_WARN_OBJC_IMPLICIT_RETAIN_SELF = YES;
				CLANG_WARN_OBJC_LITERAL_CONVERSION = YES;
				CLANG_WARN_OBJC_ROOT_CLASS = YES_ERROR;
				CLANG_WARN_QUOTED_INCLUDE_IN_FRAMEWORK_HEADER = YES;
				CLANG_WARN_RANGE_LOOP_ANALYSIS = YES;
				CLANG_WARN_STRICT_PROTOTYPES = YES;
				CLANG_WARN_SUSPICIOUS_MOVE = YES;
				CLANG_WARN_UNGUARDED_AVAILABILITY = YES_AGGRESSIVE;
				CLANG_WARN_UNREACHABLE_CODE = YES;
				CLANG_WARN__DUPLICATE_METHOD_MATCH = YES;
				COPY_PHASE_STRIP = NO;
				DEBUG_INFORMATION_FORMAT = "dwarf-with-dsym";
				ENABLE_NS_ASSERTIONS = NO;
				ENABLE_STRICT_OBJC_MSGSEND = YES;
				GCC_C_LANGUAGE_STANDARD = gnu11;
				GCC_NO_COMMON_BLOCKS = YES;
				GCC_WARN_64_TO_32_BIT_CONVERSION = YES;
				GCC_WARN_ABOUT_RETURN_TYPE = YES_ERROR;
				GCC_WARN_UNDECLARED_SELECTOR = YES;
				GCC_WARN_UNINITIALIZED_AUTOS = YES_AGGRESSIVE;
				GCC_WARN_UNUSED_FUNCTION = YES;
				GCC_WARN_UNUSED_VARIABLE = YES;
				IPHONEOS_DEPLOYMENT_TARGET = 14.2;
				MTL_ENABLE_DEBUG_INFO = NO;
				MTL_FAST_MATH = YES;
				SDKROOT = iphoneos;
				SWIFT_COMPILATION_MODE = wholemodule;
				SWIFT_OPTIMIZATION_LEVEL = "-O";
				VALIDATE_PRODUCT = YES;
			};
			name = Release;
		};
		BCCD3D522655145F00413382 /* Debug */ = {
			isa = XCBuildConfiguration;
			buildSettings = {
				ASSETCATALOG_COMPILER_APPICON_NAME = AppIcon;
				ASSETCATALOG_COMPILER_GLOBAL_ACCENT_COLOR_NAME = AccentColor;
				CODE_SIGN_STYLE = Automatic;
				DEVELOPMENT_TEAM = 5PE9ABT84P;
				INFOPLIST_FILE = ZendeskSDKMessagingDemo/Info.plist;
				LD_RUNPATH_SEARCH_PATHS = (
					"$(inherited)",
					"@executable_path/Frameworks",
				);
				PRODUCT_BUNDLE_IDENTIFIER = com.demo.ZendeskSDKMessagingDemo;
				PRODUCT_NAME = "$(TARGET_NAME)";
				SWIFT_VERSION = 5.0;
				TARGETED_DEVICE_FAMILY = "1,2";
			};
			name = Debug;
		};
		BCCD3D532655145F00413382 /* Release */ = {
			isa = XCBuildConfiguration;
			buildSettings = {
				ASSETCATALOG_COMPILER_APPICON_NAME = AppIcon;
				ASSETCATALOG_COMPILER_GLOBAL_ACCENT_COLOR_NAME = AccentColor;
				CODE_SIGN_STYLE = Automatic;
				DEVELOPMENT_TEAM = 5PE9ABT84P;
				INFOPLIST_FILE = ZendeskSDKMessagingDemo/Info.plist;
				LD_RUNPATH_SEARCH_PATHS = (
					"$(inherited)",
					"@executable_path/Frameworks",
				);
				PRODUCT_BUNDLE_IDENTIFIER = com.demo.ZendeskSDKMessagingDemo;
				PRODUCT_NAME = "$(TARGET_NAME)";
				SWIFT_VERSION = 5.0;
				TARGETED_DEVICE_FAMILY = "1,2";
			};
			name = Release;
		};
/* End XCBuildConfiguration section */

/* Begin XCConfigurationList section */
		BCCD3D382655145C00413382 /* Build configuration list for PBXProject "ZendeskSDKMessagingDemo" */ = {
			isa = XCConfigurationList;
			buildConfigurations = (
				BCCD3D4F2655145F00413382 /* Debug */,
				BCCD3D502655145F00413382 /* Release */,
			);
			defaultConfigurationIsVisible = 0;
			defaultConfigurationName = Release;
		};
		BCCD3D512655145F00413382 /* Build configuration list for PBXNativeTarget "ZendeskSDKMessagingDemo" */ = {
			isa = XCConfigurationList;
			buildConfigurations = (
				BCCD3D522655145F00413382 /* Debug */,
				BCCD3D532655145F00413382 /* Release */,
			);
			defaultConfigurationIsVisible = 0;
			defaultConfigurationName = Release;
		};
/* End XCConfigurationList section */

/* Begin XCRemoteSwiftPackageReference section */
		BCCD3D5626552BA800413382 /* XCRemoteSwiftPackageReference "sdk_messaging_ios" */ = {
			isa = XCRemoteSwiftPackageReference;
			repositoryURL = "https://github.com/zendesk/sdk_messaging_ios/";
			requirement = {
				kind = upToNextMajorVersion;
				minimumVersion = 1.0.1;
			};
		};
/* End XCRemoteSwiftPackageReference section */

/* Begin XCSwiftPackageProductDependency section */
		BCCD3D5726552BA800413382 /* ZendeskSDKMessaging */ = {
			isa = XCSwiftPackageProductDependency;
			package = BCCD3D5626552BA800413382 /* XCRemoteSwiftPackageReference "sdk_messaging_ios" */;
			productName = ZendeskSDKMessaging;
		};
/* End XCSwiftPackageProductDependency section */
	};
	rootObject = BCCD3D352655145C00413382 /* Project object */;
}
