// !$*UTF8*$!
{
	archiveVersion = 1;
	classes = {
	};
	objectVersion = 46;
	objects = {

/* Begin PBXBuildFile section */
		371FD2125DD64F52DF6C927B /* Pods_ZDCChatAPI_Sample_App.framework in Frameworks */ = {isa = PBXBuildFile; fileRef = 4BEEE033EEC6B29A93626CDB /* Pods_ZDCChatAPI_Sample_App.framework */; };
		8372EB721D33FBEE0050CBA8 /* ChatDelegateDateSource.swift in Sources */ = {isa = PBXBuildFile; fileRef = 8372EB711D33FBEE0050CBA8 /* ChatDelegateDateSource.swift */; };
		83B703701D33F31F00A00DA3 /* APIClient.swift in Sources */ = {isa = PBXBuildFile; fileRef = 83B7036B1D33F31F00A00DA3 /* APIClient.swift */; };
		83B703721D33F31F00A00DA3 /* ChatEventsProcessor.swift in Sources */ = {isa = PBXBuildFile; fileRef = 83B7036D1D33F31F00A00DA3 /* ChatEventsProcessor.swift */; };
		83B703731D33F31F00A00DA3 /* ZDCChatEvent+ChatItem.swift in Sources */ = {isa = PBXBuildFile; fileRef = 83B7036E1D33F31F00A00DA3 /* ZDCChatEvent+ChatItem.swift */; };
		D71C13B51D2E9DE7003A51A6 /* VisitorMessageCell.swift in Sources */ = {isa = PBXBuildFile; fileRef = D71C13B41D2E9DE7003A51A6 /* VisitorMessageCell.swift */; };
		D71C13B71D2E9FED003A51A6 /* CellTypes.swift in Sources */ = {isa = PBXBuildFile; fileRef = D71C13B61D2E9FED003A51A6 /* CellTypes.swift */; };
		D71C13BD1D2EB783003A51A6 /* BubbleView.swift in Sources */ = {isa = PBXBuildFile; fileRef = D71C13BB1D2EB783003A51A6 /* BubbleView.swift */; };
		D71C13C41D2FAD3B003A51A6 /* VisitorImageCell.swift in Sources */ = {isa = PBXBuildFile; fileRef = D71C13C31D2FAD3B003A51A6 /* VisitorImageCell.swift */; };
		D71C13C61D2FFBE2003A51A6 /* AgentImageCell.swift in Sources */ = {isa = PBXBuildFile; fileRef = D71C13C51D2FFBE2003A51A6 /* AgentImageCell.swift */; };
		D71C13C81D2FFEE4003A51A6 /* AgentImageView.swift in Sources */ = {isa = PBXBuildFile; fileRef = D71C13C71D2FFEE4003A51A6 /* AgentImageView.swift */; };
		D71C13CA1D2FFFBC003A51A6 /* BubbleViewCellType.swift in Sources */ = {isa = PBXBuildFile; fileRef = D71C13C91D2FFFBC003A51A6 /* BubbleViewCellType.swift */; };
		D725E7701D33DB1500F0DDB1 /* TableCellFactory.swift in Sources */ = {isa = PBXBuildFile; fileRef = D725E76F1D33DB1500F0DDB1 /* TableCellFactory.swift */; };
		D76DF7A31D2E94BF00153F71 /* AgentMessageCell.swift in Sources */ = {isa = PBXBuildFile; fileRef = D76DF7A21D2E94BF00153F71 /* AgentMessageCell.swift */; };
		D76DF7A51D2E950A00153F71 /* ChatViewController.swift in Sources */ = {isa = PBXBuildFile; fileRef = D76DF7A41D2E950A00153F71 /* ChatViewController.swift */; };
		D7A74C701D339DE500C1E73E /* ChatCell.swift in Sources */ = {isa = PBXBuildFile; fileRef = D7A74C6F1D339DE500C1E73E /* ChatCell.swift */; };
		D7A74C731D33B1DE00C1E73E /* ChatUIEvent.swift in Sources */ = {isa = PBXBuildFile; fileRef = D7A74C721D33B1DE00C1E73E /* ChatUIEvent.swift */; };
		D7A74C751D33B28B00C1E73E /* ChatViewControllerDelegate.swift in Sources */ = {isa = PBXBuildFile; fileRef = D7A74C741D33B28B00C1E73E /* ChatViewControllerDelegate.swift */; };
		D7C1C8BF1D2E923B00F2C0C3 /* AppDelegate.swift in Sources */ = {isa = PBXBuildFile; fileRef = D7C1C8BE1D2E923B00F2C0C3 /* AppDelegate.swift */; };
		D7C1C8C41D2E923B00F2C0C3 /* Main.storyboard in Resources */ = {isa = PBXBuildFile; fileRef = D7C1C8C21D2E923B00F2C0C3 /* Main.storyboard */; };
		D7C1C8C61D2E923B00F2C0C3 /* Assets.xcassets in Resources */ = {isa = PBXBuildFile; fileRef = D7C1C8C51D2E923B00F2C0C3 /* Assets.xcassets */; };
		D7C1C8C91D2E923B00F2C0C3 /* LaunchScreen.storyboard in Resources */ = {isa = PBXBuildFile; fileRef = D7C1C8C71D2E923B00F2C0C3 /* LaunchScreen.storyboard */; };
/* End PBXBuildFile section */

/* Begin PBXFileReference section */
		07F1EC48ACF7DCA7DB371BF6 /* Pods-ZDCChatAPI Sample App.debug.xcconfig */ = {isa = PBXFileReference; includeInIndex = 1; lastKnownFileType = text.xcconfig; name = "Pods-ZDCChatAPI Sample App.debug.xcconfig"; path = "Pods/Target Support Files/Pods-ZDCChatAPI Sample App/Pods-ZDCChatAPI Sample App.debug.xcconfig"; sourceTree = "<group>"; };
		11FDA4B05935F5CBC727D5BB /* Pods-ZDCChatAPI Sample App.release.xcconfig */ = {isa = PBXFileReference; includeInIndex = 1; lastKnownFileType = text.xcconfig; name = "Pods-ZDCChatAPI Sample App.release.xcconfig"; path = "Pods/Target Support Files/Pods-ZDCChatAPI Sample App/Pods-ZDCChatAPI Sample App.release.xcconfig"; sourceTree = "<group>"; };
		4BEEE033EEC6B29A93626CDB /* Pods_ZDCChatAPI_Sample_App.framework */ = {isa = PBXFileReference; explicitFileType = wrapper.framework; includeInIndex = 0; path = Pods_ZDCChatAPI_Sample_App.framework; sourceTree = BUILT_PRODUCTS_DIR; };
		8372EB711D33FBEE0050CBA8 /* ChatDelegateDateSource.swift */ = {isa = PBXFileReference; fileEncoding = 4; indentWidth = 2; lastKnownFileType = sourcecode.swift; lineEnding = 0; path = ChatDelegateDateSource.swift; sourceTree = "<group>"; tabWidth = 2; usesTabs = 0; };
		83B7036B1D33F31F00A00DA3 /* APIClient.swift */ = {isa = PBXFileReference; fileEncoding = 4; lastKnownFileType = sourcecode.swift; path = APIClient.swift; sourceTree = "<group>"; };
		83B7036D1D33F31F00A00DA3 /* ChatEventsProcessor.swift */ = {isa = PBXFileReference; fileEncoding = 4; lastKnownFileType = sourcecode.swift; path = ChatEventsProcessor.swift; sourceTree = "<group>"; };
		83B7036E1D33F31F00A00DA3 /* ZDCChatEvent+ChatItem.swift */ = {isa = PBXFileReference; fileEncoding = 4; indentWidth = 2; lastKnownFileType = sourcecode.swift; path = "ZDCChatEvent+ChatItem.swift"; sourceTree = "<group>"; tabWidth = 2; };
		D71C13B41D2E9DE7003A51A6 /* VisitorMessageCell.swift */ = {isa = PBXFileReference; fileEncoding = 4; lastKnownFileType = sourcecode.swift; path = VisitorMessageCell.swift; sourceTree = "<group>"; };
		D71C13B61D2E9FED003A51A6 /* CellTypes.swift */ = {isa = PBXFileReference; fileEncoding = 4; lastKnownFileType = sourcecode.swift; path = CellTypes.swift; sourceTree = "<group>"; };
		D71C13BB1D2EB783003A51A6 /* BubbleView.swift */ = {isa = PBXFileReference; fileEncoding = 4; lastKnownFileType = sourcecode.swift; path = BubbleView.swift; sourceTree = "<group>"; };
		D71C13C31D2FAD3B003A51A6 /* VisitorImageCell.swift */ = {isa = PBXFileReference; fileEncoding = 4; lastKnownFileType = sourcecode.swift; path = VisitorImageCell.swift; sourceTree = "<group>"; };
		D71C13C51D2FFBE2003A51A6 /* AgentImageCell.swift */ = {isa = PBXFileReference; fileEncoding = 4; lastKnownFileType = sourcecode.swift; path = AgentImageCell.swift; sourceTree = "<group>"; };
		D71C13C71D2FFEE4003A51A6 /* AgentImageView.swift */ = {isa = PBXFileReference; fileEncoding = 4; lastKnownFileType = sourcecode.swift; path = AgentImageView.swift; sourceTree = "<group>"; };
		D71C13C91D2FFFBC003A51A6 /* BubbleViewCellType.swift */ = {isa = PBXFileReference; fileEncoding = 4; lastKnownFileType = sourcecode.swift; path = BubbleViewCellType.swift; sourceTree = "<group>"; };
		D725E76F1D33DB1500F0DDB1 /* TableCellFactory.swift */ = {isa = PBXFileReference; fileEncoding = 4; lastKnownFileType = sourcecode.swift; path = TableCellFactory.swift; sourceTree = "<group>"; };
		D76DF7A21D2E94BF00153F71 /* AgentMessageCell.swift */ = {isa = PBXFileReference; fileEncoding = 4; lastKnownFileType = sourcecode.swift; path = AgentMessageCell.swift; sourceTree = "<group>"; };
		D76DF7A41D2E950A00153F71 /* ChatViewController.swift */ = {isa = PBXFileReference; fileEncoding = 4; indentWidth = 2; lastKnownFileType = sourcecode.swift; path = ChatViewController.swift; sourceTree = "<group>"; tabWidth = 1; usesTabs = 0; };
		D7A74C6F1D339DE500C1E73E /* ChatCell.swift */ = {isa = PBXFileReference; fileEncoding = 4; lastKnownFileType = sourcecode.swift; path = ChatCell.swift; sourceTree = "<group>"; };
		D7A74C721D33B1DE00C1E73E /* ChatUIEvent.swift */ = {isa = PBXFileReference; fileEncoding = 4; indentWidth = 2; lastKnownFileType = sourcecode.swift; path = ChatUIEvent.swift; sourceTree = "<group>"; tabWidth = 2; };
		D7A74C741D33B28B00C1E73E /* ChatViewControllerDelegate.swift */ = {isa = PBXFileReference; fileEncoding = 4; indentWidth = 2; lastKnownFileType = sourcecode.swift; path = ChatViewControllerDelegate.swift; sourceTree = "<group>"; tabWidth = 2; };
		D7C1C8BB1D2E923B00F2C0C3 /* ZDCChatAPI Sample App.app */ = {isa = PBXFileReference; explicitFileType = wrapper.application; includeInIndex = 0; path = "ZDCChatAPI Sample App.app"; sourceTree = BUILT_PRODUCTS_DIR; };
		D7C1C8BE1D2E923B00F2C0C3 /* AppDelegate.swift */ = {isa = PBXFileReference; lastKnownFileType = sourcecode.swift; path = AppDelegate.swift; sourceTree = "<group>"; };
		D7C1C8C31D2E923B00F2C0C3 /* Base */ = {isa = PBXFileReference; lastKnownFileType = file.storyboard; name = Base; path = Base.lproj/Main.storyboard; sourceTree = "<group>"; };
		D7C1C8C51D2E923B00F2C0C3 /* Assets.xcassets */ = {isa = PBXFileReference; lastKnownFileType = folder.assetcatalog; path = Assets.xcassets; sourceTree = "<group>"; };
		D7C1C8C81D2E923B00F2C0C3 /* Base */ = {isa = PBXFileReference; lastKnownFileType = file.storyboard; name = Base; path = Base.lproj/LaunchScreen.storyboard; sourceTree = "<group>"; };
		D7C1C8CA1D2E923B00F2C0C3 /* Info.plist */ = {isa = PBXFileReference; lastKnownFileType = text.plist.xml; path = Info.plist; sourceTree = "<group>"; };
/* End PBXFileReference section */

/* Begin PBXFrameworksBuildPhase section */
		D7C1C8B81D2E923B00F2C0C3 /* Frameworks */ = {
			isa = PBXFrameworksBuildPhase;
			buildActionMask = 2147483647;
			files = (
				371FD2125DD64F52DF6C927B /* Pods_ZDCChatAPI_Sample_App.framework in Frameworks */,
			);
			runOnlyForDeploymentPostprocessing = 0;
		};
/* End PBXFrameworksBuildPhase section */

/* Begin PBXGroup section */
		83B703751D33F32200A00DA3 /* Backend */ = {
			isa = PBXGroup;
			children = (
				83B7036B1D33F31F00A00DA3 /* APIClient.swift */,
				83B7036D1D33F31F00A00DA3 /* ChatEventsProcessor.swift */,
				83B7036E1D33F31F00A00DA3 /* ZDCChatEvent+ChatItem.swift */,
				8372EB711D33FBEE0050CBA8 /* ChatDelegateDateSource.swift */,
			);
			name = Backend;
			sourceTree = "<group>";
		};
		A2123E06AD0FDC11C7CF4D07 /* Frameworks */ = {
			isa = PBXGroup;
			children = (
				4BEEE033EEC6B29A93626CDB /* Pods_ZDCChatAPI_Sample_App.framework */,
			);
			name = Frameworks;
			sourceTree = "<group>";
		};
		B1FB2D456D9A66C4711EEA71 /* Pods */ = {
			isa = PBXGroup;
			children = (
				07F1EC48ACF7DCA7DB371BF6 /* Pods-ZDCChatAPI Sample App.debug.xcconfig */,
				11FDA4B05935F5CBC727D5BB /* Pods-ZDCChatAPI Sample App.release.xcconfig */,
			);
			name = Pods;
			sourceTree = "<group>";
		};
		D71C13BA1D2EB73F003A51A6 /* Views */ = {
			isa = PBXGroup;
			children = (
				D71C13C71D2FFEE4003A51A6 /* AgentImageView.swift */,
				D71C13BB1D2EB783003A51A6 /* BubbleView.swift */,
				D71C13C91D2FFFBC003A51A6 /* BubbleViewCellType.swift */,
			);
			name = Views;
			sourceTree = "<group>";
		};
		D725E7711D33DB9900F0DDB1 /* Models */ = {
			isa = PBXGroup;
			children = (
				D7A74C721D33B1DE00C1E73E /* ChatUIEvent.swift */,
			);
			name = Models;
			sourceTree = "<group>";
		};
		D76DF7A11D2E94A600153F71 /* Cells */ = {
			isa = PBXGroup;
			children = (
				D71C13B61D2E9FED003A51A6 /* CellTypes.swift */,
				D7A74C6F1D339DE500C1E73E /* ChatCell.swift */,
				D76DF7A21D2E94BF00153F71 /* AgentMessageCell.swift */,
				D71C13B41D2E9DE7003A51A6 /* VisitorMessageCell.swift */,
				D71C13C51D2FFBE2003A51A6 /* AgentImageCell.swift */,
				D71C13C31D2FAD3B003A51A6 /* VisitorImageCell.swift */,
			);
			name = Cells;
			sourceTree = "<group>";
		};
		D7A74C711D33B1C900C1E73E /* Controllers */ = {
			isa = PBXGroup;
			children = (
				D76DF7A41D2E950A00153F71 /* ChatViewController.swift */,
				D7A74C741D33B28B00C1E73E /* ChatViewControllerDelegate.swift */,
				D725E76F1D33DB1500F0DDB1 /* TableCellFactory.swift */,
			);
			name = Controllers;
			sourceTree = "<group>";
		};
		D7C1C8B21D2E923B00F2C0C3 = {
			isa = PBXGroup;
			children = (
				D7C1C8BD1D2E923B00F2C0C3 /* ZDCChatAPI Sample App */,
				D7C1C8BC1D2E923B00F2C0C3 /* Products */,
				B1FB2D456D9A66C4711EEA71 /* Pods */,
				A2123E06AD0FDC11C7CF4D07 /* Frameworks */,
			);
			indentWidth = 2;
			sourceTree = "<group>";
			tabWidth = 2;
		};
		D7C1C8BC1D2E923B00F2C0C3 /* Products */ = {
			isa = PBXGroup;
			children = (
				D7C1C8BB1D2E923B00F2C0C3 /* ZDCChatAPI Sample App.app */,
			);
			name = Products;
			sourceTree = "<group>";
		};
		D7C1C8BD1D2E923B00F2C0C3 /* ZDCChatAPI Sample App */ = {
			isa = PBXGroup;
			children = (
				83B703751D33F32200A00DA3 /* Backend */,
				D725E7711D33DB9900F0DDB1 /* Models */,
				D7A74C711D33B1C900C1E73E /* Controllers */,
				D71C13BA1D2EB73F003A51A6 /* Views */,
				D76DF7A11D2E94A600153F71 /* Cells */,
				D7C1C8BE1D2E923B00F2C0C3 /* AppDelegate.swift */,
				D7C1C8C21D2E923B00F2C0C3 /* Main.storyboard */,
				D7C1C8C51D2E923B00F2C0C3 /* Assets.xcassets */,
				D7C1C8C71D2E923B00F2C0C3 /* LaunchScreen.storyboard */,
				D7C1C8CA1D2E923B00F2C0C3 /* Info.plist */,
			);
			path = "ZDCChatAPI Sample App";
			sourceTree = "<group>";
		};
/* End PBXGroup section */

/* Begin PBXNativeTarget section */
		D7C1C8BA1D2E923B00F2C0C3 /* ZDCChatAPI Sample App */ = {
			isa = PBXNativeTarget;
			buildConfigurationList = D7C1C8CD1D2E923B00F2C0C3 /* Build configuration list for PBXNativeTarget "ZDCChatAPI Sample App" */;
			buildPhases = (
				5EE2C70312CC25FC7DB000A0 /* [CP] Check Pods Manifest.lock */,
				A91DB5EA84692AAD91CC9D52 /* [CP] Check Pods Manifest.lock */,
				D7C1C8B71D2E923B00F2C0C3 /* Sources */,
				D7C1C8B81D2E923B00F2C0C3 /* Frameworks */,
				D7C1C8B91D2E923B00F2C0C3 /* Resources */,
				50BB5EFF703FC656AD124EF2 /* [CP] Embed Pods Frameworks */,
				F4302120FA7606C83A581173 /* 📦 Embed Pods Frameworks */,
				7BBE651CA0A43BC87229BCFF /* 📦 Copy Pods Resources */,
			);
			buildRules = (
			);
			dependencies = (
			);
			name = "ZDCChatAPI Sample App";
			productName = "ZDCChatAPI Sample App";
			productReference = D7C1C8BB1D2E923B00F2C0C3 /* ZDCChatAPI Sample App.app */;
			productType = "com.apple.product-type.application";
		};
/* End PBXNativeTarget section */

/* Begin PBXProject section */
		D7C1C8B31D2E923B00F2C0C3 /* Project object */ = {
			isa = PBXProject;
			attributes = {
				LastSwiftUpdateCheck = 0730;
				LastUpgradeCheck = 0830;
				ORGANIZATIONNAME = "Omar Abdelhafith";
				TargetAttributes = {
					D7C1C8BA1D2E923B00F2C0C3 = {
						CreatedOnToolsVersion = 7.3.1;
						LastSwiftMigration = 0830;
					};
				};
			};
			buildConfigurationList = D7C1C8B61D2E923B00F2C0C3 /* Build configuration list for PBXProject "ZDCChatAPI Sample App" */;
			compatibilityVersion = "Xcode 3.2";
			developmentRegion = English;
			hasScannedForEncodings = 0;
			knownRegions = (
				en,
				Base,
			);
			mainGroup = D7C1C8B21D2E923B00F2C0C3;
			productRefGroup = D7C1C8BC1D2E923B00F2C0C3 /* Products */;
			projectDirPath = "";
			projectRoot = "";
			targets = (
				D7C1C8BA1D2E923B00F2C0C3 /* ZDCChatAPI Sample App */,
			);
		};
/* End PBXProject section */

/* Begin PBXResourcesBuildPhase section */
		D7C1C8B91D2E923B00F2C0C3 /* Resources */ = {
			isa = PBXResourcesBuildPhase;
			buildActionMask = 2147483647;
			files = (
				D7C1C8C91D2E923B00F2C0C3 /* LaunchScreen.storyboard in Resources */,
				D7C1C8C61D2E923B00F2C0C3 /* Assets.xcassets in Resources */,
				D7C1C8C41D2E923B00F2C0C3 /* Main.storyboard in Resources */,
			);
			runOnlyForDeploymentPostprocessing = 0;
		};
/* End PBXResourcesBuildPhase section */

/* Begin PBXShellScriptBuildPhase section */
		50BB5EFF703FC656AD124EF2 /* [CP] Embed Pods Frameworks */ = {
			isa = PBXShellScriptBuildPhase;
			buildActionMask = 2147483647;
			files = (
			);
			inputPaths = (
				"${SRCROOT}/Pods/Target Support Files/Pods-ZDCChatAPI Sample App/Pods-ZDCChatAPI Sample App-frameworks.sh",
				"${BUILT_PRODUCTS_DIR}/DKImagePickerController/DKImagePickerController.framework",
				"${BUILT_PRODUCTS_DIR}/DateToolsSwift/DateToolsSwift.framework",
				"${BUILT_PRODUCTS_DIR}/SDWebImage/SDWebImage.framework",
				"${BUILT_PRODUCTS_DIR}/Toaster/Toaster.framework",
			);
			name = "[CP] Embed Pods Frameworks";
			outputPaths = (
				"${TARGET_BUILD_DIR}/${FRAMEWORKS_FOLDER_PATH}/DKImagePickerController.framework",
				"${TARGET_BUILD_DIR}/${FRAMEWORKS_FOLDER_PATH}/DateToolsSwift.framework",
				"${TARGET_BUILD_DIR}/${FRAMEWORKS_FOLDER_PATH}/SDWebImage.framework",
				"${TARGET_BUILD_DIR}/${FRAMEWORKS_FOLDER_PATH}/Toaster.framework",
			);
			runOnlyForDeploymentPostprocessing = 0;
			shellPath = /bin/sh;
			shellScript = "\"${SRCROOT}/Pods/Target Support Files/Pods-ZDCChatAPI Sample App/Pods-ZDCChatAPI Sample App-frameworks.sh\"\n";
			showEnvVarsInLog = 0;
		};
		5EE2C70312CC25FC7DB000A0 /* [CP] Check Pods Manifest.lock */ = {
			isa = PBXShellScriptBuildPhase;
			buildActionMask = 2147483647;
			files = (
			);
			inputPaths = (
				"${PODS_PODFILE_DIR_PATH}/Podfile.lock",
				"${PODS_ROOT}/Manifest.lock",
			);
			name = "[CP] Check Pods Manifest.lock";
			outputPaths = (
				"$(DERIVED_FILE_DIR)/Pods-ZDCChatAPI Sample App-checkManifestLockResult.txt",
			);
			runOnlyForDeploymentPostprocessing = 0;
			shellPath = /bin/sh;
			shellScript = "diff \"${PODS_PODFILE_DIR_PATH}/Podfile.lock\" \"${PODS_ROOT}/Manifest.lock\" > /dev/null\nif [ $? != 0 ] ; then\n    # print error to STDERR\n    echo \"error: The sandbox is not in sync with the Podfile.lock. Run 'pod install' or update your CocoaPods installation.\" >&2\n    exit 1\nfi\n# This output is used by Xcode 'outputs' to avoid re-running this script phase.\necho \"SUCCESS\" > \"${SCRIPT_OUTPUT_FILE_0}\"\n";
			showEnvVarsInLog = 0;
		};
		7BBE651CA0A43BC87229BCFF /* 📦 Copy Pods Resources */ = {
			isa = PBXShellScriptBuildPhase;
			buildActionMask = 2147483647;
			files = (
			);
			inputPaths = (
			);
			name = "📦 Copy Pods Resources";
			outputPaths = (
			);
			runOnlyForDeploymentPostprocessing = 0;
			shellPath = /bin/sh;
			shellScript = "\"${SRCROOT}/Pods/Target Support Files/Pods-ZDCChatAPI Sample App/Pods-ZDCChatAPI Sample App-resources.sh\"\n";
			showEnvVarsInLog = 0;
		};
		A91DB5EA84692AAD91CC9D52 /* [CP] Check Pods Manifest.lock */ = {
			isa = PBXShellScriptBuildPhase;
			buildActionMask = 2147483647;
			files = (
			);
			inputPaths = (
			);
			name = "[CP] Check Pods Manifest.lock";
			outputPaths = (
			);
			runOnlyForDeploymentPostprocessing = 0;
			shellPath = /bin/sh;
			shellScript = "diff \"${PODS_ROOT}/../Podfile.lock\" \"${PODS_ROOT}/Manifest.lock\" > /dev/null\nif [[ $? != 0 ]] ; then\n    cat << EOM\nerror: The sandbox is not in sync with the Podfile.lock. Run 'pod install' or update your CocoaPods installation.\nEOM\n    exit 1\nfi\n";
			showEnvVarsInLog = 0;
		};
		F4302120FA7606C83A581173 /* 📦 Embed Pods Frameworks */ = {
			isa = PBXShellScriptBuildPhase;
			buildActionMask = 2147483647;
			files = (
			);
			inputPaths = (
			);
			name = "📦 Embed Pods Frameworks";
			outputPaths = (
			);
			runOnlyForDeploymentPostprocessing = 0;
			shellPath = /bin/sh;
			shellScript = "\"${SRCROOT}/Pods/Target Support Files/Pods-ZDCChatAPI Sample App/Pods-ZDCChatAPI Sample App-frameworks.sh\"\n";
			showEnvVarsInLog = 0;
		};
/* End PBXShellScriptBuildPhase section */

/* Begin PBXSourcesBuildPhase section */
		D7C1C8B71D2E923B00F2C0C3 /* Sources */ = {
			isa = PBXSourcesBuildPhase;
			buildActionMask = 2147483647;
			files = (
				D71C13C81D2FFEE4003A51A6 /* AgentImageView.swift in Sources */,
				83B703731D33F31F00A00DA3 /* ZDCChatEvent+ChatItem.swift in Sources */,
				D71C13C61D2FFBE2003A51A6 /* AgentImageCell.swift in Sources */,
				83B703721D33F31F00A00DA3 /* ChatEventsProcessor.swift in Sources */,
				83B703701D33F31F00A00DA3 /* APIClient.swift in Sources */,
				D76DF7A31D2E94BF00153F71 /* AgentMessageCell.swift in Sources */,
				D725E7701D33DB1500F0DDB1 /* TableCellFactory.swift in Sources */,
				D71C13BD1D2EB783003A51A6 /* BubbleView.swift in Sources */,
				D76DF7A51D2E950A00153F71 /* ChatViewController.swift in Sources */,
				D7C1C8BF1D2E923B00F2C0C3 /* AppDelegate.swift in Sources */,
				D71C13C41D2FAD3B003A51A6 /* VisitorImageCell.swift in Sources */,
				D71C13B71D2E9FED003A51A6 /* CellTypes.swift in Sources */,
				D71C13B51D2E9DE7003A51A6 /* VisitorMessageCell.swift in Sources */,
				D7A74C701D339DE500C1E73E /* ChatCell.swift in Sources */,
				D7A74C731D33B1DE00C1E73E /* ChatUIEvent.swift in Sources */,
				D71C13CA1D2FFFBC003A51A6 /* BubbleViewCellType.swift in Sources */,
				D7A74C751D33B28B00C1E73E /* ChatViewControllerDelegate.swift in Sources */,
				8372EB721D33FBEE0050CBA8 /* ChatDelegateDateSource.swift in Sources */,
			);
			runOnlyForDeploymentPostprocessing = 0;
		};
/* End PBXSourcesBuildPhase section */

/* Begin PBXVariantGroup section */
		D7C1C8C21D2E923B00F2C0C3 /* Main.storyboard */ = {
			isa = PBXVariantGroup;
			children = (
				D7C1C8C31D2E923B00F2C0C3 /* Base */,
			);
			name = Main.storyboard;
			sourceTree = "<group>";
		};
		D7C1C8C71D2E923B00F2C0C3 /* LaunchScreen.storyboard */ = {
			isa = PBXVariantGroup;
			children = (
				D7C1C8C81D2E923B00F2C0C3 /* Base */,
			);
			name = LaunchScreen.storyboard;
			sourceTree = "<group>";
		};
/* End PBXVariantGroup section */

/* Begin XCBuildConfiguration section */
		D7C1C8CB1D2E923B00F2C0C3 /* Debug */ = {
			isa = XCBuildConfiguration;
			buildSettings = {
				ALWAYS_SEARCH_USER_PATHS = NO;
				CLANG_ANALYZER_NONNULL = YES;
				CLANG_CXX_LANGUAGE_STANDARD = "gnu++0x";
				CLANG_CXX_LIBRARY = "libc++";
				CLANG_ENABLE_MODULES = YES;
				CLANG_ENABLE_OBJC_ARC = YES;
				CLANG_WARN_BOOL_CONVERSION = YES;
				CLANG_WARN_CONSTANT_CONVERSION = YES;
				CLANG_WARN_DIRECT_OBJC_ISA_USAGE = YES_ERROR;
				CLANG_WARN_EMPTY_BODY = YES;
				CLANG_WARN_ENUM_CONVERSION = YES;
				CLANG_WARN_INFINITE_RECURSION = YES;
				CLANG_WARN_INT_CONVERSION = YES;
				CLANG_WARN_OBJC_ROOT_CLASS = YES_ERROR;
				CLANG_WARN_SUSPICIOUS_MOVE = YES;
				CLANG_WARN_UNREACHABLE_CODE = YES;
				CLANG_WARN__DUPLICATE_METHOD_MATCH = YES;
				"CODE_SIGN_IDENTITY[sdk=iphoneos*]" = "iPhone Developer";
				COPY_PHASE_STRIP = NO;
				DEBUG_INFORMATION_FORMAT = dwarf;
				ENABLE_STRICT_OBJC_MSGSEND = YES;
				ENABLE_TESTABILITY = YES;
				GCC_C_LANGUAGE_STANDARD = gnu99;
				GCC_DYNAMIC_NO_PIC = NO;
				GCC_NO_COMMON_BLOCKS = YES;
				GCC_OPTIMIZATION_LEVEL = 0;
				GCC_PREPROCESSOR_DEFINITIONS = (
					"DEBUG=1",
					"$(inherited)",
				);
				GCC_WARN_64_TO_32_BIT_CONVERSION = YES;
				GCC_WARN_ABOUT_RETURN_TYPE = YES_ERROR;
				GCC_WARN_UNDECLARED_SELECTOR = YES;
				GCC_WARN_UNINITIALIZED_AUTOS = YES_AGGRESSIVE;
				GCC_WARN_UNUSED_FUNCTION = YES;
				GCC_WARN_UNUSED_VARIABLE = YES;
				IPHONEOS_DEPLOYMENT_TARGET = 9.3;
				MTL_ENABLE_DEBUG_INFO = YES;
				ONLY_ACTIVE_ARCH = YES;
				SDKROOT = iphoneos;
				SWIFT_OPTIMIZATION_LEVEL = "-Onone";
			};
			name = Debug;
		};
		D7C1C8CC1D2E923B00F2C0C3 /* Release */ = {
			isa = XCBuildConfiguration;
			buildSettings = {
				ALWAYS_SEARCH_USER_PATHS = NO;
				CLANG_ANALYZER_NONNULL = YES;
				CLANG_CXX_LANGUAGE_STANDARD = "gnu++0x";
				CLANG_CXX_LIBRARY = "libc++";
				CLANG_ENABLE_MODULES = YES;
				CLANG_ENABLE_OBJC_ARC = YES;
				CLANG_WARN_BOOL_CONVERSION = YES;
				CLANG_WARN_CONSTANT_CONVERSION = YES;
				CLANG_WARN_DIRECT_OBJC_ISA_USAGE = YES_ERROR;
				CLANG_WARN_EMPTY_BODY = YES;
				CLANG_WARN_ENUM_CONVERSION = YES;
				CLANG_WARN_INFINITE_RECURSION = YES;
				CLANG_WARN_INT_CONVERSION = YES;
				CLANG_WARN_OBJC_ROOT_CLASS = YES_ERROR;
				CLANG_WARN_SUSPICIOUS_MOVE = YES;
				CLANG_WARN_UNREACHABLE_CODE = YES;
				CLANG_WARN__DUPLICATE_METHOD_MATCH = YES;
				"CODE_SIGN_IDENTITY[sdk=iphoneos*]" = "iPhone Developer";
				COPY_PHASE_STRIP = NO;
				DEBUG_INFORMATION_FORMAT = "dwarf-with-dsym";
				ENABLE_NS_ASSERTIONS = NO;
				ENABLE_STRICT_OBJC_MSGSEND = YES;
				GCC_C_LANGUAGE_STANDARD = gnu99;
				GCC_NO_COMMON_BLOCKS = YES;
				GCC_WARN_64_TO_32_BIT_CONVERSION = YES;
				GCC_WARN_ABOUT_RETURN_TYPE = YES_ERROR;
				GCC_WARN_UNDECLARED_SELECTOR = YES;
				GCC_WARN_UNINITIALIZED_AUTOS = YES_AGGRESSIVE;
				GCC_WARN_UNUSED_FUNCTION = YES;
				GCC_WARN_UNUSED_VARIABLE = YES;
				IPHONEOS_DEPLOYMENT_TARGET = 9.3;
				MTL_ENABLE_DEBUG_INFO = NO;
				SDKROOT = iphoneos;
				SWIFT_OPTIMIZATION_LEVEL = "-Owholemodule";
				VALIDATE_PRODUCT = YES;
			};
			name = Release;
		};
		D7C1C8CE1D2E923B00F2C0C3 /* Debug */ = {
			isa = XCBuildConfiguration;
			baseConfigurationReference = 07F1EC48ACF7DCA7DB371BF6 /* Pods-ZDCChatAPI Sample App.debug.xcconfig */;
			buildSettings = {
				ASSETCATALOG_COMPILER_APPICON_NAME = AppIcon;
				FRAMEWORK_SEARCH_PATHS = (
					"$(inherited)",
					"$(PROJECT_DIR)/ZDCChatAPI",
					Sample,
					App/Frameworks,
					"$(PROJECT_DIR)/ZDCChatAPI",
					Sample,
					App/Frameworks,
					"$(PROJECT_DIR)/ZDCChatAPI",
					Sample,
					App/Frameworks,
					"$(PROJECT_DIR)/ZDCChatAPI",
					Sample,
					App/Frameworks,
					"$(PROJECT_DIR)/ZDCChatAPI",
					Sample,
					App/Frameworks,
					"$(PROJECT_DIR)/ZDCChatAPI",
					Sample,
					App/Frameworks,
					"$(PROJECT_DIR)/ZDCChatAPI",
					Sample,
					App/Frameworks,
					"$(PROJECT_DIR)/ZDCChatAPI",
					Sample,
					App/Frameworks,
				);
				INFOPLIST_FILE = "ZDCChatAPI Sample App/Info.plist";
				LD_RUNPATH_SEARCH_PATHS = "$(inherited) @executable_path/Frameworks";
				PRODUCT_BUNDLE_IDENTIFIER = "nsomar.ZDCChatAPI-Sample-App";
				PRODUCT_NAME = "$(TARGET_NAME)";
				SWIFT_VERSION = 3.0;
			};
			name = Debug;
		};
		D7C1C8CF1D2E923B00F2C0C3 /* Release */ = {
			isa = XCBuildConfiguration;
			baseConfigurationReference = 11FDA4B05935F5CBC727D5BB /* Pods-ZDCChatAPI Sample App.release.xcconfig */;
			buildSettings = {
				ASSETCATALOG_COMPILER_APPICON_NAME = AppIcon;
				FRAMEWORK_SEARCH_PATHS = (
					"$(inherited)",
					"$(PROJECT_DIR)/ZDCChatAPI",
					Sample,
					App/Frameworks,
					"$(PROJECT_DIR)/ZDCChatAPI",
					Sample,
					App/Frameworks,
					"$(PROJECT_DIR)/ZDCChatAPI",
					Sample,
					App/Frameworks,
					"$(PROJECT_DIR)/ZDCChatAPI",
					Sample,
					App/Frameworks,
					"$(PROJECT_DIR)/ZDCChatAPI",
					Sample,
					App/Frameworks,
					"$(PROJECT_DIR)/ZDCChatAPI",
					Sample,
					App/Frameworks,
					"$(PROJECT_DIR)/ZDCChatAPI",
					Sample,
					App/Frameworks,
					"$(PROJECT_DIR)/ZDCChatAPI",
					Sample,
					App/Frameworks,
				);
				INFOPLIST_FILE = "ZDCChatAPI Sample App/Info.plist";
				LD_RUNPATH_SEARCH_PATHS = "$(inherited) @executable_path/Frameworks";
				PRODUCT_BUNDLE_IDENTIFIER = "nsomar.ZDCChatAPI-Sample-App";
				PRODUCT_NAME = "$(TARGET_NAME)";
				SWIFT_VERSION = 3.0;
			};
			name = Release;
		};
/* End XCBuildConfiguration section */

/* Begin XCConfigurationList section */
		D7C1C8B61D2E923B00F2C0C3 /* Build configuration list for PBXProject "ZDCChatAPI Sample App" */ = {
			isa = XCConfigurationList;
			buildConfigurations = (
				D7C1C8CB1D2E923B00F2C0C3 /* Debug */,
				D7C1C8CC1D2E923B00F2C0C3 /* Release */,
			);
			defaultConfigurationIsVisible = 0;
			defaultConfigurationName = Release;
		};
		D7C1C8CD1D2E923B00F2C0C3 /* Build configuration list for PBXNativeTarget "ZDCChatAPI Sample App" */ = {
			isa = XCConfigurationList;
			buildConfigurations = (
				D7C1C8CE1D2E923B00F2C0C3 /* Debug */,
				D7C1C8CF1D2E923B00F2C0C3 /* Release */,
			);
			defaultConfigurationIsVisible = 0;
			defaultConfigurationName = Release;
		};
/* End XCConfigurationList section */
	};
	rootObject = D7C1C8B31D2E923B00F2C0C3 /* Project object */;
}
