PODS:
  - DKImagePickerController (3.2.1):
    - DKImagePickerController/Camera (= 3.2.1)
    - DKImagePickerController/ImageManager (= 3.2.1)
  - DKImagePickerController/Camera (3.2.1)
  - DKImagePickerController/ImageManager (3.2.1)
  - NSDate+TimeAgo (1.0.6)
  - SDWebImage (3.8.1):
    - SDWebImage/Core (= 3.8.1)
  - SDWebImage/Core (3.8.1)
  - ZDCChat/API (1.3.0.1)

DEPENDENCIES:
  - DKImagePickerController
  - NSDate+TimeAgo
  - SDWebImage (~> 3.8)
  - ZDCChat/API (= 1.3.0.1)

SPEC CHECKSUMS:
  DKImagePickerController: 8fd00d31c1688dce35d5fce15d3231a79ac2d38c
  NSDate+TimeAgo: 35601c619b2d59290055e4fe76e61d97677a2360
  SDWebImage: 35f9627a3e44b4f292a8a8ce6a531fa488239b91
  ZDCChat: b28c271cd2ed1641ef6e146c9115351ebd864800

PODFILE CHECKSUM: 4458ec2e16e2c81a8ac3a3ef0a2b8bccf4844e29

COCOAPODS: 1.0.0.beta.8
