// !$*UTF8*$!
{
	archiveVersion = 1;
	classes = {
	};
	objectVersion = 51;
	objects = {

/* Begin PBXBuildFile section */
		1E6FE8722576568000819594 /* CustomCallConfigurationViewController.swift in Sources */ = {isa = PBXBuildFile; fileRef = 1E6FE8712576568000819594 /* CustomCallConfigurationViewController.swift */; };
		1EA6ACF4256FE7AF006CB2D3 /* AppDelegate.swift in Sources */ = {isa = PBXBuildFile; fileRef = 1EA6ACF3256FE7AF006CB2D3 /* AppDelegate.swift */; };
		1EA6ACF6256FE7AF006CB2D3 /* SceneDelegate.swift in Sources */ = {isa = PBXBuildFile; fileRef = 1EA6ACF5256FE7AF006CB2D3 /* SceneDelegate.swift */; };
		1EA6ACFB256FE7AF006CB2D3 /* Main.storyboard in Resources */ = {isa = PBXBuildFile; fileRef = 1EA6ACF9256FE7AF006CB2D3 /* Main.storyboard */; };
		1EA6ACFD256FE7AF006CB2D3 /* Assets.xcassets in Resources */ = {isa = PBXBuildFile; fileRef = 1EA6ACFC256FE7AF006CB2D3 /* Assets.xcassets */; };
		1EA6AD00256FE7AF006CB2D3 /* LaunchScreen.storyboard in Resources */ = {isa = PBXBuildFile; fileRef = 1EA6ACFE256FE7AF006CB2D3 /* LaunchScreen.storyboard */; };
		1EA6AD0B25711C2D006CB2D3 /* AutomaticCallFlowViewController.swift in Sources */ = {isa = PBXBuildFile; fileRef = 1EA6AD0A25711C2D006CB2D3 /* AutomaticCallFlowViewController.swift */; };
		1EA6AD0E25711C3C006CB2D3 /* ManualCallScreensViewController.swift in Sources */ = {isa = PBXBuildFile; fileRef = 1EA6AD0D25711C3C006CB2D3 /* ManualCallScreensViewController.swift */; };
		1EA6AD1225711C69006CB2D3 /* AllCustomViewController.swift in Sources */ = {isa = PBXBuildFile; fileRef = 1EA6AD1125711C69006CB2D3 /* AllCustomViewController.swift */; };
		1EA6AD1F2574E09B006CB2D3 /* ZendeskConfig.swift in Sources */ = {isa = PBXBuildFile; fileRef = 1EA6AD1E2574E09B006CB2D3 /* ZendeskConfig.swift */; };
		1EA6AD2725753AB9006CB2D3 /* CustomStyle.swift in Sources */ = {isa = PBXBuildFile; fileRef = 1EA6AD2625753AB9006CB2D3 /* CustomStyle.swift */; };
		D5436BED0B159C950C31E76B /* Pods_TalkSDKSamples.framework in Frameworks */ = {isa = PBXBuildFile; fileRef = 3730D98AE1A1D37C6C74988B /* Pods_TalkSDKSamples.framework */; };
/* End PBXBuildFile section */

/* Begin PBXFileReference section */
		10D3678C560D5A715BC4E20F /* Pods-TalkSDKSamples.debug.xcconfig */ = {isa = PBXFileReference; includeInIndex = 1; lastKnownFileType = text.xcconfig; name = "Pods-TalkSDKSamples.debug.xcconfig"; path = "Target Support Files/Pods-TalkSDKSamples/Pods-TalkSDKSamples.debug.xcconfig"; sourceTree = "<group>"; };
		1E6FE8712576568000819594 /* CustomCallConfigurationViewController.swift */ = {isa = PBXFileReference; lastKnownFileType = sourcecode.swift; path = CustomCallConfigurationViewController.swift; sourceTree = "<group>"; };
		1EA6ACF0256FE7AF006CB2D3 /* TalkSDKSamples.app */ = {isa = PBXFileReference; explicitFileType = wrapper.application; includeInIndex = 0; path = TalkSDKSamples.app; sourceTree = BUILT_PRODUCTS_DIR; };
		1EA6ACF3256FE7AF006CB2D3 /* AppDelegate.swift */ = {isa = PBXFileReference; lastKnownFileType = sourcecode.swift; path = AppDelegate.swift; sourceTree = "<group>"; };
		1EA6ACF5256FE7AF006CB2D3 /* SceneDelegate.swift */ = {isa = PBXFileReference; lastKnownFileType = sourcecode.swift; path = SceneDelegate.swift; sourceTree = "<group>"; };
		1EA6ACFA256FE7AF006CB2D3 /* Base */ = {isa = PBXFileReference; lastKnownFileType = file.storyboard; name = Base; path = Base.lproj/Main.storyboard; sourceTree = "<group>"; };
		1EA6ACFC256FE7AF006CB2D3 /* Assets.xcassets */ = {isa = PBXFileReference; lastKnownFileType = folder.assetcatalog; path = Assets.xcassets; sourceTree = "<group>"; };
		1EA6ACFF256FE7AF006CB2D3 /* Base */ = {isa = PBXFileReference; lastKnownFileType = file.storyboard; name = Base; path = Base.lproj/LaunchScreen.storyboard; sourceTree = "<group>"; };
		1EA6AD01256FE7AF006CB2D3 /* Info.plist */ = {isa = PBXFileReference; lastKnownFileType = text.plist.xml; path = Info.plist; sourceTree = "<group>"; };
		1EA6AD0A25711C2D006CB2D3 /* AutomaticCallFlowViewController.swift */ = {isa = PBXFileReference; lastKnownFileType = sourcecode.swift; path = AutomaticCallFlowViewController.swift; sourceTree = "<group>"; };
		1EA6AD0D25711C3C006CB2D3 /* ManualCallScreensViewController.swift */ = {isa = PBXFileReference; lastKnownFileType = sourcecode.swift; path = ManualCallScreensViewController.swift; sourceTree = "<group>"; };
		1EA6AD1125711C69006CB2D3 /* AllCustomViewController.swift */ = {isa = PBXFileReference; lastKnownFileType = sourcecode.swift; path = AllCustomViewController.swift; sourceTree = "<group>"; };
		1EA6AD1E2574E09B006CB2D3 /* ZendeskConfig.swift */ = {isa = PBXFileReference; lastKnownFileType = sourcecode.swift; path = ZendeskConfig.swift; sourceTree = "<group>"; };
		1EA6AD2625753AB9006CB2D3 /* CustomStyle.swift */ = {isa = PBXFileReference; lastKnownFileType = sourcecode.swift; path = CustomStyle.swift; sourceTree = "<group>"; };
		3730D98AE1A1D37C6C74988B /* Pods_TalkSDKSamples.framework */ = {isa = PBXFileReference; explicitFileType = wrapper.framework; includeInIndex = 0; path = Pods_TalkSDKSamples.framework; sourceTree = BUILT_PRODUCTS_DIR; };
		FF33A6816EA5CF5E7C8E4072 /* Pods-TalkSDKSamples.release.xcconfig */ = {isa = PBXFileReference; includeInIndex = 1; lastKnownFileType = text.xcconfig; name = "Pods-TalkSDKSamples.release.xcconfig"; path = "Target Support Files/Pods-TalkSDKSamples/Pods-TalkSDKSamples.release.xcconfig"; sourceTree = "<group>"; };
/* End PBXFileReference section */

/* Begin PBXFrameworksBuildPhase section */
		1EA6ACED256FE7AF006CB2D3 /* Frameworks */ = {
			isa = PBXFrameworksBuildPhase;
			buildActionMask = 2147483647;
			files = (
				D5436BED0B159C950C31E76B /* Pods_TalkSDKSamples.framework in Frameworks */,
			);
			runOnlyForDeploymentPostprocessing = 0;
		};
/* End PBXFrameworksBuildPhase section */

/* Begin PBXGroup section */
		17F6BB3F517E6A4F7533847E /* Frameworks */ = {
			isa = PBXGroup;
			children = (
				3730D98AE1A1D37C6C74988B /* Pods_TalkSDKSamples.framework */,
			);
			name = Frameworks;
			sourceTree = "<group>";
		};
		1EA6ACE7256FE7AF006CB2D3 = {
			isa = PBXGroup;
			children = (
				1EA6ACF2256FE7AF006CB2D3 /* TalkSDKSamples */,
				1EA6ACF1256FE7AF006CB2D3 /* Products */,
				5FC46AC74D8FBAB47B333444 /* Pods */,
				17F6BB3F517E6A4F7533847E /* Frameworks */,
			);
			sourceTree = "<group>";
		};
		1EA6ACF1256FE7AF006CB2D3 /* Products */ = {
			isa = PBXGroup;
			children = (
				1EA6ACF0256FE7AF006CB2D3 /* TalkSDKSamples.app */,
			);
			name = Products;
			sourceTree = "<group>";
		};
		1EA6ACF2256FE7AF006CB2D3 /* TalkSDKSamples */ = {
			isa = PBXGroup;
			children = (
				1EA6ACF3256FE7AF006CB2D3 /* AppDelegate.swift */,
				1EA6ACF5256FE7AF006CB2D3 /* SceneDelegate.swift */,
				1EA6AD1E2574E09B006CB2D3 /* ZendeskConfig.swift */,
				1EA6AD2A25754122006CB2D3 /* Helpers */,
				1EA6AD0A25711C2D006CB2D3 /* AutomaticCallFlowViewController.swift */,
				1EA6AD0D25711C3C006CB2D3 /* ManualCallScreensViewController.swift */,
				1E6FE8712576568000819594 /* CustomCallConfigurationViewController.swift */,
				1EA6AD1125711C69006CB2D3 /* AllCustomViewController.swift */,
				1EA6ACF9256FE7AF006CB2D3 /* Main.storyboard */,
				1EA6ACFC256FE7AF006CB2D3 /* Assets.xcassets */,
				1EA6ACFE256FE7AF006CB2D3 /* LaunchScreen.storyboard */,
				1EA6AD01256FE7AF006CB2D3 /* Info.plist */,
			);
			path = TalkSDKSamples;
			sourceTree = "<group>";
		};
		1EA6AD2A25754122006CB2D3 /* Helpers */ = {
			isa = PBXGroup;
			children = (
				1EA6AD2625753AB9006CB2D3 /* CustomStyle.swift */,
			);
			path = Helpers;
			sourceTree = "<group>";
		};
		5FC46AC74D8FBAB47B333444 /* Pods */ = {
			isa = PBXGroup;
			children = (
				10D3678C560D5A715BC4E20F /* Pods-TalkSDKSamples.debug.xcconfig */,
				FF33A6816EA5CF5E7C8E4072 /* Pods-TalkSDKSamples.release.xcconfig */,
			);
			path = Pods;
			sourceTree = "<group>";
		};
/* End PBXGroup section */

/* Begin PBXNativeTarget section */
		1EA6ACEF256FE7AF006CB2D3 /* TalkSDKSamples */ = {
			isa = PBXNativeTarget;
			buildConfigurationList = 1EA6AD04256FE7AF006CB2D3 /* Build configuration list for PBXNativeTarget "TalkSDKSamples" */;
			buildPhases = (
				C402F770C3ED2A41CF9FD51A /* [CP] Check Pods Manifest.lock */,
				1EA6ACEC256FE7AF006CB2D3 /* Sources */,
				1EA6ACED256FE7AF006CB2D3 /* Frameworks */,
				1EA6ACEE256FE7AF006CB2D3 /* Resources */,
				2068A0D323C26B7442C01AC0 /* [CP] Embed Pods Frameworks */,
			);
			buildRules = (
			);
			dependencies = (
			);
			name = TalkSDKSamples;
			productName = TalkSDKSamples;
			productReference = 1EA6ACF0256FE7AF006CB2D3 /* TalkSDKSamples.app */;
			productType = "com.apple.product-type.application";
		};
/* End PBXNativeTarget section */

/* Begin PBXProject section */
		1EA6ACE8256FE7AF006CB2D3 /* Project object */ = {
			isa = PBXProject;
			attributes = {
				LastSwiftUpdateCheck = 1210;
				LastUpgradeCheck = 1210;
				TargetAttributes = {
					1EA6ACEF256FE7AF006CB2D3 = {
						CreatedOnToolsVersion = 12.1;
					};
				};
			};
			buildConfigurationList = 1EA6ACEB256FE7AF006CB2D3 /* Build configuration list for PBXProject "TalkSDKSamples" */;
			compatibilityVersion = "Xcode 9.3";
			developmentRegion = en;
			hasScannedForEncodings = 0;
			knownRegions = (
				en,
				Base,
			);
			mainGroup = 1EA6ACE7256FE7AF006CB2D3;
			productRefGroup = 1EA6ACF1256FE7AF006CB2D3 /* Products */;
			projectDirPath = "";
			projectRoot = "";
			targets = (
				1EA6ACEF256FE7AF006CB2D3 /* TalkSDKSamples */,
			);
		};
/* End PBXProject section */

/* Begin PBXResourcesBuildPhase section */
		1EA6ACEE256FE7AF006CB2D3 /* Resources */ = {
			isa = PBXResourcesBuildPhase;
			buildActionMask = 2147483647;
			files = (
				1EA6AD00256FE7AF006CB2D3 /* LaunchScreen.storyboard in Resources */,
				1EA6ACFD256FE7AF006CB2D3 /* Assets.xcassets in Resources */,
				1EA6ACFB256FE7AF006CB2D3 /* Main.storyboard in Resources */,
			);
			runOnlyForDeploymentPostprocessing = 0;
		};
/* End PBXResourcesBuildPhase section */

/* Begin PBXShellScriptBuildPhase section */
		2068A0D323C26B7442C01AC0 /* [CP] Embed Pods Frameworks */ = {
			isa = PBXShellScriptBuildPhase;
			buildActionMask = 2147483647;
			files = (
			);
			inputFileListPaths = (
				"${PODS_ROOT}/Target Support Files/Pods-TalkSDKSamples/Pods-TalkSDKSamples-frameworks-${CONFIGURATION}-input-files.xcfilelist",
			);
			name = "[CP] Embed Pods Frameworks";
			outputFileListPaths = (
				"${PODS_ROOT}/Target Support Files/Pods-TalkSDKSamples/Pods-TalkSDKSamples-frameworks-${CONFIGURATION}-output-files.xcfilelist",
			);
			runOnlyForDeploymentPostprocessing = 0;
			shellPath = /bin/sh;
			shellScript = "\"${PODS_ROOT}/Target Support Files/Pods-TalkSDKSamples/Pods-TalkSDKSamples-frameworks.sh\"\n";
			showEnvVarsInLog = 0;
		};
		C402F770C3ED2A41CF9FD51A /* [CP] Check Pods Manifest.lock */ = {
			isa = PBXShellScriptBuildPhase;
			buildActionMask = 2147483647;
			files = (
			);
			inputFileListPaths = (
			);
			inputPaths = (
				"${PODS_PODFILE_DIR_PATH}/Podfile.lock",
				"${PODS_ROOT}/Manifest.lock",
			);
			name = "[CP] Check Pods Manifest.lock";
			outputFileListPaths = (
			);
			outputPaths = (
				"$(DERIVED_FILE_DIR)/Pods-TalkSDKSamples-checkManifestLockResult.txt",
			);
			runOnlyForDeploymentPostprocessing = 0;
			shellPath = /bin/sh;
			shellScript = "diff \"${PODS_PODFILE_DIR_PATH}/Podfile.lock\" \"${PODS_ROOT}/Manifest.lock\" > /dev/null\nif [ $? != 0 ] ; then\n    # print error to STDERR\n    echo \"error: The sandbox is not in sync with the Podfile.lock. Run 'pod install' or update your CocoaPods installation.\" >&2\n    exit 1\nfi\n# This output is used by Xcode 'outputs' to avoid re-running this script phase.\necho \"SUCCESS\" > \"${SCRIPT_OUTPUT_FILE_0}\"\n";
			showEnvVarsInLog = 0;
		};
/* End PBXShellScriptBuildPhase section */

/* Begin PBXSourcesBuildPhase section */
		1EA6ACEC256FE7AF006CB2D3 /* Sources */ = {
			isa = PBXSourcesBuildPhase;
			buildActionMask = 2147483647;
			files = (
				1EA6AD2725753AB9006CB2D3 /* CustomStyle.swift in Sources */,
				1EA6AD1F2574E09B006CB2D3 /* ZendeskConfig.swift in Sources */,
				1EA6AD1225711C69006CB2D3 /* AllCustomViewController.swift in Sources */,
				1EA6ACF4256FE7AF006CB2D3 /* AppDelegate.swift in Sources */,
				1E6FE8722576568000819594 /* CustomCallConfigurationViewController.swift in Sources */,
				1EA6AD0B25711C2D006CB2D3 /* AutomaticCallFlowViewController.swift in Sources */,
				1EA6ACF6256FE7AF006CB2D3 /* SceneDelegate.swift in Sources */,
				1EA6AD0E25711C3C006CB2D3 /* ManualCallScreensViewController.swift in Sources */,
			);
			runOnlyForDeploymentPostprocessing = 0;
		};
/* End PBXSourcesBuildPhase section */

/* Begin PBXVariantGroup section */
		1EA6ACF9256FE7AF006CB2D3 /* Main.storyboard */ = {
			isa = PBXVariantGroup;
			children = (
				1EA6ACFA256FE7AF006CB2D3 /* Base */,
			);
			name = Main.storyboard;
			sourceTree = "<group>";
		};
		1EA6ACFE256FE7AF006CB2D3 /* LaunchScreen.storyboard */ = {
			isa = PBXVariantGroup;
			children = (
				1EA6ACFF256FE7AF006CB2D3 /* Base */,
			);
			name = LaunchScreen.storyboard;
			sourceTree = "<group>";
		};
/* End PBXVariantGroup section */

/* Begin XCBuildConfiguration section */
		1EA6AD02256FE7AF006CB2D3 /* Debug */ = {
			isa = XCBuildConfiguration;
			buildSettings = {
				ALWAYS_SEARCH_USER_PATHS = NO;
				CLANG_ANALYZER_NONNULL = YES;
				CLANG_ANALYZER_NUMBER_OBJECT_CONVERSION = YES_AGGRESSIVE;
				CLANG_CXX_LANGUAGE_STANDARD = "gnu++14";
				CLANG_CXX_LIBRARY = "libc++";
				CLANG_ENABLE_MODULES = YES;
				CLANG_ENABLE_OBJC_ARC = YES;
				CLANG_ENABLE_OBJC_WEAK = YES;
				CLANG_WARN_BLOCK_CAPTURE_AUTORELEASING = YES;
				CLANG_WARN_BOOL_CONVERSION = YES;
				CLANG_WARN_COMMA = YES;
				CLANG_WARN_CONSTANT_CONVERSION = YES;
				CLANG_WARN_DEPRECATED_OBJC_IMPLEMENTATIONS = YES;
				CLANG_WARN_DIRECT_OBJC_ISA_USAGE = YES_ERROR;
				CLANG_WARN_DOCUMENTATION_COMMENTS = YES;
				CLANG_WARN_EMPTY_BODY = YES;
				CLANG_WARN_ENUM_CONVERSION = YES;
				CLANG_WARN_INFINITE_RECURSION = YES;
				CLANG_WARN_INT_CONVERSION = YES;
				CLANG_WARN_NON_LITERAL_NULL_CONVERSION = YES;
				CLANG_WARN_OBJC_IMPLICIT_RETAIN_SELF = YES;
				CLANG_WARN_OBJC_LITERAL_CONVERSION = YES;
				CLANG_WARN_OBJC_ROOT_CLASS = YES_ERROR;
				CLANG_WARN_QUOTED_INCLUDE_IN_FRAMEWORK_HEADER = YES;
				CLANG_WARN_RANGE_LOOP_ANALYSIS = YES;
				CLANG_WARN_STRICT_PROTOTYPES = YES;
				CLANG_WARN_SUSPICIOUS_MOVE = YES;
				CLANG_WARN_UNGUARDED_AVAILABILITY = YES_AGGRESSIVE;
				CLANG_WARN_UNREACHABLE_CODE = YES;
				CLANG_WARN__DUPLICATE_METHOD_MATCH = YES;
				COPY_PHASE_STRIP = NO;
				DEBUG_INFORMATION_FORMAT = dwarf;
				ENABLE_STRICT_OBJC_MSGSEND = YES;
				ENABLE_TESTABILITY = YES;
				GCC_C_LANGUAGE_STANDARD = gnu11;
				GCC_DYNAMIC_NO_PIC = NO;
				GCC_NO_COMMON_BLOCKS = YES;
				GCC_OPTIMIZATION_LEVEL = 0;
				GCC_PREPROCESSOR_DEFINITIONS = (
					"DEBUG=1",
					"$(inherited)",
				);
				GCC_WARN_64_TO_32_BIT_CONVERSION = YES;
				GCC_WARN_ABOUT_RETURN_TYPE = YES_ERROR;
				GCC_WARN_UNDECLARED_SELECTOR = YES;
				GCC_WARN_UNINITIALIZED_AUTOS = YES_AGGRESSIVE;
				GCC_WARN_UNUSED_FUNCTION = YES;
				GCC_WARN_UNUSED_VARIABLE = YES;
				IPHONEOS_DEPLOYMENT_TARGET = 14.1;
				MTL_ENABLE_DEBUG_INFO = INCLUDE_SOURCE;
				MTL_FAST_MATH = YES;
				ONLY_ACTIVE_ARCH = YES;
				SDKROOT = iphoneos;
				SWIFT_ACTIVE_COMPILATION_CONDITIONS = DEBUG;
				SWIFT_OPTIMIZATION_LEVEL = "-Onone";
			};
			name = Debug;
		};
		1EA6AD03256FE7AF006CB2D3 /* Release */ = {
			isa = XCBuildConfiguration;
			buildSettings = {
				ALWAYS_SEARCH_USER_PATHS = NO;
				CLANG_ANALYZER_NONNULL = YES;
				CLANG_ANALYZER_NUMBER_OBJECT_CONVERSION = YES_AGGRESSIVE;
				CLANG_CXX_LANGUAGE_STANDARD = "gnu++14";
				CLANG_CXX_LIBRARY = "libc++";
				CLANG_ENABLE_MODULES = YES;
				CLANG_ENABLE_OBJC_ARC = YES;
				CLANG_ENABLE_OBJC_WEAK = YES;
				CLANG_WARN_BLOCK_CAPTURE_AUTORELEASING = YES;
				CLANG_WARN_BOOL_CONVERSION = YES;
				CLANG_WARN_COMMA = YES;
				CLANG_WARN_CONSTANT_CONVERSION = YES;
				CLANG_WARN_DEPRECATED_OBJC_IMPLEMENTATIONS = YES;
				CLANG_WARN_DIRECT_OBJC_ISA_USAGE = YES_ERROR;
				CLANG_WARN_DOCUMENTATION_COMMENTS = YES;
				CLANG_WARN_EMPTY_BODY = YES;
				CLANG_WARN_ENUM_CONVERSION = YES;
				CLANG_WARN_INFINITE_RECURSION = YES;
				CLANG_WARN_INT_CONVERSION = YES;
				CLANG_WARN_NON_LITERAL_NULL_CONVERSION = YES;
				CLANG_WARN_OBJC_IMPLICIT_RETAIN_SELF = YES;
				CLANG_WARN_OBJC_LITERAL_CONVERSION = YES;
				CLANG_WARN_OBJC_ROOT_CLASS = YES_ERROR;
				CLANG_WARN_QUOTED_INCLUDE_IN_FRAMEWORK_HEADER = YES;
				CLANG_WARN_RANGE_LOOP_ANALYSIS = YES;
				CLANG_WARN_STRICT_PROTOTYPES = YES;
				CLANG_WARN_SUSPICIOUS_MOVE = YES;
				CLANG_WARN_UNGUARDED_AVAILABILITY = YES_AGGRESSIVE;
				CLANG_WARN_UNREACHABLE_CODE = YES;
				CLANG_WARN__DUPLICATE_METHOD_MATCH = YES;
				COPY_PHASE_STRIP = NO;
				DEBUG_INFORMATION_FORMAT = "dwarf-with-dsym";
				ENABLE_NS_ASSERTIONS = NO;
				ENABLE_STRICT_OBJC_MSGSEND = YES;
				GCC_C_LANGUAGE_STANDARD = gnu11;
				GCC_NO_COMMON_BLOCKS = YES;
				GCC_WARN_64_TO_32_BIT_CONVERSION = YES;
				GCC_WARN_ABOUT_RETURN_TYPE = YES_ERROR;
				GCC_WARN_UNDECLARED_SELECTOR = YES;
				GCC_WARN_UNINITIALIZED_AUTOS = YES_AGGRESSIVE;
				GCC_WARN_UNUSED_FUNCTION = YES;
				GCC_WARN_UNUSED_VARIABLE = YES;
				IPHONEOS_DEPLOYMENT_TARGET = 14.1;
				MTL_ENABLE_DEBUG_INFO = NO;
				MTL_FAST_MATH = YES;
				SDKROOT = iphoneos;
				SWIFT_COMPILATION_MODE = wholemodule;
				SWIFT_OPTIMIZATION_LEVEL = "-O";
				VALIDATE_PRODUCT = YES;
			};
			name = Release;
		};
		1EA6AD05256FE7AF006CB2D3 /* Debug */ = {
			isa = XCBuildConfiguration;
			baseConfigurationReference = 10D3678C560D5A715BC4E20F /* Pods-TalkSDKSamples.debug.xcconfig */;
			buildSettings = {
				ASSETCATALOG_COMPILER_APPICON_NAME = AppIcon;
				ASSETCATALOG_COMPILER_GLOBAL_ACCENT_COLOR_NAME = AccentColor;
				CODE_SIGN_STYLE = Automatic;
				INFOPLIST_FILE = TalkSDKSamples/Info.plist;
				LD_RUNPATH_SEARCH_PATHS = (
					"$(inherited)",
					"@executable_path/Frameworks",
				);
				PRODUCT_BUNDLE_IDENTIFIER = com.zendesk.TalkSDKSamples;
				PRODUCT_NAME = "$(TARGET_NAME)";
				SWIFT_VERSION = 5.0;
				TARGETED_DEVICE_FAMILY = "1,2";
			};
			name = Debug;
		};
		1EA6AD06256FE7AF006CB2D3 /* Release */ = {
			isa = XCBuildConfiguration;
			baseConfigurationReference = FF33A6816EA5CF5E7C8E4072 /* Pods-TalkSDKSamples.release.xcconfig */;
			buildSettings = {
				ASSETCATALOG_COMPILER_APPICON_NAME = AppIcon;
				ASSETCATALOG_COMPILER_GLOBAL_ACCENT_COLOR_NAME = AccentColor;
				CODE_SIGN_STYLE = Automatic;
				INFOPLIST_FILE = TalkSDKSamples/Info.plist;
				LD_RUNPATH_SEARCH_PATHS = (
					"$(inherited)",
					"@executable_path/Frameworks",
				);
				PRODUCT_BUNDLE_IDENTIFIER = com.zendesk.TalkSDKSamples;
				PRODUCT_NAME = "$(TARGET_NAME)";
				SWIFT_VERSION = 5.0;
				TARGETED_DEVICE_FAMILY = "1,2";
			};
			name = Release;
		};
/* End XCBuildConfiguration section */

/* Begin XCConfigurationList section */
		1EA6ACEB256FE7AF006CB2D3 /* Build configuration list for PBXProject "TalkSDKSamples" */ = {
			isa = XCConfigurationList;
			buildConfigurations = (
				1EA6AD02256FE7AF006CB2D3 /* Debug */,
				1EA6AD03256FE7AF006CB2D3 /* Release */,
			);
			defaultConfigurationIsVisible = 0;
			defaultConfigurationName = Release;
		};
		1EA6AD04256FE7AF006CB2D3 /* Build configuration list for PBXNativeTarget "TalkSDKSamples" */ = {
			isa = XCConfigurationList;
			buildConfigurations = (
				1EA6AD05256FE7AF006CB2D3 /* Debug */,
				1EA6AD06256FE7AF006CB2D3 /* Release */,
			);
			defaultConfigurationIsVisible = 0;
			defaultConfigurationName = Release;
		};
/* End XCConfigurationList section */
	};
	rootObject = 1EA6ACE8256FE7AF006CB2D3 /* Project object */;
}
