// !$*UTF8*$!
{
	archiveVersion = 1;
	classes = {
	};
	objectVersion = 50;
	objects = {

/* Begin PBXBuildFile section */
		43004B4520B4494100980425 /* AppDelegate.swift in Sources */ = {isa = PBXBuildFile; fileRef = 43004B4420B4494100980425 /* AppDelegate.swift */; };
		43004B4C20B4494300980425 /* Assets.xcassets in Resources */ = {isa = PBXBuildFile; fileRef = 43004B4B20B4494300980425 /* Assets.xcassets */; };
		43D99A5F216CE85200EF2AB5 /* ViewController.swift in Sources */ = {isa = PBXBuildFile; fileRef = 43D99A5E216CE85200EF2AB5 /* ViewController.swift */; };
		43DA5024216CE77E00B3E357 /* Main.storyboard in Resources */ = {isa = PBXBuildFile; fileRef = 43004B4820B4494100980425 /* Main.storyboard */; };
		43DA5025216CE77E00B3E357 /* LaunchScreen.storyboard in Resources */ = {isa = PBXBuildFile; fileRef = 43004B4D20B4494300980425 /* LaunchScreen.storyboard */; };
		FA79DD6C2116518A4250583F /* Pods_CocoaPodSample.framework in Frameworks */ = {isa = PBXBuildFile; fileRef = D158A2A93EF05A69CC307B0B /* Pods_CocoaPodSample.framework */; };
/* End PBXBuildFile section */

/* Begin PBXFileReference section */
		3E34FAAA11564ABF5979FBE4 /* Pods-CocoaPodSample.debug.xcconfig */ = {isa = PBXFileReference; includeInIndex = 1; lastKnownFileType = text.xcconfig; name = "Pods-CocoaPodSample.debug.xcconfig"; path = "Pods/Target Support Files/Pods-CocoaPodSample/Pods-CocoaPodSample.debug.xcconfig"; sourceTree = "<group>"; };
		43004B4120B4494100980425 /* CocoaPodSample.app */ = {isa = PBXFileReference; explicitFileType = wrapper.application; includeInIndex = 0; path = CocoaPodSample.app; sourceTree = BUILT_PRODUCTS_DIR; };
		43004B4420B4494100980425 /* AppDelegate.swift */ = {isa = PBXFileReference; lastKnownFileType = sourcecode.swift; path = AppDelegate.swift; sourceTree = "<group>"; };
		43004B4920B4494100980425 /* Base */ = {isa = PBXFileReference; lastKnownFileType = file.storyboard; name = Base; path = Base.lproj/Main.storyboard; sourceTree = "<group>"; };
		43004B4B20B4494300980425 /* Assets.xcassets */ = {isa = PBXFileReference; lastKnownFileType = folder.assetcatalog; path = Assets.xcassets; sourceTree = "<group>"; };
		43004B4E20B4494300980425 /* Base */ = {isa = PBXFileReference; lastKnownFileType = file.storyboard; name = Base; path = Base.lproj/LaunchScreen.storyboard; sourceTree = "<group>"; };
		43004B5020B4494300980425 /* Info.plist */ = {isa = PBXFileReference; lastKnownFileType = text.plist.xml; path = Info.plist; sourceTree = "<group>"; };
		43D99A5E216CE85200EF2AB5 /* ViewController.swift */ = {isa = PBXFileReference; fileEncoding = 4; lastKnownFileType = sourcecode.swift; path = ViewController.swift; sourceTree = "<group>"; };
		D158A2A93EF05A69CC307B0B /* Pods_CocoaPodSample.framework */ = {isa = PBXFileReference; explicitFileType = wrapper.framework; includeInIndex = 0; path = Pods_CocoaPodSample.framework; sourceTree = BUILT_PRODUCTS_DIR; };
		DF11EEEC00E1E4F23232DE8B /* Pods-CocoaPodSample.release.xcconfig */ = {isa = PBXFileReference; includeInIndex = 1; lastKnownFileType = text.xcconfig; name = "Pods-CocoaPodSample.release.xcconfig"; path = "Pods/Target Support Files/Pods-CocoaPodSample/Pods-CocoaPodSample.release.xcconfig"; sourceTree = "<group>"; };
/* End PBXFileReference section */

/* Begin PBXFrameworksBuildPhase section */
		43004B3E20B4494100980425 /* Frameworks */ = {
			isa = PBXFrameworksBuildPhase;
			buildActionMask = 2147483647;
			files = (
				FA79DD6C2116518A4250583F /* Pods_CocoaPodSample.framework in Frameworks */,
			);
			runOnlyForDeploymentPostprocessing = 0;
		};
/* End PBXFrameworksBuildPhase section */

/* Begin PBXGroup section */
		43004B3820B4494100980425 = {
			isa = PBXGroup;
			children = (
				43004B4320B4494100980425 /* CocoaPodSample */,
				43004B4220B4494100980425 /* Products */,
				58D89FEEC728BAEA0A81CA84 /* Pods */,
				55390B3DCED381D0DDEEA561 /* Frameworks */,
			);
			sourceTree = "<group>";
		};
		43004B4220B4494100980425 /* Products */ = {
			isa = PBXGroup;
			children = (
				43004B4120B4494100980425 /* CocoaPodSample.app */,
			);
			name = Products;
			sourceTree = "<group>";
		};
		43004B4320B4494100980425 /* CocoaPodSample */ = {
			isa = PBXGroup;
			children = (
				43004B4420B4494100980425 /* AppDelegate.swift */,
				43D99A5E216CE85200EF2AB5 /* ViewController.swift */,
				43004B4820B4494100980425 /* Main.storyboard */,
				43004B4B20B4494300980425 /* Assets.xcassets */,
				43004B4D20B4494300980425 /* LaunchScreen.storyboard */,
				43004B5020B4494300980425 /* Info.plist */,
			);
			path = CocoaPodSample;
			sourceTree = "<group>";
		};
		55390B3DCED381D0DDEEA561 /* Frameworks */ = {
			isa = PBXGroup;
			children = (
				D158A2A93EF05A69CC307B0B /* Pods_CocoaPodSample.framework */,
			);
			name = Frameworks;
			sourceTree = "<group>";
		};
		58D89FEEC728BAEA0A81CA84 /* Pods */ = {
			isa = PBXGroup;
			children = (
				3E34FAAA11564ABF5979FBE4 /* Pods-CocoaPodSample.debug.xcconfig */,
				DF11EEEC00E1E4F23232DE8B /* Pods-CocoaPodSample.release.xcconfig */,
			);
			name = Pods;
			sourceTree = "<group>";
		};
/* End PBXGroup section */

/* Begin PBXNativeTarget section */
		43004B4020B4494100980425 /* CocoaPodSample */ = {
			isa = PBXNativeTarget;
			buildConfigurationList = 43004B5320B4494300980425 /* Build configuration list for PBXNativeTarget "CocoaPodSample" */;
			buildPhases = (
				A0DDA77E06270531D0984B59 /* [CP] Check Pods Manifest.lock */,
				43004B3D20B4494100980425 /* Sources */,
				43004B3E20B4494100980425 /* Frameworks */,
				43004B3F20B4494100980425 /* Resources */,
				0AE85321DC3C252CFCAE3660 /* [CP] Embed Pods Frameworks */,
				831208E0CC413F441ECB31F6 /* [CP] Copy Pods Resources */,
			);
			buildRules = (
			);
			dependencies = (
			);
			name = CocoaPodSample;
			productName = CocoaPodSample;
			productReference = 43004B4120B4494100980425 /* CocoaPodSample.app */;
			productType = "com.apple.product-type.application";
		};
/* End PBXNativeTarget section */

/* Begin PBXProject section */
		43004B3920B4494100980425 /* Project object */ = {
			isa = PBXProject;
			attributes = {
				LastSwiftUpdateCheck = 0930;
				LastUpgradeCheck = 0930;
				ORGANIZATIONNAME = "Killian Smith";
				TargetAttributes = {
					43004B4020B4494100980425 = {
						CreatedOnToolsVersion = 9.3;
					};
				};
			};
			buildConfigurationList = 43004B3C20B4494100980425 /* Build configuration list for PBXProject "CocoaPodSample" */;
			compatibilityVersion = "Xcode 9.3";
			developmentRegion = en;
			hasScannedForEncodings = 0;
			knownRegions = (
				en,
				Base,
			);
			mainGroup = 43004B3820B4494100980425;
			productRefGroup = 43004B4220B4494100980425 /* Products */;
			projectDirPath = "";
			projectRoot = "";
			targets = (
				43004B4020B4494100980425 /* CocoaPodSample */,
			);
		};
/* End PBXProject section */

/* Begin PBXResourcesBuildPhase section */
		43004B3F20B4494100980425 /* Resources */ = {
			isa = PBXResourcesBuildPhase;
			buildActionMask = 2147483647;
			files = (
				43DA5024216CE77E00B3E357 /* Main.storyboard in Resources */,
				43DA5025216CE77E00B3E357 /* LaunchScreen.storyboard in Resources */,
				43004B4C20B4494300980425 /* Assets.xcassets in Resources */,
			);
			runOnlyForDeploymentPostprocessing = 0;
		};
/* End PBXResourcesBuildPhase section */

/* Begin PBXShellScriptBuildPhase section */
		0AE85321DC3C252CFCAE3660 /* [CP] Embed Pods Frameworks */ = {
			isa = PBXShellScriptBuildPhase;
			buildActionMask = 2147483647;
			files = (
			);
			inputPaths = (
				"${PODS_ROOT}/Target Support Files/Pods-CocoaPodSample/Pods-CocoaPodSample-frameworks.sh",
				"${PODS_ROOT}/ZendeskSDK/ZendeskSDK/4.2.1/ZendeskCoreSDK.framework",
				"${PODS_ROOT}/ZendeskSDK/ZendeskSDK/4.2.1/ZendeskProviderSDK.framework",
				"${PODS_ROOT}/ZendeskSDK/ZendeskSDK/4.2.1/ZendeskSDK.framework",
			);
			name = "[CP] Embed Pods Frameworks";
			outputPaths = (
				"${TARGET_BUILD_DIR}/${FRAMEWORKS_FOLDER_PATH}/ZendeskCoreSDK.framework",
				"${TARGET_BUILD_DIR}/${FRAMEWORKS_FOLDER_PATH}/ZendeskProviderSDK.framework",
				"${TARGET_BUILD_DIR}/${FRAMEWORKS_FOLDER_PATH}/ZendeskSDK.framework",
			);
			runOnlyForDeploymentPostprocessing = 0;
			shellPath = /bin/sh;
			shellScript = "\"${PODS_ROOT}/Target Support Files/Pods-CocoaPodSample/Pods-CocoaPodSample-frameworks.sh\"\n";
			showEnvVarsInLog = 0;
		};
		831208E0CC413F441ECB31F6 /* [CP] Copy Pods Resources */ = {
			isa = PBXShellScriptBuildPhase;
			buildActionMask = 2147483647;
			files = (
			);
			inputPaths = (
				"${PODS_ROOT}/Target Support Files/Pods-CocoaPodSample/Pods-CocoaPodSample-resources.sh",
				"${PODS_ROOT}/ZendeskSDK/ZendeskSDK/4.2.1/ZendeskSDKStrings.bundle",
			);
			name = "[CP] Copy Pods Resources";
			outputPaths = (
				"${TARGET_BUILD_DIR}/${UNLOCALIZED_RESOURCES_FOLDER_PATH}/ZendeskSDKStrings.bundle",
			);
			runOnlyForDeploymentPostprocessing = 0;
			shellPath = /bin/sh;
			shellScript = "\"${PODS_ROOT}/Target Support Files/Pods-CocoaPodSample/Pods-CocoaPodSample-resources.sh\"\n";
			showEnvVarsInLog = 0;
		};
		A0DDA77E06270531D0984B59 /* [CP] Check Pods Manifest.lock */ = {
			isa = PBXShellScriptBuildPhase;
			buildActionMask = 2147483647;
			files = (
			);
			inputPaths = (
				"${PODS_PODFILE_DIR_PATH}/Podfile.lock",
				"${PODS_ROOT}/Manifest.lock",
			);
			name = "[CP] Check Pods Manifest.lock";
			outputPaths = (
				"$(DERIVED_FILE_DIR)/Pods-CocoaPodSample-checkManifestLockResult.txt",
			);
			runOnlyForDeploymentPostprocessing = 0;
			shellPath = /bin/sh;
			shellScript = "diff \"${PODS_PODFILE_DIR_PATH}/Podfile.lock\" \"${PODS_ROOT}/Manifest.lock\" > /dev/null\nif [ $? != 0 ] ; then\n    # print error to STDERR\n    echo \"error: The sandbox is not in sync with the Podfile.lock. Run 'pod install' or update your CocoaPods installation.\" >&2\n    exit 1\nfi\n# This output is used by Xcode 'outputs' to avoid re-running this script phase.\necho \"SUCCESS\" > \"${SCRIPT_OUTPUT_FILE_0}\"\n";
			showEnvVarsInLog = 0;
		};
/* End PBXShellScriptBuildPhase section */

/* Begin PBXSourcesBuildPhase section */
		43004B3D20B4494100980425 /* Sources */ = {
			isa = PBXSourcesBuildPhase;
			buildActionMask = 2147483647;
			files = (
				43D99A5F216CE85200EF2AB5 /* ViewController.swift in Sources */,
				43004B4520B4494100980425 /* AppDelegate.swift in Sources */,
			);
			runOnlyForDeploymentPostprocessing = 0;
		};
/* End PBXSourcesBuildPhase section */

/* Begin PBXVariantGroup section */
		43004B4820B4494100980425 /* Main.storyboard */ = {
			isa = PBXVariantGroup;
			children = (
				43004B4920B4494100980425 /* Base */,
			);
			name = Main.storyboard;
			sourceTree = "<group>";
		};
		43004B4D20B4494300980425 /* LaunchScreen.storyboard */ = {
			isa = PBXVariantGroup;
			children = (
				43004B4E20B4494300980425 /* Base */,
			);
			name = LaunchScreen.storyboard;
			sourceTree = "<group>";
		};
/* End PBXVariantGroup section */

/* Begin XCBuildConfiguration section */
		43004B5120B4494300980425 /* Debug */ = {
			isa = XCBuildConfiguration;
			buildSettings = {
				ALWAYS_SEARCH_USER_PATHS = NO;
				CLANG_ANALYZER_NONNULL = YES;
				CLANG_ANALYZER_NUMBER_OBJECT_CONVERSION = YES_AGGRESSIVE;
				CLANG_CXX_LANGUAGE_STANDARD = "gnu++14";
				CLANG_CXX_LIBRARY = "libc++";
				CLANG_ENABLE_MODULES = YES;
				CLANG_ENABLE_OBJC_ARC = YES;
				CLANG_ENABLE_OBJC_WEAK = YES;
				CLANG_WARN_BLOCK_CAPTURE_AUTORELEASING = YES;
				CLANG_WARN_BOOL_CONVERSION = YES;
				CLANG_WARN_COMMA = YES;
				CLANG_WARN_CONSTANT_CONVERSION = YES;
				CLANG_WARN_DEPRECATED_OBJC_IMPLEMENTATIONS = YES;
				CLANG_WARN_DIRECT_OBJC_ISA_USAGE = YES_ERROR;
				CLANG_WARN_DOCUMENTATION_COMMENTS = YES;
				CLANG_WARN_EMPTY_BODY = YES;
				CLANG_WARN_ENUM_CONVERSION = YES;
				CLANG_WARN_INFINITE_RECURSION = YES;
				CLANG_WARN_INT_CONVERSION = YES;
				CLANG_WARN_NON_LITERAL_NULL_CONVERSION = YES;
				CLANG_WARN_OBJC_IMPLICIT_RETAIN_SELF = YES;
				CLANG_WARN_OBJC_LITERAL_CONVERSION = YES;
				CLANG_WARN_OBJC_ROOT_CLASS = YES_ERROR;
				CLANG_WARN_RANGE_LOOP_ANALYSIS = YES;
				CLANG_WARN_STRICT_PROTOTYPES = YES;
				CLANG_WARN_SUSPICIOUS_MOVE = YES;
				CLANG_WARN_UNGUARDED_AVAILABILITY = YES_AGGRESSIVE;
				CLANG_WARN_UNREACHABLE_CODE = YES;
				CLANG_WARN__DUPLICATE_METHOD_MATCH = YES;
				CODE_SIGN_IDENTITY = "iPhone Developer";
				COPY_PHASE_STRIP = NO;
				DEBUG_INFORMATION_FORMAT = dwarf;
				ENABLE_STRICT_OBJC_MSGSEND = YES;
				ENABLE_TESTABILITY = YES;
				GCC_C_LANGUAGE_STANDARD = gnu11;
				GCC_DYNAMIC_NO_PIC = NO;
				GCC_NO_COMMON_BLOCKS = YES;
				GCC_OPTIMIZATION_LEVEL = 0;
				GCC_PREPROCESSOR_DEFINITIONS = (
					"DEBUG=1",
					"$(inherited)",
				);
				GCC_WARN_64_TO_32_BIT_CONVERSION = YES;
				GCC_WARN_ABOUT_RETURN_TYPE = YES_ERROR;
				GCC_WARN_UNDECLARED_SELECTOR = YES;
				GCC_WARN_UNINITIALIZED_AUTOS = YES_AGGRESSIVE;
				GCC_WARN_UNUSED_FUNCTION = YES;
				GCC_WARN_UNUSED_VARIABLE = YES;
				IPHONEOS_DEPLOYMENT_TARGET = 11.3;
				MTL_ENABLE_DEBUG_INFO = YES;
				ONLY_ACTIVE_ARCH = YES;
				SDKROOT = iphoneos;
				SWIFT_ACTIVE_COMPILATION_CONDITIONS = DEBUG;
				SWIFT_OPTIMIZATION_LEVEL = "-Onone";
			};
			name = Debug;
		};
		43004B5220B4494300980425 /* Release */ = {
			isa = XCBuildConfiguration;
			buildSettings = {
				ALWAYS_SEARCH_USER_PATHS = NO;
				CLANG_ANALYZER_NONNULL = YES;
				CLANG_ANALYZER_NUMBER_OBJECT_CONVERSION = YES_AGGRESSIVE;
				CLANG_CXX_LANGUAGE_STANDARD = "gnu++14";
				CLANG_CXX_LIBRARY = "libc++";
				CLANG_ENABLE_MODULES = YES;
				CLANG_ENABLE_OBJC_ARC = YES;
				CLANG_ENABLE_OBJC_WEAK = YES;
				CLANG_WARN_BLOCK_CAPTURE_AUTORELEASING = YES;
				CLANG_WARN_BOOL_CONVERSION = YES;
				CLANG_WARN_COMMA = YES;
				CLANG_WARN_CONSTANT_CONVERSION = YES;
				CLANG_WARN_DEPRECATED_OBJC_IMPLEMENTATIONS = YES;
				CLANG_WARN_DIRECT_OBJC_ISA_USAGE = YES_ERROR;
				CLANG_WARN_DOCUMENTATION_COMMENTS = YES;
				CLANG_WARN_EMPTY_BODY = YES;
				CLANG_WARN_ENUM_CONVERSION = YES;
				CLANG_WARN_INFINITE_RECURSION = YES;
				CLANG_WARN_INT_CONVERSION = YES;
				CLANG_WARN_NON_LITERAL_NULL_CONVERSION = YES;
				CLANG_WARN_OBJC_IMPLICIT_RETAIN_SELF = YES;
				CLANG_WARN_OBJC_LITERAL_CONVERSION = YES;
				CLANG_WARN_OBJC_ROOT_CLASS = YES_ERROR;
				CLANG_WARN_RANGE_LOOP_ANALYSIS = YES;
				CLANG_WARN_STRICT_PROTOTYPES = YES;
				CLANG_WARN_SUSPICIOUS_MOVE = YES;
				CLANG_WARN_UNGUARDED_AVAILABILITY = YES_AGGRESSIVE;
				CLANG_WARN_UNREACHABLE_CODE = YES;
				CLANG_WARN__DUPLICATE_METHOD_MATCH = YES;
				CODE_SIGN_IDENTITY = "iPhone Developer";
				COPY_PHASE_STRIP = NO;
				DEBUG_INFORMATION_FORMAT = "dwarf-with-dsym";
				ENABLE_NS_ASSERTIONS = NO;
				ENABLE_STRICT_OBJC_MSGSEND = YES;
				GCC_C_LANGUAGE_STANDARD = gnu11;
				GCC_NO_COMMON_BLOCKS = YES;
				GCC_WARN_64_TO_32_BIT_CONVERSION = YES;
				GCC_WARN_ABOUT_RETURN_TYPE = YES_ERROR;
				GCC_WARN_UNDECLARED_SELECTOR = YES;
				GCC_WARN_UNINITIALIZED_AUTOS = YES_AGGRESSIVE;
				GCC_WARN_UNUSED_FUNCTION = YES;
				GCC_WARN_UNUSED_VARIABLE = YES;
				IPHONEOS_DEPLOYMENT_TARGET = 11.3;
				MTL_ENABLE_DEBUG_INFO = NO;
				SDKROOT = iphoneos;
				SWIFT_COMPILATION_MODE = wholemodule;
				SWIFT_OPTIMIZATION_LEVEL = "-O";
				VALIDATE_PRODUCT = YES;
			};
			name = Release;
		};
		43004B5420B4494300980425 /* Debug */ = {
			isa = XCBuildConfiguration;
			baseConfigurationReference = 3E34FAAA11564ABF5979FBE4 /* Pods-CocoaPodSample.debug.xcconfig */;
			buildSettings = {
				ASSETCATALOG_COMPILER_APPICON_NAME = AppIcon;
				CODE_SIGN_STYLE = Automatic;
				DEVELOPMENT_TEAM = "";
				INFOPLIST_FILE = CocoaPodSample/Info.plist;
				IPHONEOS_DEPLOYMENT_TARGET = 9.0;
				LD_RUNPATH_SEARCH_PATHS = (
					"$(inherited)",
					"@executable_path/Frameworks",
				);
				PRODUCT_BUNDLE_IDENTIFIER = com.zendesk.sampleApp;
				PRODUCT_NAME = "$(TARGET_NAME)";
				SWIFT_VERSION = 4.2;
				TARGETED_DEVICE_FAMILY = "1,2";
			};
			name = Debug;
		};
		43004B5520B4494300980425 /* Release */ = {
			isa = XCBuildConfiguration;
			baseConfigurationReference = DF11EEEC00E1E4F23232DE8B /* Pods-CocoaPodSample.release.xcconfig */;
			buildSettings = {
				ASSETCATALOG_COMPILER_APPICON_NAME = AppIcon;
				CODE_SIGN_STYLE = Automatic;
				DEVELOPMENT_TEAM = "";
				INFOPLIST_FILE = CocoaPodSample/Info.plist;
				IPHONEOS_DEPLOYMENT_TARGET = 9.0;
				LD_RUNPATH_SEARCH_PATHS = (
					"$(inherited)",
					"@executable_path/Frameworks",
				);
				PRODUCT_BUNDLE_IDENTIFIER = com.zendesk.sampleApp;
				PRODUCT_NAME = "$(TARGET_NAME)";
				SWIFT_VERSION = 4.2;
				TARGETED_DEVICE_FAMILY = "1,2";
			};
			name = Release;
		};
/* End XCBuildConfiguration section */

/* Begin XCConfigurationList section */
		43004B3C20B4494100980425 /* Build configuration list for PBXProject "CocoaPodSample" */ = {
			isa = XCConfigurationList;
			buildConfigurations = (
				43004B5120B4494300980425 /* Debug */,
				43004B5220B4494300980425 /* Release */,
			);
			defaultConfigurationIsVisible = 0;
			defaultConfigurationName = Release;
		};
		43004B5320B4494300980425 /* Build configuration list for PBXNativeTarget "CocoaPodSample" */ = {
			isa = XCConfigurationList;
			buildConfigurations = (
				43004B5420B4494300980425 /* Debug */,
				43004B5520B4494300980425 /* Release */,
			);
			defaultConfigurationIsVisible = 0;
			defaultConfigurationName = Release;
		};
/* End XCConfigurationList section */
	};
	rootObject = 43004B3920B4494100980425 /* Project object */;
}
