PODS:
  - CropViewController (2.5.2)
  - DateToolsSwift (4.0.0)
  - DKCamera (1.6.6)
  - DKImagePickerController (4.1.7):
    - DKImagePickerController/Camera (= 4.1.7)
    - DKImagePickerController/Core (= 4.1.7)
    - DKImagePickerController/ImageDataManager (= 4.1.7)
    - DKImagePickerController/InlineCamera (= 4.1.7)
    - DKImagePickerController/PhotoEditor (= 4.1.7)
    - DKImagePickerController/PhotoGallery (= 4.1.7)
    - DKImagePickerController/Resource (= 4.1.7)
  - DKImagePickerController/Camera (4.1.7):
    - DKCamera
    - DKImagePickerController/Core
  - DKImagePickerController/Core (4.1.7):
    - DKImagePickerController/ImageDataManager
    - DKImagePickerController/Resource
  - DKImagePickerController/ImageDataManager (4.1.7)
  - DKImagePickerController/InlineCamera (4.1.7):
    - DKCamera
    - DKImagePickerController/Core
  - DKImagePickerController/PhotoEditor (4.1.7):
    - CropViewController (~> 2.4)
    - DKImagePickerController/Core
  - DKImagePickerController/PhotoGallery (4.1.7):
    - DKImagePickerController/Core
    - DKPhotoGallery
  - DKImagePickerController/Resource (4.1.7)
  - DKPhotoGallery (0.0.14):
    - DKPhotoGallery/Core (= 0.0.14)
    - DKPhotoGallery/Model (= 0.0.14)
    - DKPhotoGallery/Preview (= 0.0.14)
    - DKPhotoGallery/Resource (= 0.0.14)
    - SDWebImage
    - SDWebImageFLPlugin
  - DKPhotoGallery/Core (0.0.14):
    - DKPhotoGallery/Model
    - DKPhotoGallery/Preview
    - SDWebImage
    - SDWebImageFLPlugin
  - DKPhotoGallery/Model (0.0.14):
    - SDWebImage
    - SDWebImageFLPlugin
  - DKPhotoGallery/Preview (0.0.14):
    - DKPhotoGallery/Model
    - DKPhotoGallery/Resource
    - SDWebImage
    - SDWebImageFLPlugin
  - DKPhotoGallery/Resource (0.0.14):
    - SDWebImage
    - SDWebImageFLPlugin
  - FLAnimatedImage (1.0.12)
  - SDWebImage (5.4.0):
    - SDWebImage/Core (= 5.4.0)
  - SDWebImage/Core (5.4.0)
  - SDWebImageFLPlugin (0.3.0):
    - FLAnimatedImage (>= 1.0.11)
    - SDWebImage/Core (~> 5.0)
  - ZDCChat/API (1.4.4)

DEPENDENCIES:
  - DateToolsSwift
  - DKImagePickerController (= 4.1.7)
  - SDWebImage
  - ZDCChat/API

SPEC REPOS:
  trunk:
    - CropViewController
    - DateToolsSwift
    - DKCamera
    - DKImagePickerController
    - DKPhotoGallery
    - FLAnimatedImage
    - SDWebImage
    - SDWebImageFLPlugin
    - ZDCChat

SPEC CHECKSUMS:
  CropViewController: 1aac40093c5739e60d992b04724a55d12a689a4c
  DateToolsSwift: 875d97ff9e3a5d54abdd67a269b3f51c757b71ab
  DKCamera: d6fad4db4b25c00eefe6904e9c86a926034d0c62
  DKImagePickerController: 6ffad961c212b0debf644f3d1aa72d0a2ee03d5f
  DKPhotoGallery: 0290d32343574f06eaa4c26f8f2f8a1035e916be
  FLAnimatedImage: 4a0b56255d9b05f18b6dd7ee06871be5d3b89e31
  SDWebImage: 5bf6aec6481ae2a062bdc59f9d6c1d1e552090e0
  SDWebImageFLPlugin: cf3f4ae49f249dd785129346fd61bbc8433a88cf
  ZDCChat: 02340a2389a4b7d9f6c78bf2374130875ebffb9b

PODFILE CHECKSUM: 36f7357fba85606c7ce6c2a9803292cf1ef76505

COCOAPODS: 1.8.4
