PODS:
  - ZendeskCommonUISDK (6.1.2)
  - ZendeskCoreSDK (2.6.0)
  - ZendeskMessagingAPISDK (3.8.3):
    - ZendeskSDKConfigurationsSDK (~> 1.1.9)
  - ZendeskMessagingSDK (3.8.3):
    - ZendeskCommonUISDK (~> 6.1.2)
    - ZendeskMessagingAPISDK (~> 3.8.3)
  - ZendeskSDKConfigurationsSDK (1.1.9)
  - ZendeskSupportProvidersSDK (5.4.0):
    - ZendeskCoreSDK (~> 2.6.0)
  - ZendeskSupportSDK (5.4.0):
    - ZendeskMessagingSDK (~> 3.8.3)
    - ZendeskSupportProvidersSDK (~> 5.4.0)

DEPENDENCIES:
  - ZendeskSupportSDK

SPEC REPOS:
  https://github.com/CocoaPods/Specs.git:
    - ZendeskCommonUISDK
    - ZendeskCoreSDK
    - ZendeskMessagingAPISDK
    - ZendeskMessagingSDK
    - ZendeskSDKConfigurationsSDK
    - ZendeskSupportProvidersSDK
    - ZendeskSupportSDK

SPEC CHECKSUMS:
  ZendeskCommonUISDK: 5808802951ad2bb424f0bed4259dc3c0ce9b52ec
  ZendeskCoreSDK: 19a18e5ef2edcb18f4dbc0ea0d12bd31f515712a
  ZendeskMessagingAPISDK: 144e0fb0e633a3c4e73149b781ab65338938d5a8
  ZendeskMessagingSDK: 500e83d9413481e95180c37ddca0d4ef9d515600
  ZendeskSDKConfigurationsSDK: 8371b468db0d09e9198f6c5a97818826943ee1ee
  ZendeskSupportProvidersSDK: 2bdf8544f7cd0fd4c002546f5704b813845beb2a
  ZendeskSupportSDK: 3a8e508ab1d9dd22dc038df6c694466414e037ba

PODFILE CHECKSUM: 4b926eb9103d3cce4ac291192a7ad3c89e4cbb89

COCOAPODS: 1.10.2
