PODS:
  - ZendeskSDK (4.0.1):
    - ZendeskSDK/Providers (= 4.0.1)
    - ZendeskSDK/UI (= 4.0.1)
  - ZendeskSDK/Core (4.0.1)
  - ZendeskSDK/Providers (4.0.1):
    - ZendeskSDK/Core
  - ZendeskSDK/UI (4.0.1):
    - ZendeskSDK/Core
    - ZendeskSDK/Providers

DEPENDENCIES:
  - ZendeskSDK

SPEC REPOS:
  https://github.com/CocoaPods/Specs.git:
    - ZendeskSDK

SPEC CHECKSUMS:
  ZendeskSDK: a5d4a6b1f117ed3177d72bbcc09b51d7600dd299

PODFILE CHECKSUM: 00d7da1d946447458e6340169066953ed19a025f

COCOAPODS: 1.8.4
