PODS:
  - ZendeskCommonUISDK (9.0.3)
  - ZendeskCoreSDK (5.0.5)
  - ZendeskMessagingAPISDK (6.0.2):
    - ZendeskSDKConfigurationsSDK (~> 4.0.1)
  - ZendeskMessagingSDK (6.0.3):
    - ZendeskCommonUISDK (~> 9.0.3)
    - ZendeskMessagingAPISDK (~> 6.0.2)
  - ZendeskSDKConfigurationsSDK (4.0.1)
  - ZendeskSupportProvidersSDK (9.0.0):
    - ZendeskCoreSDK (~> 5.0.5)
  - ZendeskSupportSDK (9.0.0):
    - ZendeskMessagingSDK (~> 6.0.3)
    - ZendeskSupportProvidersSDK (~> 9.0.0)

DEPENDENCIES:
  - ZendeskSupportSDK (~> 9.0.0)

SPEC REPOS:
  https://github.com/CocoaPods/Specs.git:
    - ZendeskCommonUISDK
    - ZendeskCoreSDK
    - ZendeskMessagingAPISDK
    - ZendeskMessagingSDK
    - ZendeskSDKConfigurationsSDK
    - ZendeskSupportProvidersSDK
    - ZendeskSupportSDK

SPEC CHECKSUMS:
  ZendeskCommonUISDK: f3ce3e7a1bd7762550a78dbaff57509f3112c22b
  ZendeskCoreSDK: c542b3f82abc3ee52e1291c6fb3436515e098806
  ZendeskMessagingAPISDK: 5b3a9d16f2f4d8b3c07b4ca0451a7cf9bfd8107d
  ZendeskMessagingSDK: 3915f0647246f079dd20bf2fd85084f495598fde
  ZendeskSDKConfigurationsSDK: d0b28eeb9c3d88191cfd2c7f246b2522c8c357f4
  ZendeskSupportProvidersSDK: 281acf2bb731d2a67f913cfe653ed0da9f5b2f42
  ZendeskSupportSDK: b512cfc74b6bf8490e589f02cf52e27ed4f2bebe

PODFILE CHECKSUM: 02a57cd85dad5bcb00ecee4a29d31b90664c0606

COCOAPODS: 1.15.2
