// !$*UTF8*$!
{
	archiveVersion = 1;
	classes = {
	};
	objectVersion = 52;
	objects = {

/* Begin PBXBuildFile section */
		2257BE6025E54AD600664840 /* ZendeskChatSDK in Frameworks */ = {isa = PBXBuildFile; productRef = 2257BE5F25E54AD600664840 /* ZendeskChatSDK */; };
		2257BE6825E54B4A00664840 /* ZendeskSupportSDK in Frameworks */ = {isa = PBXBuildFile; productRef = 2257BE6725E54B4A00664840 /* ZendeskSupportSDK */; };
		22CFE20E2449C4DD00EB7391 /* AppDelegate.swift in Sources */ = {isa = PBXBuildFile; fileRef = 22CFE20D2449C4DD00EB7391 /* AppDelegate.swift */; };
		22CFE2102449C4DD00EB7391 /* SceneDelegate.swift in Sources */ = {isa = PBXBuildFile; fileRef = 22CFE20F2449C4DD00EB7391 /* SceneDelegate.swift */; };
		22CFE2122449C4DD00EB7391 /* ViewController.swift in Sources */ = {isa = PBXBuildFile; fileRef = 22CFE2112449C4DD00EB7391 /* ViewController.swift */; };
		22CFE2152449C4DD00EB7391 /* Main.storyboard in Resources */ = {isa = PBXBuildFile; fileRef = 22CFE2132449C4DD00EB7391 /* Main.storyboard */; };
		22CFE2172449C4DE00EB7391 /* Assets.xcassets in Resources */ = {isa = PBXBuildFile; fileRef = 22CFE2162449C4DE00EB7391 /* Assets.xcassets */; };
		22CFE21A2449C4DE00EB7391 /* LaunchScreen.storyboard in Resources */ = {isa = PBXBuildFile; fileRef = 22CFE2182449C4DE00EB7391 /* LaunchScreen.storyboard */; };
		22CFE2222449C6A300EB7391 /* ZendeskMessaging.swift in Sources */ = {isa = PBXBuildFile; fileRef = 22CFE2212449C6A300EB7391 /* ZendeskMessaging.swift */; };
/* End PBXBuildFile section */

/* Begin PBXFileReference section */
		22CFE20A2449C4DD00EB7391 /* UnifiedSDK.app */ = {isa = PBXFileReference; explicitFileType = wrapper.application; includeInIndex = 0; path = UnifiedSDK.app; sourceTree = BUILT_PRODUCTS_DIR; };
		22CFE20D2449C4DD00EB7391 /* AppDelegate.swift */ = {isa = PBXFileReference; lastKnownFileType = sourcecode.swift; path = AppDelegate.swift; sourceTree = "<group>"; };
		22CFE20F2449C4DD00EB7391 /* SceneDelegate.swift */ = {isa = PBXFileReference; lastKnownFileType = sourcecode.swift; path = SceneDelegate.swift; sourceTree = "<group>"; };
		22CFE2112449C4DD00EB7391 /* ViewController.swift */ = {isa = PBXFileReference; lastKnownFileType = sourcecode.swift; path = ViewController.swift; sourceTree = "<group>"; };
		22CFE2142449C4DD00EB7391 /* Base */ = {isa = PBXFileReference; lastKnownFileType = file.storyboard; name = Base; path = Base.lproj/Main.storyboard; sourceTree = "<group>"; };
		22CFE2162449C4DE00EB7391 /* Assets.xcassets */ = {isa = PBXFileReference; lastKnownFileType = folder.assetcatalog; path = Assets.xcassets; sourceTree = "<group>"; };
		22CFE2192449C4DE00EB7391 /* Base */ = {isa = PBXFileReference; lastKnownFileType = file.storyboard; name = Base; path = Base.lproj/LaunchScreen.storyboard; sourceTree = "<group>"; };
		22CFE21B2449C4DE00EB7391 /* Info.plist */ = {isa = PBXFileReference; lastKnownFileType = text.plist.xml; path = Info.plist; sourceTree = "<group>"; };
		22CFE2212449C6A300EB7391 /* ZendeskMessaging.swift */ = {isa = PBXFileReference; lastKnownFileType = sourcecode.swift; path = ZendeskMessaging.swift; sourceTree = "<group>"; };
		22CFE25C2449D34D00EB7391 /* README.md */ = {isa = PBXFileReference; fileEncoding = 4; lastKnownFileType = net.daringfireball.markdown; path = README.md; sourceTree = "<group>"; };
/* End PBXFileReference section */

/* Begin PBXFrameworksBuildPhase section */
		22CFE2072449C4DD00EB7391 /* Frameworks */ = {
			isa = PBXFrameworksBuildPhase;
			buildActionMask = 2147483647;
			files = (
				2257BE6825E54B4A00664840 /* ZendeskSupportSDK in Frameworks */,
				2257BE6025E54AD600664840 /* ZendeskChatSDK in Frameworks */,
			);
			runOnlyForDeploymentPostprocessing = 0;
		};
/* End PBXFrameworksBuildPhase section */

/* Begin PBXGroup section */
		22CFE2012449C4DD00EB7391 = {
			isa = PBXGroup;
			children = (
				22CFE25C2449D34D00EB7391 /* README.md */,
				22CFE20C2449C4DD00EB7391 /* UnifiedSDK */,
				22CFE20B2449C4DD00EB7391 /* Products */,
			);
			sourceTree = "<group>";
		};
		22CFE20B2449C4DD00EB7391 /* Products */ = {
			isa = PBXGroup;
			children = (
				22CFE20A2449C4DD00EB7391 /* UnifiedSDK.app */,
			);
			name = Products;
			sourceTree = "<group>";
		};
		22CFE20C2449C4DD00EB7391 /* UnifiedSDK */ = {
			isa = PBXGroup;
			children = (
				22CFE2262449C7D300EB7391 /* Resources */,
				22CFE2232449C6C500EB7391 /* Source */,
			);
			path = UnifiedSDK;
			sourceTree = "<group>";
		};
		22CFE2232449C6C500EB7391 /* Source */ = {
			isa = PBXGroup;
			children = (
				22CFE20D2449C4DD00EB7391 /* AppDelegate.swift */,
				22CFE20F2449C4DD00EB7391 /* SceneDelegate.swift */,
				22CFE2112449C4DD00EB7391 /* ViewController.swift */,
				22CFE2212449C6A300EB7391 /* ZendeskMessaging.swift */,
			);
			name = Source;
			sourceTree = "<group>";
		};
		22CFE2262449C7D300EB7391 /* Resources */ = {
			isa = PBXGroup;
			children = (
				22CFE2132449C4DD00EB7391 /* Main.storyboard */,
				22CFE2162449C4DE00EB7391 /* Assets.xcassets */,
				22CFE2182449C4DE00EB7391 /* LaunchScreen.storyboard */,
				22CFE21B2449C4DE00EB7391 /* Info.plist */,
			);
			name = Resources;
			sourceTree = "<group>";
		};
/* End PBXGroup section */

/* Begin PBXNativeTarget section */
		22CFE2092449C4DD00EB7391 /* UnifiedSDK */ = {
			isa = PBXNativeTarget;
			buildConfigurationList = 22CFE21E2449C4DE00EB7391 /* Build configuration list for PBXNativeTarget "UnifiedSDK" */;
			buildPhases = (
				22CFE2062449C4DD00EB7391 /* Sources */,
				22CFE2072449C4DD00EB7391 /* Frameworks */,
				22CFE2082449C4DD00EB7391 /* Resources */,
			);
			buildRules = (
			);
			dependencies = (
			);
			name = UnifiedSDK;
			packageProductDependencies = (
				2257BE5F25E54AD600664840 /* ZendeskChatSDK */,
				2257BE6725E54B4A00664840 /* ZendeskSupportSDK */,
			);
			productName = UnifiedSDK;
			productReference = 22CFE20A2449C4DD00EB7391 /* UnifiedSDK.app */;
			productType = "com.apple.product-type.application";
		};
/* End PBXNativeTarget section */

/* Begin PBXProject section */
		22CFE2022449C4DD00EB7391 /* Project object */ = {
			isa = PBXProject;
			attributes = {
				LastSwiftUpdateCheck = 1140;
				LastUpgradeCheck = 1220;
				ORGANIZATIONNAME = Zendesk;
				TargetAttributes = {
					22CFE2092449C4DD00EB7391 = {
						CreatedOnToolsVersion = 11.4;
					};
				};
			};
			buildConfigurationList = 22CFE2052449C4DD00EB7391 /* Build configuration list for PBXProject "UnifiedSDK" */;
			compatibilityVersion = "Xcode 9.3";
			developmentRegion = en;
			hasScannedForEncodings = 0;
			knownRegions = (
				en,
				Base,
			);
			mainGroup = 22CFE2012449C4DD00EB7391;
			packageReferences = (
				2257BE5E25E54AD600664840 /* XCRemoteSwiftPackageReference "chat_sdk_ios" */,
				2257BE6625E54B4A00664840 /* XCRemoteSwiftPackageReference "support_sdk_ios" */,
			);
			productRefGroup = 22CFE20B2449C4DD00EB7391 /* Products */;
			projectDirPath = "";
			projectRoot = "";
			targets = (
				22CFE2092449C4DD00EB7391 /* UnifiedSDK */,
			);
		};
/* End PBXProject section */

/* Begin PBXResourcesBuildPhase section */
		22CFE2082449C4DD00EB7391 /* Resources */ = {
			isa = PBXResourcesBuildPhase;
			buildActionMask = 2147483647;
			files = (
				22CFE21A2449C4DE00EB7391 /* LaunchScreen.storyboard in Resources */,
				22CFE2172449C4DE00EB7391 /* Assets.xcassets in Resources */,
				22CFE2152449C4DD00EB7391 /* Main.storyboard in Resources */,
			);
			runOnlyForDeploymentPostprocessing = 0;
		};
/* End PBXResourcesBuildPhase section */

/* Begin PBXSourcesBuildPhase section */
		22CFE2062449C4DD00EB7391 /* Sources */ = {
			isa = PBXSourcesBuildPhase;
			buildActionMask = 2147483647;
			files = (
				22CFE2122449C4DD00EB7391 /* ViewController.swift in Sources */,
				22CFE20E2449C4DD00EB7391 /* AppDelegate.swift in Sources */,
				22CFE2102449C4DD00EB7391 /* SceneDelegate.swift in Sources */,
				22CFE2222449C6A300EB7391 /* ZendeskMessaging.swift in Sources */,
			);
			runOnlyForDeploymentPostprocessing = 0;
		};
/* End PBXSourcesBuildPhase section */

/* Begin PBXVariantGroup section */
		22CFE2132449C4DD00EB7391 /* Main.storyboard */ = {
			isa = PBXVariantGroup;
			children = (
				22CFE2142449C4DD00EB7391 /* Base */,
			);
			name = Main.storyboard;
			sourceTree = "<group>";
		};
		22CFE2182449C4DE00EB7391 /* LaunchScreen.storyboard */ = {
			isa = PBXVariantGroup;
			children = (
				22CFE2192449C4DE00EB7391 /* Base */,
			);
			name = LaunchScreen.storyboard;
			sourceTree = "<group>";
		};
/* End PBXVariantGroup section */

/* Begin XCBuildConfiguration section */
		22CFE21C2449C4DE00EB7391 /* Debug */ = {
			isa = XCBuildConfiguration;
			buildSettings = {
				ALWAYS_SEARCH_USER_PATHS = NO;
				CLANG_ANALYZER_NONNULL = YES;
				CLANG_ANALYZER_NUMBER_OBJECT_CONVERSION = YES_AGGRESSIVE;
				CLANG_CXX_LANGUAGE_STANDARD = "gnu++14";
				CLANG_CXX_LIBRARY = "libc++";
				CLANG_ENABLE_MODULES = YES;
				CLANG_ENABLE_OBJC_ARC = YES;
				CLANG_ENABLE_OBJC_WEAK = YES;
				CLANG_WARN_BLOCK_CAPTURE_AUTORELEASING = YES;
				CLANG_WARN_BOOL_CONVERSION = YES;
				CLANG_WARN_COMMA = YES;
				CLANG_WARN_CONSTANT_CONVERSION = YES;
				CLANG_WARN_DEPRECATED_OBJC_IMPLEMENTATIONS = YES;
				CLANG_WARN_DIRECT_OBJC_ISA_USAGE = YES_ERROR;
				CLANG_WARN_DOCUMENTATION_COMMENTS = YES;
				CLANG_WARN_EMPTY_BODY = YES;
				CLANG_WARN_ENUM_CONVERSION = YES;
				CLANG_WARN_INFINITE_RECURSION = YES;
				CLANG_WARN_INT_CONVERSION = YES;
				CLANG_WARN_NON_LITERAL_NULL_CONVERSION = YES;
				CLANG_WARN_OBJC_IMPLICIT_RETAIN_SELF = YES;
				CLANG_WARN_OBJC_LITERAL_CONVERSION = YES;
				CLANG_WARN_OBJC_ROOT_CLASS = YES_ERROR;
				CLANG_WARN_QUOTED_INCLUDE_IN_FRAMEWORK_HEADER = YES;
				CLANG_WARN_RANGE_LOOP_ANALYSIS = YES;
				CLANG_WARN_STRICT_PROTOTYPES = YES;
				CLANG_WARN_SUSPICIOUS_MOVE = YES;
				CLANG_WARN_UNGUARDED_AVAILABILITY = YES_AGGRESSIVE;
				CLANG_WARN_UNREACHABLE_CODE = YES;
				CLANG_WARN__DUPLICATE_METHOD_MATCH = YES;
				COPY_PHASE_STRIP = NO;
				DEBUG_INFORMATION_FORMAT = dwarf;
				ENABLE_STRICT_OBJC_MSGSEND = YES;
				ENABLE_TESTABILITY = YES;
				GCC_C_LANGUAGE_STANDARD = gnu11;
				GCC_DYNAMIC_NO_PIC = NO;
				GCC_NO_COMMON_BLOCKS = YES;
				GCC_OPTIMIZATION_LEVEL = 0;
				GCC_PREPROCESSOR_DEFINITIONS = (
					"DEBUG=1",
					"$(inherited)",
				);
				GCC_WARN_64_TO_32_BIT_CONVERSION = YES;
				GCC_WARN_ABOUT_RETURN_TYPE = YES_ERROR;
				GCC_WARN_UNDECLARED_SELECTOR = YES;
				GCC_WARN_UNINITIALIZED_AUTOS = YES_AGGRESSIVE;
				GCC_WARN_UNUSED_FUNCTION = YES;
				GCC_WARN_UNUSED_VARIABLE = YES;
				IPHONEOS_DEPLOYMENT_TARGET = 13.4;
				MTL_ENABLE_DEBUG_INFO = INCLUDE_SOURCE;
				MTL_FAST_MATH = YES;
				ONLY_ACTIVE_ARCH = YES;
				SDKROOT = iphoneos;
				SWIFT_ACTIVE_COMPILATION_CONDITIONS = DEBUG;
				SWIFT_OPTIMIZATION_LEVEL = "-Onone";
			};
			name = Debug;
		};
		22CFE21D2449C4DE00EB7391 /* Release */ = {
			isa = XCBuildConfiguration;
			buildSettings = {
				ALWAYS_SEARCH_USER_PATHS = NO;
				CLANG_ANALYZER_NONNULL = YES;
				CLANG_ANALYZER_NUMBER_OBJECT_CONVERSION = YES_AGGRESSIVE;
				CLANG_CXX_LANGUAGE_STANDARD = "gnu++14";
				CLANG_CXX_LIBRARY = "libc++";
				CLANG_ENABLE_MODULES = YES;
				CLANG_ENABLE_OBJC_ARC = YES;
				CLANG_ENABLE_OBJC_WEAK = YES;
				CLANG_WARN_BLOCK_CAPTURE_AUTORELEASING = YES;
				CLANG_WARN_BOOL_CONVERSION = YES;
				CLANG_WARN_COMMA = YES;
				CLANG_WARN_CONSTANT_CONVERSION = YES;
				CLANG_WARN_DEPRECATED_OBJC_IMPLEMENTATIONS = YES;
				CLANG_WARN_DIRECT_OBJC_ISA_USAGE = YES_ERROR;
				CLANG_WARN_DOCUMENTATION_COMMENTS = YES;
				CLANG_WARN_EMPTY_BODY = YES;
				CLANG_WARN_ENUM_CONVERSION = YES;
				CLANG_WARN_INFINITE_RECURSION = YES;
				CLANG_WARN_INT_CONVERSION = YES;
				CLANG_WARN_NON_LITERAL_NULL_CONVERSION = YES;
				CLANG_WARN_OBJC_IMPLICIT_RETAIN_SELF = YES;
				CLANG_WARN_OBJC_LITERAL_CONVERSION = YES;
				CLANG_WARN_OBJC_ROOT_CLASS = YES_ERROR;
				CLANG_WARN_QUOTED_INCLUDE_IN_FRAMEWORK_HEADER = YES;
				CLANG_WARN_RANGE_LOOP_ANALYSIS = YES;
				CLANG_WARN_STRICT_PROTOTYPES = YES;
				CLANG_WARN_SUSPICIOUS_MOVE = YES;
				CLANG_WARN_UNGUARDED_AVAILABILITY = YES_AGGRESSIVE;
				CLANG_WARN_UNREACHABLE_CODE = YES;
				CLANG_WARN__DUPLICATE_METHOD_MATCH = YES;
				COPY_PHASE_STRIP = NO;
				DEBUG_INFORMATION_FORMAT = "dwarf-with-dsym";
				ENABLE_NS_ASSERTIONS = NO;
				ENABLE_STRICT_OBJC_MSGSEND = YES;
				GCC_C_LANGUAGE_STANDARD = gnu11;
				GCC_NO_COMMON_BLOCKS = YES;
				GCC_WARN_64_TO_32_BIT_CONVERSION = YES;
				GCC_WARN_ABOUT_RETURN_TYPE = YES_ERROR;
				GCC_WARN_UNDECLARED_SELECTOR = YES;
				GCC_WARN_UNINITIALIZED_AUTOS = YES_AGGRESSIVE;
				GCC_WARN_UNUSED_FUNCTION = YES;
				GCC_WARN_UNUSED_VARIABLE = YES;
				IPHONEOS_DEPLOYMENT_TARGET = 13.4;
				MTL_ENABLE_DEBUG_INFO = NO;
				MTL_FAST_MATH = YES;
				SDKROOT = iphoneos;
				SWIFT_COMPILATION_MODE = wholemodule;
				SWIFT_OPTIMIZATION_LEVEL = "-O";
				VALIDATE_PRODUCT = YES;
			};
			name = Release;
		};
		22CFE21F2449C4DE00EB7391 /* Debug */ = {
			isa = XCBuildConfiguration;
			buildSettings = {
				ASSETCATALOG_COMPILER_APPICON_NAME = AppIcon;
				CODE_SIGN_STYLE = Automatic;
				DEVELOPMENT_TEAM = 7529UAQB93;
				FRAMEWORK_SEARCH_PATHS = "$(inherited)";
				INFOPLIST_FILE = UnifiedSDK/Info.plist;
				LD_RUNPATH_SEARCH_PATHS = (
					"$(inherited)",
					"@executable_path/Frameworks",
				);
				PRODUCT_BUNDLE_IDENTIFIER = com.Zendesk.UnifiedSDK;
				PRODUCT_NAME = "$(TARGET_NAME)";
				SWIFT_VERSION = 5.0;
				TARGETED_DEVICE_FAMILY = "1,2";
			};
			name = Debug;
		};
		22CFE2202449C4DE00EB7391 /* Release */ = {
			isa = XCBuildConfiguration;
			buildSettings = {
				ASSETCATALOG_COMPILER_APPICON_NAME = AppIcon;
				CODE_SIGN_STYLE = Automatic;
				DEVELOPMENT_TEAM = 7529UAQB93;
				FRAMEWORK_SEARCH_PATHS = "$(inherited)";
				INFOPLIST_FILE = UnifiedSDK/Info.plist;
				LD_RUNPATH_SEARCH_PATHS = (
					"$(inherited)",
					"@executable_path/Frameworks",
				);
				PRODUCT_BUNDLE_IDENTIFIER = com.Zendesk.UnifiedSDK;
				PRODUCT_NAME = "$(TARGET_NAME)";
				SWIFT_VERSION = 5.0;
				TARGETED_DEVICE_FAMILY = "1,2";
			};
			name = Release;
		};
/* End XCBuildConfiguration section */

/* Begin XCConfigurationList section */
		22CFE2052449C4DD00EB7391 /* Build configuration list for PBXProject "UnifiedSDK" */ = {
			isa = XCConfigurationList;
			buildConfigurations = (
				22CFE21C2449C4DE00EB7391 /* Debug */,
				22CFE21D2449C4DE00EB7391 /* Release */,
			);
			defaultConfigurationIsVisible = 0;
			defaultConfigurationName = Release;
		};
		22CFE21E2449C4DE00EB7391 /* Build configuration list for PBXNativeTarget "UnifiedSDK" */ = {
			isa = XCConfigurationList;
			buildConfigurations = (
				22CFE21F2449C4DE00EB7391 /* Debug */,
				22CFE2202449C4DE00EB7391 /* Release */,
			);
			defaultConfigurationIsVisible = 0;
			defaultConfigurationName = Release;
		};
/* End XCConfigurationList section */

/* Begin XCRemoteSwiftPackageReference section */
		2257BE5E25E54AD600664840 /* XCRemoteSwiftPackageReference "chat_sdk_ios" */ = {
			isa = XCRemoteSwiftPackageReference;
			repositoryURL = "https://github.com/zendesk/chat_sdk_ios";
			requirement = {
				kind = upToNextMajorVersion;
				minimumVersion = 2.11.2;
			};
		};
		2257BE6625E54B4A00664840 /* XCRemoteSwiftPackageReference "support_sdk_ios" */ = {
			isa = XCRemoteSwiftPackageReference;
			repositoryURL = "https://github.com/zendesk/support_sdk_ios";
			requirement = {
				kind = upToNextMajorVersion;
				minimumVersion = 5.4.0;
			};
		};
/* End XCRemoteSwiftPackageReference section */

/* Begin XCSwiftPackageProductDependency section */
		2257BE5F25E54AD600664840 /* ZendeskChatSDK */ = {
			isa = XCSwiftPackageProductDependency;
			package = 2257BE5E25E54AD600664840 /* XCRemoteSwiftPackageReference "chat_sdk_ios" */;
			productName = ZendeskChatSDK;
		};
		2257BE6725E54B4A00664840 /* ZendeskSupportSDK */ = {
			isa = XCSwiftPackageProductDependency;
			package = 2257BE6625E54B4A00664840 /* XCRemoteSwiftPackageReference "support_sdk_ios" */;
			productName = ZendeskSupportSDK;
		};
/* End XCSwiftPackageProductDependency section */
	};
	rootObject = 22CFE2022449C4DD00EB7391 /* Project object */;
}
