PODS:
  - ZendeskAnswerBotProvidersSDK (2.0.5):
    - ZendeskSupportProvidersSDK (~> 5.0.5)
  - ZendeskAnswerBotSDK (2.0.5):
    - ZendeskAnswerBotProvidersSDK (~> 2.0.5)
    - ZendeskMessagingSDK (~> 3.6.0)
  - ZendeskCommonUISDK (5.0.0):
    - ZendeskSDKConfigurationsSDK (~> 1.1.5)
  - ZendeskCoreSDK (2.4.0)
  - ZendeskMessagingAPISDK (3.6.0):
    - ZendeskSDKConfigurationsSDK (~> 1.1.5)
  - ZendeskMessagingSDK (3.6.0):
    - ZendeskCommonUISDK (~> 5.0.0)
    - ZendeskMessagingAPISDK (~> 3.6.0)
  - ZendeskSDKConfigurationsSDK (1.1.5)
  - ZendeskSupportProvidersSDK (5.0.5):
    - ZendeskCoreSDK (~> 2.4.0)
  - ZendeskSupportSDK (5.0.5):
    - ZendeskMessagingSDK (~> 3.6.0)
    - ZendeskSupportProvidersSDK (~> 5.0.5)

DEPENDENCIES:
  - ZendeskAnswerBotSDK
  - ZendeskSupportSDK

SPEC REPOS:
  trunk:
    - ZendeskAnswerBotProvidersSDK
    - ZendeskAnswerBotSDK
    - ZendeskCommonUISDK
    - ZendeskCoreSDK
    - ZendeskMessagingAPISDK
    - ZendeskMessagingSDK
    - ZendeskSDKConfigurationsSDK
    - ZendeskSupportProvidersSDK
    - ZendeskSupportSDK

SPEC CHECKSUMS:
  ZendeskAnswerBotProvidersSDK: 294a835f26545e5da4e0e9b168cceab8aca930c6
  ZendeskAnswerBotSDK: 58889818d89e041478e2fa8266f159f4851b6ec3
  ZendeskCommonUISDK: 0b5ae632c28545c6f7e0791902f5672494d5ccd0
  ZendeskCoreSDK: 804aff5229ae9500b8057b65fe53ad869856f427
  ZendeskMessagingAPISDK: 29ce93e76b4833a2257d837de17a0efaeef867e5
  ZendeskMessagingSDK: bdb534cc75853fab1bc201ce97faadf9accdd1ab
  ZendeskSDKConfigurationsSDK: 0c610c22c9e3cafcd31591344b8cc3b4398e49b2
  ZendeskSupportProvidersSDK: d21ce8eb3df1066338c7d3875bb818b32c3f124e
  ZendeskSupportSDK: 7e29a825e862aba217b7b89f7d3397f7deef586a

PODFILE CHECKSUM: 47c7d5093250d57164172b5f0e52bbb095c8e995

COCOAPODS: 1.9.1
