PODS:
  - ZendeskAnswerBotProvidersSDK (2.0.3):
    - ZendeskSupportProvidersSDK (~> 5.0.3)
  - ZendeskAnswerBotSDK (2.0.3):
    - ZendeskAnswerBotProvidersSDK (~> 2.0.3)
    - ZendeskMessagingSDK (~> 3.4.0)
  - ZendeskCommonUISDK (4.4.0):
    - ZendeskSDKConfigurationsSDK (~> 1.1.5)
  - ZendeskCoreSDK (2.3.0)
  - ZendeskMessagingAPISDK (3.4.0):
    - ZendeskSDKConfigurationsSDK (~> 1.1.5)
  - ZendeskMessagingSDK (3.4.0):
    - ZendeskCommonUISDK (~> 4.4.0)
    - ZendeskMessagingAPISDK (~> 3.4.0)
  - ZendeskSDKConfigurationsSDK (1.1.5)
  - ZendeskSupportProvidersSDK (5.0.3):
    - ZendeskCoreSDK (~> 2.3.0)
  - ZendeskSupportSDK (5.0.3):
    - ZendeskMessagingSDK (~> 3.4.0)
    - ZendeskSupportProvidersSDK (~> 5.0.3)

DEPENDENCIES:
  - ZendeskAnswerBotSDK
  - ZendeskSupportSDK

SPEC REPOS:
  trunk:
    - ZendeskAnswerBotProvidersSDK
    - ZendeskAnswerBotSDK
    - ZendeskCommonUISDK
    - ZendeskCoreSDK
    - ZendeskMessagingAPISDK
    - ZendeskMessagingSDK
    - ZendeskSDKConfigurationsSDK
    - ZendeskSupportProvidersSDK
    - ZendeskSupportSDK

SPEC CHECKSUMS:
  ZendeskAnswerBotProvidersSDK: facf5ed7e488b6dfc58252467031a04084517f89
  ZendeskAnswerBotSDK: 28c7c06287485f545fcb43120ad436860795db0b
  ZendeskCommonUISDK: e6fa1e5f9ecb0a23038d60735875d3b04542483b
  ZendeskCoreSDK: 177a6b07027d70acf6ca24d2c4d9c1b33c42ad66
  ZendeskMessagingAPISDK: 99b3fc16a234794fa52e85fd39ed4311bb7ff72c
  ZendeskMessagingSDK: f4231f542fc14eec85e9c01281310192888cc1f7
  ZendeskSDKConfigurationsSDK: 0c610c22c9e3cafcd31591344b8cc3b4398e49b2
  ZendeskSupportProvidersSDK: 1db9151c6f8f107d7b949e0e7d7941fec3181db2
  ZendeskSupportSDK: 34d387fdd671f09e90dd78eb763fb2cb42065f86

PODFILE CHECKSUM: 47c7d5093250d57164172b5f0e52bbb095c8e995

COCOAPODS: 1.8.4
