{
  "pins" : [
    {
      "identity" : "chat_providers_sdk_ios",
      "kind" : "remoteSourceControl",
      "location" : "https://github.com/zendesk/chat_providers_sdk_ios",
      "state" : {
        "revision" : "60db4a62dd2ec0c4cbc213b869c7df199b910ab1",
        "version" : "3.0.0"
      }
    },
    {
      "identity" : "chat_sdk_ios",
      "kind" : "remoteSourceControl",
      "location" : "https://github.com/zendesk/chat_sdk_ios",
      "state" : {
        "revision" : "2ea105042b1dcbf5766426b2c0c6778779949ba1",
        "version" : "3.0.0"
      }
    },
    {
      "identity" : "commonui_sdk_ios",
      "kind" : "remoteSourceControl",
      "location" : "https://github.com/zendesk/commonui_sdk_ios",
      "state" : {
        "revision" : "d6d40302c628bde17251c24553f18b5b47551b6b",
        "version" : "7.0.0"
      }
    },
    {
      "identity" : "messaging_sdk_ios",
      "kind" : "remoteSourceControl",
      "location" : "https://github.com/zendesk/messaging_sdk_ios",
      "state" : {
        "revision" : "97678c795166b6bf8879ed51e3054ffaa033c883",
        "version" : "4.0.0"
      }
    },
    {
      "identity" : "messagingapi_sdk_ios",
      "kind" : "remoteSourceControl",
      "location" : "https://github.com/zendesk/messagingapi_sdk_ios",
      "state" : {
        "revision" : "503f60e2bfd8bca2b39eb515ef0ac3607bdc4d1d",
        "version" : "4.0.0"
      }
    },
    {
      "identity" : "sdkconfigurations_sdk_ios",
      "kind" : "remoteSourceControl",
      "location" : "https://github.com/zendesk/sdkconfigurations_sdk_ios",
      "state" : {
        "revision" : "a99da4df16e09b89ca6c4b576ca139a7d04efcf5",
        "version" : "2.0.0"
      }
    }
  ],
  "version" : 2
}
