PODS:
  - ZendeskChatProvidersSDK (2.9.0)
  - ZendeskChatSDK (2.9.0):
    - ZendeskChatProvidersSDK (~> 2.9.0)
    - ZendeskMessagingSDK (~> 3.8.0)
  - ZendeskCommonUISDK (6.0.0):
    - ZendeskSDKConfigurationsSDK (~> 1.1.6)
  - ZendeskMessagingAPISDK (3.8.0):
    - ZendeskSDKConfigurationsSDK (~> 1.1.6)
  - ZendeskMessagingSDK (3.8.0):
    - ZendeskCommonUISDK (~> 6.0.0)
    - ZendeskMessagingAPISDK (~> 3.8.0)
  - ZendeskSDKConfigurationsSDK (1.1.6)

DEPENDENCIES:
  - ZendeskChatSDK

SPEC REPOS:
  trunk:
    - ZendeskChatProvidersSDK
    - ZendeskChatSDK
    - ZendeskCommonUISDK
    - ZendeskMessagingAPISDK
    - ZendeskMessagingSDK
    - ZendeskSDKConfigurationsSDK

SPEC CHECKSUMS:
  ZendeskChatProvidersSDK: dd8cbf33c4b7209a8ee7945faa4d2cd3b609ff15
  ZendeskChatSDK: 942bad4d4d5ec0c40fbd6d2690c1cc2e8c24d879
  ZendeskCommonUISDK: f496b95e2cb728bd5729fe022f400cf1dedda00b
  ZendeskMessagingAPISDK: e315a6ad7a9b6cae9e52d946df4aa8a7727abdf5
  ZendeskMessagingSDK: 774d88bec0671d58ae51c9964d4c4f9bb4142095
  ZendeskSDKConfigurationsSDK: 2fa9413915db85c993f58ad8f7902bea0b6090a5

PODFILE CHECKSUM: 25683c8d2753568043ccd8dcfa8dce3bd2902735

COCOAPODS: 1.8.4
