PODS:
  - ZendeskChatProvidersSDK (2.8.0)
  - ZendeskChatSDK (2.8.0):
    - ZendeskChatProvidersSDK (~> 2.8.0)
    - ZendeskMessagingSDK (~> 3.7.0)
  - ZendeskCommonUISDK (5.1.0):
    - ZendeskSDKConfigurationsSDK (~> 1.1.6)
  - ZendeskMessagingAPISDK (3.7.0):
    - ZendeskSDKConfigurationsSDK (~> 1.1.6)
  - ZendeskMessagingSDK (3.7.0):
    - ZendeskCommonUISDK (~> 5.1.0)
    - ZendeskMessagingAPISDK (~> 3.7.0)
  - ZendeskSDKConfigurationsSDK (1.1.6)

DEPENDENCIES:
  - ZendeskChatSDK

SPEC REPOS:
  trunk:
    - ZendeskChatProvidersSDK
    - ZendeskChatSDK
    - ZendeskCommonUISDK
    - ZendeskMessagingAPISDK
    - ZendeskMessagingSDK
    - ZendeskSDKConfigurationsSDK

SPEC CHECKSUMS:
  ZendeskChatProvidersSDK: 69642e44186cda671bf6a93a98f0db45525bc033
  ZendeskChatSDK: 207f63e262fa52c82d326b70cc88439b7b48c6da
  ZendeskCommonUISDK: fff44133c8bf74ef6407c31c7cab56084c58dbf4
  ZendeskMessagingAPISDK: 64543aaa24e63a6eefe44d0dd6909e55edfe1cc5
  ZendeskMessagingSDK: 7b7f4818ce6420f5881d1774115cc5525b2686d2
  ZendeskSDKConfigurationsSDK: 2fa9413915db85c993f58ad8f7902bea0b6090a5

PODFILE CHECKSUM: 5e4e336fc40a6edf56ba29a1432f1954bd82bd6a

COCOAPODS: 1.8.4
