// !$*UTF8*$!
{
	archiveVersion = 1;
	classes = {
	};
	objectVersion = 46;
	objects = {

/* Begin PBXBuildFile section */
		5EB92CA81CFDA1E500918599 /* AppDelegate.swift in Sources */ = {isa = PBXBuildFile; fileRef = 5EB92CA71CFDA1E500918599 /* AppDelegate.swift */; };
		5EB92CAA1CFDA1E500918599 /* FirstViewController.swift in Sources */ = {isa = PBXBuildFile; fileRef = 5EB92CA91CFDA1E500918599 /* FirstViewController.swift */; };
		5EB92CAC1CFDA1E500918599 /* SecondViewController.swift in Sources */ = {isa = PBXBuildFile; fileRef = 5EB92CAB1CFDA1E500918599 /* SecondViewController.swift */; };
		5EB92CAF1CFDA1E500918599 /* Main.storyboard in Resources */ = {isa = PBXBuildFile; fileRef = 5EB92CAD1CFDA1E500918599 /* Main.storyboard */; };
		5EB92CB11CFDA1E500918599 /* Assets.xcassets in Resources */ = {isa = PBXBuildFile; fileRef = 5EB92CB01CFDA1E500918599 /* Assets.xcassets */; };
		5EB92CB41CFDA1E500918599 /* LaunchScreen.storyboard in Resources */ = {isa = PBXBuildFile; fileRef = 5EB92CB21CFDA1E500918599 /* LaunchScreen.storyboard */; };
		EAECCBE06FAB29EDDDA18707 /* libPods-ChatBadgeCount.a in Frameworks */ = {isa = PBXBuildFile; fileRef = 37D6D5C313EF274AE355ABEF /* libPods-ChatBadgeCount.a */; };
/* End PBXBuildFile section */

/* Begin PBXFileReference section */
		1AFC707706E31D9309D5B8B5 /* Pods-ChatBadgeCount.release.xcconfig */ = {isa = PBXFileReference; includeInIndex = 1; lastKnownFileType = text.xcconfig; name = "Pods-ChatBadgeCount.release.xcconfig"; path = "Pods/Target Support Files/Pods-ChatBadgeCount/Pods-ChatBadgeCount.release.xcconfig"; sourceTree = "<group>"; };
		26B025ED04A26EA8A3381B16 /* Pods-ChatBadgeCount.debug.xcconfig */ = {isa = PBXFileReference; includeInIndex = 1; lastKnownFileType = text.xcconfig; name = "Pods-ChatBadgeCount.debug.xcconfig"; path = "Pods/Target Support Files/Pods-ChatBadgeCount/Pods-ChatBadgeCount.debug.xcconfig"; sourceTree = "<group>"; };
		37D6D5C313EF274AE355ABEF /* libPods-ChatBadgeCount.a */ = {isa = PBXFileReference; explicitFileType = archive.ar; includeInIndex = 0; path = "libPods-ChatBadgeCount.a"; sourceTree = BUILT_PRODUCTS_DIR; };
		5EB92CA41CFDA1E500918599 /* ChatBadgeCount.app */ = {isa = PBXFileReference; explicitFileType = wrapper.application; includeInIndex = 0; path = ChatBadgeCount.app; sourceTree = BUILT_PRODUCTS_DIR; };
		5EB92CA71CFDA1E500918599 /* AppDelegate.swift */ = {isa = PBXFileReference; lastKnownFileType = sourcecode.swift; path = AppDelegate.swift; sourceTree = "<group>"; };
		5EB92CA91CFDA1E500918599 /* FirstViewController.swift */ = {isa = PBXFileReference; lastKnownFileType = sourcecode.swift; path = FirstViewController.swift; sourceTree = "<group>"; };
		5EB92CAB1CFDA1E500918599 /* SecondViewController.swift */ = {isa = PBXFileReference; lastKnownFileType = sourcecode.swift; path = SecondViewController.swift; sourceTree = "<group>"; };
		5EB92CAE1CFDA1E500918599 /* Base */ = {isa = PBXFileReference; lastKnownFileType = file.storyboard; name = Base; path = Base.lproj/Main.storyboard; sourceTree = "<group>"; };
		5EB92CB01CFDA1E500918599 /* Assets.xcassets */ = {isa = PBXFileReference; lastKnownFileType = folder.assetcatalog; path = Assets.xcassets; sourceTree = "<group>"; };
		5EB92CB31CFDA1E500918599 /* Base */ = {isa = PBXFileReference; lastKnownFileType = file.storyboard; name = Base; path = Base.lproj/LaunchScreen.storyboard; sourceTree = "<group>"; };
		5EB92CB51CFDA1E500918599 /* Info.plist */ = {isa = PBXFileReference; lastKnownFileType = text.plist.xml; path = Info.plist; sourceTree = "<group>"; };
/* End PBXFileReference section */

/* Begin PBXFrameworksBuildPhase section */
		5EB92CA11CFDA1E500918599 /* Frameworks */ = {
			isa = PBXFrameworksBuildPhase;
			buildActionMask = 2147483647;
			files = (
				EAECCBE06FAB29EDDDA18707 /* libPods-ChatBadgeCount.a in Frameworks */,
			);
			runOnlyForDeploymentPostprocessing = 0;
		};
/* End PBXFrameworksBuildPhase section */

/* Begin PBXGroup section */
		229BBE96A869BBAFFA165827 /* Pods */ = {
			isa = PBXGroup;
			children = (
				26B025ED04A26EA8A3381B16 /* Pods-ChatBadgeCount.debug.xcconfig */,
				1AFC707706E31D9309D5B8B5 /* Pods-ChatBadgeCount.release.xcconfig */,
			);
			name = Pods;
			sourceTree = "<group>";
		};
		5EB92C9B1CFDA1E400918599 = {
			isa = PBXGroup;
			children = (
				5EB92CA61CFDA1E500918599 /* ChatBadgeCount */,
				5EB92CA51CFDA1E500918599 /* Products */,
				229BBE96A869BBAFFA165827 /* Pods */,
				84FD15F80451361A32992C03 /* Frameworks */,
			);
			sourceTree = "<group>";
		};
		5EB92CA51CFDA1E500918599 /* Products */ = {
			isa = PBXGroup;
			children = (
				5EB92CA41CFDA1E500918599 /* ChatBadgeCount.app */,
			);
			name = Products;
			sourceTree = "<group>";
		};
		5EB92CA61CFDA1E500918599 /* ChatBadgeCount */ = {
			isa = PBXGroup;
			children = (
				5EB92CA71CFDA1E500918599 /* AppDelegate.swift */,
				5EB92CA91CFDA1E500918599 /* FirstViewController.swift */,
				5EB92CAB1CFDA1E500918599 /* SecondViewController.swift */,
				5EB92CAD1CFDA1E500918599 /* Main.storyboard */,
				5EB92CB01CFDA1E500918599 /* Assets.xcassets */,
				5EB92CB21CFDA1E500918599 /* LaunchScreen.storyboard */,
				5EB92CB51CFDA1E500918599 /* Info.plist */,
			);
			path = ChatBadgeCount;
			sourceTree = "<group>";
		};
		84FD15F80451361A32992C03 /* Frameworks */ = {
			isa = PBXGroup;
			children = (
				37D6D5C313EF274AE355ABEF /* libPods-ChatBadgeCount.a */,
			);
			name = Frameworks;
			sourceTree = "<group>";
		};
/* End PBXGroup section */

/* Begin PBXNativeTarget section */
		5EB92CA31CFDA1E500918599 /* ChatBadgeCount */ = {
			isa = PBXNativeTarget;
			buildConfigurationList = 5EB92CB81CFDA1E500918599 /* Build configuration list for PBXNativeTarget "ChatBadgeCount" */;
			buildPhases = (
				DB696A4CBFFA443515D3CB27 /* 📦 Check Pods Manifest.lock */,
				5EB92CA01CFDA1E500918599 /* Sources */,
				5EB92CA11CFDA1E500918599 /* Frameworks */,
				5EB92CA21CFDA1E500918599 /* Resources */,
				60A225B0FB2D3A0677B99159 /* 📦 Embed Pods Frameworks */,
				3B1C0EA4411C87F02FDDD970 /* 📦 Copy Pods Resources */,
			);
			buildRules = (
			);
			dependencies = (
			);
			name = ChatBadgeCount;
			productName = ChatBadgeCount;
			productReference = 5EB92CA41CFDA1E500918599 /* ChatBadgeCount.app */;
			productType = "com.apple.product-type.application";
		};
/* End PBXNativeTarget section */

/* Begin PBXProject section */
		5EB92C9C1CFDA1E400918599 /* Project object */ = {
			isa = PBXProject;
			attributes = {
				LastSwiftUpdateCheck = 0730;
				LastUpgradeCheck = 0730;
				ORGANIZATIONNAME = chatbadge;
				TargetAttributes = {
					5EB92CA31CFDA1E500918599 = {
						CreatedOnToolsVersion = 7.3.1;
					};
				};
			};
			buildConfigurationList = 5EB92C9F1CFDA1E400918599 /* Build configuration list for PBXProject "ChatBadgeCount" */;
			compatibilityVersion = "Xcode 3.2";
			developmentRegion = English;
			hasScannedForEncodings = 0;
			knownRegions = (
				en,
				Base,
			);
			mainGroup = 5EB92C9B1CFDA1E400918599;
			productRefGroup = 5EB92CA51CFDA1E500918599 /* Products */;
			projectDirPath = "";
			projectRoot = "";
			targets = (
				5EB92CA31CFDA1E500918599 /* ChatBadgeCount */,
			);
		};
/* End PBXProject section */

/* Begin PBXResourcesBuildPhase section */
		5EB92CA21CFDA1E500918599 /* Resources */ = {
			isa = PBXResourcesBuildPhase;
			buildActionMask = 2147483647;
			files = (
				5EB92CB41CFDA1E500918599 /* LaunchScreen.storyboard in Resources */,
				5EB92CB11CFDA1E500918599 /* Assets.xcassets in Resources */,
				5EB92CAF1CFDA1E500918599 /* Main.storyboard in Resources */,
			);
			runOnlyForDeploymentPostprocessing = 0;
		};
/* End PBXResourcesBuildPhase section */

/* Begin PBXShellScriptBuildPhase section */
		3B1C0EA4411C87F02FDDD970 /* 📦 Copy Pods Resources */ = {
			isa = PBXShellScriptBuildPhase;
			buildActionMask = 2147483647;
			files = (
			);
			inputPaths = (
			);
			name = "📦 Copy Pods Resources";
			outputPaths = (
			);
			runOnlyForDeploymentPostprocessing = 0;
			shellPath = /bin/sh;
			shellScript = "\"${SRCROOT}/Pods/Target Support Files/Pods-ChatBadgeCount/Pods-ChatBadgeCount-resources.sh\"\n";
			showEnvVarsInLog = 0;
		};
		60A225B0FB2D3A0677B99159 /* 📦 Embed Pods Frameworks */ = {
			isa = PBXShellScriptBuildPhase;
			buildActionMask = 2147483647;
			files = (
			);
			inputPaths = (
			);
			name = "📦 Embed Pods Frameworks";
			outputPaths = (
			);
			runOnlyForDeploymentPostprocessing = 0;
			shellPath = /bin/sh;
			shellScript = "\"${SRCROOT}/Pods/Target Support Files/Pods-ChatBadgeCount/Pods-ChatBadgeCount-frameworks.sh\"\n";
			showEnvVarsInLog = 0;
		};
		DB696A4CBFFA443515D3CB27 /* 📦 Check Pods Manifest.lock */ = {
			isa = PBXShellScriptBuildPhase;
			buildActionMask = 2147483647;
			files = (
			);
			inputPaths = (
			);
			name = "📦 Check Pods Manifest.lock";
			outputPaths = (
			);
			runOnlyForDeploymentPostprocessing = 0;
			shellPath = /bin/sh;
			shellScript = "diff \"${PODS_ROOT}/../Podfile.lock\" \"${PODS_ROOT}/Manifest.lock\" > /dev/null\nif [[ $? != 0 ]] ; then\n    cat << EOM\nerror: The sandbox is not in sync with the Podfile.lock. Run 'pod install' or update your CocoaPods installation.\nEOM\n    exit 1\nfi\n";
			showEnvVarsInLog = 0;
		};
/* End PBXShellScriptBuildPhase section */

/* Begin PBXSourcesBuildPhase section */
		5EB92CA01CFDA1E500918599 /* Sources */ = {
			isa = PBXSourcesBuildPhase;
			buildActionMask = 2147483647;
			files = (
				5EB92CAC1CFDA1E500918599 /* SecondViewController.swift in Sources */,
				5EB92CA81CFDA1E500918599 /* AppDelegate.swift in Sources */,
				5EB92CAA1CFDA1E500918599 /* FirstViewController.swift in Sources */,
			);
			runOnlyForDeploymentPostprocessing = 0;
		};
/* End PBXSourcesBuildPhase section */

/* Begin PBXVariantGroup section */
		5EB92CAD1CFDA1E500918599 /* Main.storyboard */ = {
			isa = PBXVariantGroup;
			children = (
				5EB92CAE1CFDA1E500918599 /* Base */,
			);
			name = Main.storyboard;
			sourceTree = "<group>";
		};
		5EB92CB21CFDA1E500918599 /* LaunchScreen.storyboard */ = {
			isa = PBXVariantGroup;
			children = (
				5EB92CB31CFDA1E500918599 /* Base */,
			);
			name = LaunchScreen.storyboard;
			sourceTree = "<group>";
		};
/* End PBXVariantGroup section */

/* Begin XCBuildConfiguration section */
		5EB92CB61CFDA1E500918599 /* Debug */ = {
			isa = XCBuildConfiguration;
			buildSettings = {
				ALWAYS_SEARCH_USER_PATHS = NO;
				CLANG_ANALYZER_NONNULL = YES;
				CLANG_CXX_LANGUAGE_STANDARD = "gnu++0x";
				CLANG_CXX_LIBRARY = "libc++";
				CLANG_ENABLE_MODULES = YES;
				CLANG_ENABLE_OBJC_ARC = YES;
				CLANG_WARN_BOOL_CONVERSION = YES;
				CLANG_WARN_CONSTANT_CONVERSION = YES;
				CLANG_WARN_DIRECT_OBJC_ISA_USAGE = YES_ERROR;
				CLANG_WARN_EMPTY_BODY = YES;
				CLANG_WARN_ENUM_CONVERSION = YES;
				CLANG_WARN_INT_CONVERSION = YES;
				CLANG_WARN_OBJC_ROOT_CLASS = YES_ERROR;
				CLANG_WARN_UNREACHABLE_CODE = YES;
				CLANG_WARN__DUPLICATE_METHOD_MATCH = YES;
				"CODE_SIGN_IDENTITY[sdk=iphoneos*]" = "iPhone Developer";
				COPY_PHASE_STRIP = NO;
				DEBUG_INFORMATION_FORMAT = dwarf;
				ENABLE_STRICT_OBJC_MSGSEND = YES;
				ENABLE_TESTABILITY = YES;
				GCC_C_LANGUAGE_STANDARD = gnu99;
				GCC_DYNAMIC_NO_PIC = NO;
				GCC_NO_COMMON_BLOCKS = YES;
				GCC_OPTIMIZATION_LEVEL = 0;
				GCC_PREPROCESSOR_DEFINITIONS = (
					"DEBUG=1",
					"$(inherited)",
				);
				GCC_WARN_64_TO_32_BIT_CONVERSION = YES;
				GCC_WARN_ABOUT_RETURN_TYPE = YES_ERROR;
				GCC_WARN_UNDECLARED_SELECTOR = YES;
				GCC_WARN_UNINITIALIZED_AUTOS = YES_AGGRESSIVE;
				GCC_WARN_UNUSED_FUNCTION = YES;
				GCC_WARN_UNUSED_VARIABLE = YES;
				IPHONEOS_DEPLOYMENT_TARGET = 9.3;
				MTL_ENABLE_DEBUG_INFO = YES;
				ONLY_ACTIVE_ARCH = YES;
				SDKROOT = iphoneos;
				SWIFT_OPTIMIZATION_LEVEL = "-Onone";
				TARGETED_DEVICE_FAMILY = "1,2";
			};
			name = Debug;
		};
		5EB92CB71CFDA1E500918599 /* Release */ = {
			isa = XCBuildConfiguration;
			buildSettings = {
				ALWAYS_SEARCH_USER_PATHS = NO;
				CLANG_ANALYZER_NONNULL = YES;
				CLANG_CXX_LANGUAGE_STANDARD = "gnu++0x";
				CLANG_CXX_LIBRARY = "libc++";
				CLANG_ENABLE_MODULES = YES;
				CLANG_ENABLE_OBJC_ARC = YES;
				CLANG_WARN_BOOL_CONVERSION = YES;
				CLANG_WARN_CONSTANT_CONVERSION = YES;
				CLANG_WARN_DIRECT_OBJC_ISA_USAGE = YES_ERROR;
				CLANG_WARN_EMPTY_BODY = YES;
				CLANG_WARN_ENUM_CONVERSION = YES;
				CLANG_WARN_INT_CONVERSION = YES;
				CLANG_WARN_OBJC_ROOT_CLASS = YES_ERROR;
				CLANG_WARN_UNREACHABLE_CODE = YES;
				CLANG_WARN__DUPLICATE_METHOD_MATCH = YES;
				"CODE_SIGN_IDENTITY[sdk=iphoneos*]" = "iPhone Developer";
				COPY_PHASE_STRIP = NO;
				DEBUG_INFORMATION_FORMAT = "dwarf-with-dsym";
				ENABLE_NS_ASSERTIONS = NO;
				ENABLE_STRICT_OBJC_MSGSEND = YES;
				GCC_C_LANGUAGE_STANDARD = gnu99;
				GCC_NO_COMMON_BLOCKS = YES;
				GCC_WARN_64_TO_32_BIT_CONVERSION = YES;
				GCC_WARN_ABOUT_RETURN_TYPE = YES_ERROR;
				GCC_WARN_UNDECLARED_SELECTOR = YES;
				GCC_WARN_UNINITIALIZED_AUTOS = YES_AGGRESSIVE;
				GCC_WARN_UNUSED_FUNCTION = YES;
				GCC_WARN_UNUSED_VARIABLE = YES;
				IPHONEOS_DEPLOYMENT_TARGET = 9.3;
				MTL_ENABLE_DEBUG_INFO = NO;
				SDKROOT = iphoneos;
				TARGETED_DEVICE_FAMILY = "1,2";
				VALIDATE_PRODUCT = YES;
			};
			name = Release;
		};
		5EB92CB91CFDA1E500918599 /* Debug */ = {
			isa = XCBuildConfiguration;
			baseConfigurationReference = 26B025ED04A26EA8A3381B16 /* Pods-ChatBadgeCount.debug.xcconfig */;
			buildSettings = {
				ASSETCATALOG_COMPILER_APPICON_NAME = AppIcon;
				INFOPLIST_FILE = ChatBadgeCount/Info.plist;
				LD_RUNPATH_SEARCH_PATHS = "$(inherited) @executable_path/Frameworks";
				PRODUCT_BUNDLE_IDENTIFIER = com.zendesk.ChatBadgeCount;
				PRODUCT_NAME = "$(TARGET_NAME)";
			};
			name = Debug;
		};
		5EB92CBA1CFDA1E500918599 /* Release */ = {
			isa = XCBuildConfiguration;
			baseConfigurationReference = 1AFC707706E31D9309D5B8B5 /* Pods-ChatBadgeCount.release.xcconfig */;
			buildSettings = {
				ASSETCATALOG_COMPILER_APPICON_NAME = AppIcon;
				INFOPLIST_FILE = ChatBadgeCount/Info.plist;
				LD_RUNPATH_SEARCH_PATHS = "$(inherited) @executable_path/Frameworks";
				PRODUCT_BUNDLE_IDENTIFIER = com.zendesk.ChatBadgeCount;
				PRODUCT_NAME = "$(TARGET_NAME)";
			};
			name = Release;
		};
/* End XCBuildConfiguration section */

/* Begin XCConfigurationList section */
		5EB92C9F1CFDA1E400918599 /* Build configuration list for PBXProject "ChatBadgeCount" */ = {
			isa = XCConfigurationList;
			buildConfigurations = (
				5EB92CB61CFDA1E500918599 /* Debug */,
				5EB92CB71CFDA1E500918599 /* Release */,
			);
			defaultConfigurationIsVisible = 0;
			defaultConfigurationName = Release;
		};
		5EB92CB81CFDA1E500918599 /* Build configuration list for PBXNativeTarget "ChatBadgeCount" */ = {
			isa = XCConfigurationList;
			buildConfigurations = (
				5EB92CB91CFDA1E500918599 /* Debug */,
				5EB92CBA1CFDA1E500918599 /* Release */,
			);
			defaultConfigurationIsVisible = 0;
			defaultConfigurationName = Release;
		};
/* End XCConfigurationList section */
	};
	rootObject = 5EB92C9C1CFDA1E400918599 /* Project object */;
}
